<?xml version="1.0" encoding="utf-8"?>
<Project ToolsVersion="4.0" xmlns="http://schemas.microsoft.com/developer/msbuild/2003">
  <ItemGroup>
    <Filter Include="Source Files">
      <UniqueIdentifier>{4FC737F1-C7A5-4376-A066-2A32D752A2FF}</UniqueIdentifier>
      <Extensions>cpp;c;cc;cxx;def;odl;idl;hpj;bat;asm;asmx</Extensions>
    </Filter>
    <Filter Include="Header Files">
      <UniqueIdentifier>{93995380-89BD-4b04-88EB-625FBE52EBFB}</UniqueIdentifier>
      <Extensions>h;hh;hpp;hxx;hm;inl;inc;ipp;xsd</Extensions>
    </Filter>
    <Filter Include="Resource Files">
      <UniqueIdentifier>{67DA6AB6-F800-4c08-8B7A-83BB121AAD01}</UniqueIdentifier>
      <Extensions>rc;ico;cur;bmp;dlg;rc2;rct;bin;rgs;gif;jpg;jpeg;jpe;resx;tiff;tif;png;wav;mfcribbon-ms</Extensions>
    </Filter>
    <Filter Include="Make Files">
      <UniqueIdentifier>{2cf5afb4-bc9f-4842-b752-967dbb6665e6}</UniqueIdentifier>
    </Filter>
    <Filter Include="Source Files\msc">
      <UniqueIdentifier>{a1b7d82c-9ac9-4986-b5e0-1a3d18eb574f}</UniqueIdentifier>
    </Filter>
  </ItemGroup>
  <ItemGroup>
    <ClCompile Include="..\version.cpp">
      <Filter>Source Files</Filter>
    </ClCompile>
    <ClCompile Include="..\bmpmenu.cpp">
      <Filter>Source Files</Filter>
    </ClCompile>
    <ClCompile Include="..\browse.cpp">
      <Filter>Source Files</Filter>
    </ClCompile>
    <ClCompile Include="..\busy.cpp">
      <Filter>Source Files</Filter>
    </ClCompile>
    <ClCompile Include="..\butappdlg.cpp">
      <Filter>Source Files</Filter>
    </ClCompile>
    <ClCompile Include="..\calcedit.cpp">
      <Filter>Source Files</Filter>
    </ClCompile>
    <ClCompile Include="..\caledit.cpp">
      <Filter>Source Files</Filter>
    </ClCompile>
    <ClCompile Include="..\colorhls.cpp">
      <Filter>Source Files</Filter>
    </ClCompile>
    <ClCompile Include="..\colpick.cpp">
      <Filter>Source Files</Filter>
    </ClCompile>
    <ClCompile Include="..\comboexp.cpp">
      <Filter>Source Files</Filter>
    </ClCompile>
    <ClCompile Include="..\ctxhelpm.cpp">
      <Filter>Source Files</Filter>
    </ClCompile>
    <ClCompile Include="..\dirdialg.cpp">
      <Filter>Source Files</Filter>
    </ClCompile>
    <ClCompile Include="..\dlgtoolb.cpp">
      <Filter>Source Files</Filter>
    </ClCompile>
    <ClCompile Include="..\dockingex.cpp">
      <Filter>Source Files</Filter>
    </ClCompile>
    <ClCompile Include="..\editlist.cpp">
      <Filter>Source Files</Filter>
    </ClCompile>
    <ClCompile Include="..\enumwnd.cpp">
      <Filter>Source Files</Filter>
    </ClCompile>
    <ClCompile Include="..\gadgctrl.cpp">
      <Filter>Source Files</Filter>
    </ClCompile>
    <ClCompile Include="..\gadgdesc.cpp">
      <Filter>Source Files</Filter>
    </ClCompile>
    <ClCompile Include="..\gadgetex.cpp">
      <Filter>Source Files</Filter>
    </ClCompile>
    <ClCompile Include="..\gaugegad.cpp">
      <Filter>Source Files</Filter>
    </ClCompile>
    <ClCompile Include="..\harborex.cpp">
      <Filter>Source Files</Filter>
    </ClCompile>
    <ClCompile Include="..\hlinkctl.cpp">
      <Filter>Source Files</Filter>
    </ClCompile>
    <ClCompile Include="..\keyhook.cpp">
      <Filter>Source Files</Filter>
    </ClCompile>
    <ClCompile Include="..\menubtn.cpp">
      <Filter>Source Files</Filter>
    </ClCompile>
    <ClCompile Include="..\mousehk.cpp">
      <Filter>Source Files</Filter>
    </ClCompile>
    <ClCompile Include="..\msghook.cpp">
      <Filter>Source Files</Filter>
    </ClCompile>
    <ClCompile Include="..\multiwin.cpp">
      <Filter>Source Files</Filter>
    </ClCompile>
    <ClCompile Include="..\notebook.cpp">
      <Filter>Source Files</Filter>
    </ClCompile>
    <ClCompile Include="..\owlext.cpp">
      <Filter>Source Files</Filter>
    </ClCompile>
    <ClCompile Include="..\pickedit.cpp">
      <Filter>Source Files</Filter>
    </ClCompile>
    <ClCompile Include="..\pictdeco.cpp">
      <Filter>Source Files</Filter>
    </ClCompile>
    <ClCompile Include="..\pictdlg.cpp">
      <Filter>Source Files</Filter>
    </ClCompile>
    <ClCompile Include="..\popedit.cpp">
      <Filter>Source Files</Filter>
    </ClCompile>
    <ClCompile Include="..\progress.cpp">
      <Filter>Source Files</Filter>
    </ClCompile>
    <ClCompile Include="..\simplapp.cpp">
      <Filter>Source Files</Filter>
    </ClCompile>
    <ClCompile Include="..\staticbm.cpp">
      <Filter>Source Files</Filter>
    </ClCompile>
    <ClCompile Include="..\tabwin.cpp">
      <Filter>Source Files</Filter>
    </ClCompile>
    <ClCompile Include="..\thredprg.cpp">
      <Filter>Source Files</Filter>
    </ClCompile>
    <ClCompile Include="..\timer.cpp">
      <Filter>Source Files</Filter>
    </ClCompile>
    <ClCompile Include="..\tipdialg.cpp">
      <Filter>Source Files</Filter>
    </ClCompile>
    <ClCompile Include="..\toolcustdlg.cpp">
      <Filter>Source Files</Filter>
    </ClCompile>
    <ClCompile Include="..\urllink.cpp">
      <Filter>Source Files</Filter>
    </ClCompile>
    <ClCompile Include="..\validate.cpp">
      <Filter>Source Files</Filter>
    </ClCompile>
    <ClCompile Include="..\msc\owlextpch.cpp">
      <Filter>Source Files\msc</Filter>
    </ClCompile>
  </ItemGroup>
  <ItemGroup>
    <None Include="..\vc.mak">
      <Filter>Make Files</Filter>
    </None>
    <None Include="..\README.HTM" />
    <None Include="..\tipfile.tip">
      <Filter>Resource Files</Filter>
    </None>
    <None Include="..\..\..\include\owlext\calcedit.rh">
      <Filter>Header Files</Filter>
    </None>
    <None Include="..\..\..\include\owlext\caledit.rh">
      <Filter>Header Files</Filter>
    </None>
    <None Include="..\..\..\include\owlext\colpick.rh">
      <Filter>Header Files</Filter>
    </None>
    <None Include="..\..\..\include\owlext\ctxhelpm.rh">
      <Filter>Header Files</Filter>
    </None>
    <None Include="..\..\..\include\owlext\dirdialg.rh">
      <Filter>Header Files</Filter>
    </None>
    <None Include="..\..\..\include\owlext\dockingex.rh">
      <Filter>Header Files</Filter>
    </None>
    <None Include="..\..\..\include\owlext\hlinkctl.rh">
      <Filter>Header Files</Filter>
    </None>
    <None Include="..\..\..\include\owlext\menubtn.rh">
      <Filter>Header Files</Filter>
    </None>
    <None Include="..\..\..\include\owlext\pickedit.rh">
      <Filter>Header Files</Filter>
    </None>
    <None Include="..\..\..\include\owlext\progress.rh">
      <Filter>Header Files</Filter>
    </None>
    <None Include="..\..\..\include\owlext\tipdialg.rh">
      <Filter>Header Files</Filter>
    </None>
    <None Include="..\..\..\include\owlext\urllink.rh">
      <Filter>Header Files</Filter>
    </None>
    <None Include="..\..\..\include\owlext\res\hlink.cur">
      <Filter>Resource Files</Filter>
    </None>
    <None Include="..\..\..\include\owlext\res\copy.cur">
      <Filter>Resource Files</Filter>
    </None>
    <None Include="..\..\..\include\owlext\res\cutpast.cur">
      <Filter>Resource Files</Filter>
    </None>
    <None Include="..\..\..\include\owlext\res\delete.cur">
      <Filter>Resource Files</Filter>
    </None>
    <None Include="..\..\..\include\owlext\res\hand.cur">
      <Filter>Resource Files</Filter>
    </None>
    <None Include="..\CB\owlext.cbproj">
      <Filter>Make Files</Filter>
    </None>
  </ItemGroup>
  <ItemGroup>
    <ResourceCompile Include="..\owlext.rc">
      <Filter>Resource Files</Filter>
    </ResourceCompile>
    <ResourceCompile Include="..\version.rc">
      <Filter>Resource Files</Filter>
    </ResourceCompile>
    <ResourceCompile Include="..\..\..\include\owlext\calcedit.rc">
      <Filter>Resource Files</Filter>
    </ResourceCompile>
    <ResourceCompile Include="..\..\..\include\owlext\caledit.rc">
      <Filter>Resource Files</Filter>
    </ResourceCompile>
    <ResourceCompile Include="..\..\..\include\owlext\colpick.rc">
      <Filter>Resource Files</Filter>
    </ResourceCompile>
    <ResourceCompile Include="..\..\..\include\owlext\ctxhelpm.rc">
      <Filter>Resource Files</Filter>
    </ResourceCompile>
    <ResourceCompile Include="..\..\..\include\owlext\dirdialg.rc">
      <Filter>Resource Files</Filter>
    </ResourceCompile>
    <ResourceCompile Include="..\..\..\include\owlext\dockingex.rc">
      <Filter>Resource Files</Filter>
    </ResourceCompile>
    <ResourceCompile Include="..\..\..\include\owlext\hlinkctl.rc">
      <Filter>Resource Files</Filter>
    </ResourceCompile>
    <ResourceCompile Include="..\..\..\include\owlext\menubtn.rc">
      <Filter>Resource Files</Filter>
    </ResourceCompile>
    <ResourceCompile Include="..\..\..\include\owlext\pickedit.rc">
      <Filter>Resource Files</Filter>
    </ResourceCompile>
    <ResourceCompile Include="..\..\..\include\owlext\progress.rc">
      <Filter>Resource Files</Filter>
    </ResourceCompile>
    <ResourceCompile Include="..\..\..\include\owlext\tipdialg.rc">
      <Filter>Resource Files</Filter>
    </ResourceCompile>
    <ResourceCompile Include="..\..\..\include\owlext\urllink.rc">
      <Filter>Resource Files</Filter>
    </ResourceCompile>
  </ItemGroup>
  <ItemGroup>
    <ClInclude Include="..\..\..\include\owlext\version.h">
      <Filter>Header Files</Filter>
    </ClInclude>
    <ClInclude Include="..\..\..\include\owlext\all.h">
      <Filter>Header Files</Filter>
    </ClInclude>
    <ClInclude Include="..\..\..\include\owlext\bmpmenu.h">
      <Filter>Header Files</Filter>
    </ClInclude>
    <ClInclude Include="..\..\..\include\owlext\browse.h">
      <Filter>Header Files</Filter>
    </ClInclude>
    <ClInclude Include="..\..\..\include\owlext\busy.h">
      <Filter>Header Files</Filter>
    </ClInclude>
    <ClInclude Include="..\..\..\include\owlext\butappdlg.h">
      <Filter>Header Files</Filter>
    </ClInclude>
    <ClInclude Include="..\..\..\include\owlext\calcedit.h">
      <Filter>Header Files</Filter>
    </ClInclude>
    <ClInclude Include="..\..\..\include\owlext\caledit.h">
      <Filter>Header Files</Filter>
    </ClInclude>
    <ClInclude Include="..\..\..\include\owlext\colorhls.h">
      <Filter>Header Files</Filter>
    </ClInclude>
    <ClInclude Include="..\..\..\include\owlext\colpick.h">
      <Filter>Header Files</Filter>
    </ClInclude>
    <ClInclude Include="..\..\..\include\owlext\comboexp.h">
      <Filter>Header Files</Filter>
    </ClInclude>
    <ClInclude Include="..\..\..\include\owlext\core.h">
      <Filter>Header Files</Filter>
    </ClInclude>
    <ClInclude Include="..\..\..\include\owlext\ctxhelpm.h">
      <Filter>Header Files</Filter>
    </ClInclude>
    <ClInclude Include="..\..\..\include\owlext\debugex.h">
      <Filter>Header Files</Filter>
    </ClInclude>
    <ClInclude Include="..\..\..\include\owlext\defs.h">
      <Filter>Header Files</Filter>
    </ClInclude>
    <ClInclude Include="..\..\..\include\owlext\dirdialg.h">
      <Filter>Header Files</Filter>
    </ClInclude>
    <ClInclude Include="..\..\..\include\owlext\dlgapp.h">
      <Filter>Header Files</Filter>
    </ClInclude>
    <ClInclude Include="..\..\..\include\owlext\dlgtoolb.h">
      <Filter>Header Files</Filter>
    </ClInclude>
    <ClInclude Include="..\..\..\include\owlext\dockingex.h">
      <Filter>Header Files</Filter>
    </ClInclude>
    <ClInclude Include="..\..\..\include\owlext\editlist.h">
      <Filter>Header Files</Filter>
    </ClInclude>
    <ClInclude Include="..\..\..\include\owlext\enumwnd.h">
      <Filter>Header Files</Filter>
    </ClInclude>
    <ClInclude Include="..\..\..\include\owlext\gadgctrl.h">
      <Filter>Header Files</Filter>
    </ClInclude>
    <ClInclude Include="..\..\..\include\owlext\gadgdesc.h">
      <Filter>Header Files</Filter>
    </ClInclude>
    <ClInclude Include="..\..\..\include\owlext\gadgetex.h">
      <Filter>Header Files</Filter>
    </ClInclude>
    <ClInclude Include="..\..\..\include\owlext\gaugegad.h">
      <Filter>Header Files</Filter>
    </ClInclude>
    <ClInclude Include="..\..\..\include\owlext\harborex.h">
      <Filter>Header Files</Filter>
    </ClInclude>
    <ClInclude Include="..\..\..\include\owlext\hlinkctl.h">
      <Filter>Header Files</Filter>
    </ClInclude>
    <ClInclude Include="..\..\..\include\owlext\keyhook.h">
      <Filter>Header Files</Filter>
    </ClInclude>
    <ClInclude Include="..\..\..\include\owlext\menubtn.h">
      <Filter>Header Files</Filter>
    </ClInclude>
    <ClInclude Include="..\..\..\include\owlext\mousehk.h">
      <Filter>Header Files</Filter>
    </ClInclude>
    <ClInclude Include="..\..\..\include\owlext\msghook.h">
      <Filter>Header Files</Filter>
    </ClInclude>
    <ClInclude Include="..\..\..\include\owlext\multiwin.h">
      <Filter>Header Files</Filter>
    </ClInclude>
    <ClInclude Include="..\..\..\include\owlext\notebook.h">
      <Filter>Header Files</Filter>
    </ClInclude>
    <ClInclude Include="..\..\..\include\owlext\owlext.h">
      <Filter>Header Files</Filter>
    </ClInclude>
    <ClInclude Include="..\..\..\include\owlext\owlxlink.h">
      <Filter>Header Files</Filter>
    </ClInclude>
    <ClInclude Include="..\..\..\include\owlext\pch.h">
      <Filter>Header Files</Filter>
    </ClInclude>
    <ClInclude Include="..\..\..\include\owlext\pickedit.h">
      <Filter>Header Files</Filter>
    </ClInclude>
    <ClInclude Include="..\..\..\include\owlext\pictdeco.h">
      <Filter>Header Files</Filter>
    </ClInclude>
    <ClInclude Include="..\..\..\include\owlext\pictdlg.h">
      <Filter>Header Files</Filter>
    </ClInclude>
    <ClInclude Include="..\..\..\include\owlext\popedit.h">
      <Filter>Header Files</Filter>
    </ClInclude>
    <ClInclude Include="..\..\..\include\owlext\progress.h">
      <Filter>Header Files</Filter>
    </ClInclude>
    <ClInclude Include="..\..\..\include\owlext\property.h">
      <Filter>Header Files</Filter>
    </ClInclude>
    <ClInclude Include="..\..\..\include\owlext\rcptr.h">
      <Filter>Header Files</Filter>
    </ClInclude>
    <ClInclude Include="..\..\..\include\owlext\simplapp.h">
      <Filter>Header Files</Filter>
    </ClInclude>
    <ClInclude Include="..\..\..\include\owlext\singletn.h">
      <Filter>Header Files</Filter>
    </ClInclude>
    <ClInclude Include="..\..\..\include\owlext\staticbm.h">
      <Filter>Header Files</Filter>
    </ClInclude>
    <ClInclude Include="..\..\..\include\owlext\tabwin.h">
      <Filter>Header Files</Filter>
    </ClInclude>
    <ClInclude Include="..\..\..\include\owlext\thredprg.h">
      <Filter>Header Files</Filter>
    </ClInclude>
    <ClInclude Include="..\..\..\include\owlext\timer.h">
      <Filter>Header Files</Filter>
    </ClInclude>
    <ClInclude Include="..\..\..\include\owlext\tipdialg.h">
      <Filter>Header Files</Filter>
    </ClInclude>
    <ClInclude Include="..\..\..\include\owlext\toolcustdlg.h">
      <Filter>Header Files</Filter>
    </ClInclude>
    <ClInclude Include="..\..\..\include\owlext\urllink.h">
      <Filter>Header Files</Filter>
    </ClInclude>
    <ClInclude Include="..\..\..\include\owlext\util.h">
      <Filter>Header Files</Filter>
    </ClInclude>
    <ClInclude Include="..\..\..\include\owlext\validate.h">
      <Filter>Header Files</Filter>
    </ClInclude>
  </ItemGroup>
  <ItemGroup>
    <Image Include="..\..\..\include\owlext\res\hlnkurl.ico">
      <Filter>Resource Files</Filter>
    </Image>
    <Image Include="..\..\..\include\owlext\res\hlpcont.bmp">
      <Filter>Resource Files</Filter>
    </Image>
    <Image Include="..\..\..\include\owlext\res\litebulb.bmp">
      <Filter>Resource Files</Filter>
    </Image>
    <Image Include="..\..\..\include\owlext\res\popupd.bmp">
      <Filter>Resource Files</Filter>
    </Image>
    <Image Include="..\..\..\include\owlext\res\popupr.bmp">
      <Filter>Resource Files</Filter>
    </Image>
    <Image Include="..\..\..\include\owlext\res\calbtn.bmp">
      <Filter>Resource Files</Filter>
    </Image>
    <Image Include="..\..\..\include\owlext\res\calcbtn.bmp">
      <Filter>Resource Files</Filter>
    </Image>
    <Image Include="..\..\..\include\owlext\res\calpnbtn.bmp">
      <Filter>Resource Files</Filter>
    </Image>
    <Image Include="..\..\..\include\owlext\res\dirimage.bmp">
      <Filter>Resource Files</Filter>
    </Image>
    <Image Include="..\..\..\include\owlext\res\downarro.bmp">
      <Filter>Resource Files</Filter>
    </Image>
    <Image Include="..\..\..\include\owlext\res\help.bmp">
      <Filter>Resource Files</Filter>
    </Image>
  </ItemGroup>
</Project>