
Microsoft Visual Studio Solution File, Format Version 12.00
# Visual Studio 2013
VisualStudioVersion = 12.0.40629.0
MinimumVisualStudioVersion = 10.0.40219.1
Project("{8BC9CEB8-8B4A-11D0-8D11-00A0C91BC942}") = "blakserv", "blakserv\blakserv.vcxproj", "{FA63A56D-3C89-447C-9409-676477E93AE9}"
EndProject
Project("{8BC9CEB8-8B4A-11D0-8D11-00A0C91BC942}") = "clientd3d", "clientd3d\clientd3d.vcxproj", "{4E237A90-C6F7-4C12-9E2E-4B852E859E70}"
	ProjectSection(ProjectDependencies) = postProject
		{7DB10B50-CE00-4D7A-B322-6824F05D2FCB} = {7DB10B50-CE00-4D7A-B322-6824F05D2FCB}
		{946D268A-F73B-4387-ACD4-BF6D21BC076D} = {946D268A-F73B-4387-ACD4-BF6D21BC076D}
		{CD5804A4-972E-4E67-A461-427A9725786F} = {CD5804A4-972E-4E67-A461-427A9725786F}
		{7C9D32F1-A537-4738-8F8C-CBF00E2E0610} = {7C9D32F1-A537-4738-8F8C-CBF00E2E0610}
		{E2C146F9-F840-4C21-9CA9-E1DD9649AB7A} = {E2C146F9-F840-4C21-9CA9-E1DD9649AB7A}
	EndProjectSection
EndProject
Project("{8BC9CEB8-8B4A-11D0-8D11-00A0C91BC942}") = "maketrig", "clientd3d\maketrig.vcxproj", "{CD5804A4-972E-4E67-A461-427A9725786F}"
EndProject
Project("{8BC9CEB8-8B4A-11D0-8D11-00A0C91BC942}") = "makepal", "clientd3d\makepal.vcxproj", "{946D268A-F73B-4387-ACD4-BF6D21BC076D}"
EndProject
Project("{8BC9CEB8-8B4A-11D0-8D11-00A0C91BC942}") = "intro", "module\intro\intro.vcxproj", "{78665003-7B87-403E-89A4-9B5F95FA01BF}"
	ProjectSection(ProjectDependencies) = postProject
		{4E237A90-C6F7-4C12-9E2E-4B852E859E70} = {4E237A90-C6F7-4C12-9E2E-4B852E859E70}
	EndProjectSection
EndProject
Project("{8BC9CEB8-8B4A-11D0-8D11-00A0C91BC942}") = "merintr", "module\merintr\merintr.vcxproj", "{932BC11A-53D3-4A49-8D8F-196AE329B972}"
	ProjectSection(ProjectDependencies) = postProject
		{4E237A90-C6F7-4C12-9E2E-4B852E859E70} = {4E237A90-C6F7-4C12-9E2E-4B852E859E70}
	EndProjectSection
EndProject
Project("{8BC9CEB8-8B4A-11D0-8D11-00A0C91BC942}") = "mailnews", "module\mailnews\mailnews.vcxproj", "{BFFAB19A-0D34-4BF6-8BC6-A81D22274899}"
	ProjectSection(ProjectDependencies) = postProject
		{4E237A90-C6F7-4C12-9E2E-4B852E859E70} = {4E237A90-C6F7-4C12-9E2E-4B852E859E70}
	EndProjectSection
EndProject
Project("{2150E333-8FDC-42A3-9474-1A3956D46DE8}") = "Modules", "Modules", "{6AC523C8-83A7-4295-B450-11CDB9CD8E68}"
EndProject
Project("{8BC9CEB8-8B4A-11D0-8D11-00A0C91BC942}") = "admin", "module\admin\admin.vcxproj", "{CFF6DD69-F2DC-40DA-9FA1-3F240AB9792D}"
	ProjectSection(ProjectDependencies) = postProject
		{4E237A90-C6F7-4C12-9E2E-4B852E859E70} = {4E237A90-C6F7-4C12-9E2E-4B852E859E70}
	EndProjectSection
EndProject
Project("{8BC9CEB8-8B4A-11D0-8D11-00A0C91BC942}") = "char", "module\char\char.vcxproj", "{1BEB02A4-506E-4CF0-B7CD-4746F991C3A8}"
	ProjectSection(ProjectDependencies) = postProject
		{4E237A90-C6F7-4C12-9E2E-4B852E859E70} = {4E237A90-C6F7-4C12-9E2E-4B852E859E70}
	EndProjectSection
EndProject
Project("{8BC9CEB8-8B4A-11D0-8D11-00A0C91BC942}") = "chess", "module\chess\chess.vcxproj", "{FC59B20A-6A53-4F04-ACC7-15C9925D8315}"
	ProjectSection(ProjectDependencies) = postProject
		{4E237A90-C6F7-4C12-9E2E-4B852E859E70} = {4E237A90-C6F7-4C12-9E2E-4B852E859E70}
	EndProjectSection
EndProject
Project("{8BC9CEB8-8B4A-11D0-8D11-00A0C91BC942}") = "dm", "module\dm\dm.vcxproj", "{5225EE8E-8D8B-4EDC-9EA8-BB52DA2992A1}"
	ProjectSection(ProjectDependencies) = postProject
		{4E237A90-C6F7-4C12-9E2E-4B852E859E70} = {4E237A90-C6F7-4C12-9E2E-4B852E859E70}
	EndProjectSection
EndProject
Project("{8BC9CEB8-8B4A-11D0-8D11-00A0C91BC942}") = "blakcomp", "blakcomp\blakcomp.vcxproj", "{29B8E041-0856-4A4C-9494-BA3D0CE0F63C}"
EndProject
Project("{8BC9CEB8-8B4A-11D0-8D11-00A0C91BC942}") = "blakdiff", "blakdiff\blakdiff.vcxproj", "{0E9073AA-6484-4A60-9B30-B433402E3167}"
EndProject
Project("{8BC9CEB8-8B4A-11D0-8D11-00A0C91BC942}") = "blakod", "kod\blakod.vcxproj", "{9D5B560D-4DD2-4515-AFEA-C01103C948DE}"
	ProjectSection(ProjectDependencies) = postProject
		{29B8E041-0856-4A4C-9494-BA3D0CE0F63C} = {29B8E041-0856-4A4C-9494-BA3D0CE0F63C}
		{0E9073AA-6484-4A60-9B30-B433402E3167} = {0E9073AA-6484-4A60-9B30-B433402E3167}
	EndProjectSection
EndProject
Project("{2150E333-8FDC-42A3-9474-1A3956D46DE8}") = "Client", "Client", "{F61FD909-1143-4CFB-8D0F-0BDAADF01B2F}"
EndProject
Project("{2150E333-8FDC-42A3-9474-1A3956D46DE8}") = "Server", "Server", "{1DB13279-96AB-4712-BD7B-8CADD1E44DC0}"
EndProject
Project("{8BC9CEB8-8B4A-11D0-8D11-00A0C91BC942}") = "bbgun", "bbgun\bbgun.vcxproj", "{0EB09184-10B4-4C8E-86E9-12A93EA2872B}"
EndProject
Project("{8BC9CEB8-8B4A-11D0-8D11-00A0C91BC942}") = "makebgf", "makebgf\makebgf.vcxproj", "{8F9CF4BD-CC89-4425-8B42-A6C9E9977C5A}"
	ProjectSection(ProjectDependencies) = postProject
		{E2C146F9-F840-4C21-9CA9-E1DD9649AB7A} = {E2C146F9-F840-4C21-9CA9-E1DD9649AB7A}
	EndProjectSection
EndProject
Project("{8BC9CEB8-8B4A-11D0-8D11-00A0C91BC942}") = "blakdeco", "blakdeco\blakdeco.vcxproj", "{18405131-EC73-4538-82F9-F817BE4FC60F}"
EndProject
Project("{8BC9CEB8-8B4A-11D0-8D11-00A0C91BC942}") = "resource", "resource\resource.vcxproj", "{15142A8C-248C-402A-90BF-C4B5C14CD8DC}"
	ProjectSection(ProjectDependencies) = postProject
		{8F9CF4BD-CC89-4425-8B42-A6C9E9977C5A} = {8F9CF4BD-CC89-4425-8B42-A6C9E9977C5A}
	EndProjectSection
EndProject
Project("{8BC9CEB8-8B4A-11D0-8D11-00A0C91BC942}") = "club", "club\club.vcxproj", "{3D9AA8DC-962A-437F-A90D-B544A7700981}"
	ProjectSection(ProjectDependencies) = postProject
		{7C9D32F1-A537-4738-8F8C-CBF00E2E0610} = {7C9D32F1-A537-4738-8F8C-CBF00E2E0610}
		{E2C146F9-F840-4C21-9CA9-E1DD9649AB7A} = {E2C146F9-F840-4C21-9CA9-E1DD9649AB7A}
	EndProjectSection
EndProject
Project("{2150E333-8FDC-42A3-9474-1A3956D46DE8}") = "Utilities", "Utilities", "{74F98C8E-442E-42DE-9CAF-0C3301672810}"
EndProject
Project("{8BC9CEB8-8B4A-11D0-8D11-00A0C91BC942}") = "stats", "module\stats\stats.vcxproj", "{CA8060F5-61DF-43ED-90F6-91DF6DEA59F2}"
	ProjectSection(ProjectDependencies) = postProject
		{4E237A90-C6F7-4C12-9E2E-4B852E859E70} = {4E237A90-C6F7-4C12-9E2E-4B852E859E70}
	EndProjectSection
EndProject
Project("{FAE04EC0-301F-11D3-BF4B-00C04F79EFBC}") = "m59bind", "keybind\m59bind.csproj", "{A9CEC38C-11C3-4D9F-8A2A-9E6E2FA1EAAE}"
EndProject
Project("{8BC9CEB8-8B4A-11D0-8D11-00A0C91BC942}") = "bmpdump", "util\bmpdump.vcxproj", "{CBCDBDA3-2AD8-4D73-8FEE-5833D19A46DC}"
EndProject
Project("{8BC9CEB8-8B4A-11D0-8D11-00A0C91BC942}") = "palcomp", "util\palcomp.vcxproj", "{4F323CEE-0406-41AF-BAD1-35263921D137}"
EndProject
Project("{8BC9CEB8-8B4A-11D0-8D11-00A0C91BC942}") = "paldump", "util\paldump.vcxproj", "{71370E1A-6DC9-455F-8BC1-C0EA054D9E9A}"
EndProject
Project("{8BC9CEB8-8B4A-11D0-8D11-00A0C91BC942}") = "porttest", "util\porttest.vcxproj", "{630687E6-96E9-4C89-962E-C43274C8EF53}"
EndProject
Project("{8BC9CEB8-8B4A-11D0-8D11-00A0C91BC942}") = "rscload", "util\rscload.vcxproj", "{AB4F2AAE-51B1-4C8E-9D24-D85ACC2A9840}"
EndProject
Project("{8BC9CEB8-8B4A-11D0-8D11-00A0C91BC942}") = "rscmerge", "util\rscmerge.vcxproj", "{1A817DCA-27AD-44E9-BF25-B70E59C40EC0}"
EndProject
Project("{8BC9CEB8-8B4A-11D0-8D11-00A0C91BC942}") = "rscprint", "util\rscprint.vcxproj", "{2B5950D0-2E1F-4852-A8BD-02020D446327}"
EndProject
Project("{8BC9CEB8-8B4A-11D0-8D11-00A0C91BC942}") = "libpng", "libpng\libpng.vcxproj", "{7DB10B50-CE00-4D7A-B322-6824F05D2FCB}"
	ProjectSection(ProjectDependencies) = postProject
		{E2C146F9-F840-4C21-9CA9-E1DD9649AB7A} = {E2C146F9-F840-4C21-9CA9-E1DD9649AB7A}
	EndProjectSection
EndProject
Project("{8BC9CEB8-8B4A-11D0-8D11-00A0C91BC942}") = "libarchive", "libarchive\archive.vcxproj", "{7C9D32F1-A537-4738-8F8C-CBF00E2E0610}"
	ProjectSection(ProjectDependencies) = postProject
		{E2C146F9-F840-4C21-9CA9-E1DD9649AB7A} = {E2C146F9-F840-4C21-9CA9-E1DD9649AB7A}
	EndProjectSection
EndProject
Project("{8BC9CEB8-8B4A-11D0-8D11-00A0C91BC942}") = "zlib", "libzlib\zlib.vcxproj", "{E2C146F9-F840-4C21-9CA9-E1DD9649AB7A}"
EndProject
Global
	GlobalSection(SolutionConfigurationPlatforms) = preSolution
		Debug|Win32 = Debug|Win32
		Release|Win32 = Release|Win32
	EndGlobalSection
	GlobalSection(ProjectConfigurationPlatforms) = postSolution
		{FA63A56D-3C89-447C-9409-676477E93AE9}.Debug|Win32.ActiveCfg = Debug|Win32
		{FA63A56D-3C89-447C-9409-676477E93AE9}.Debug|Win32.Build.0 = Debug|Win32
		{FA63A56D-3C89-447C-9409-676477E93AE9}.Release|Win32.ActiveCfg = Release|Win32
		{FA63A56D-3C89-447C-9409-676477E93AE9}.Release|Win32.Build.0 = Release|Win32
		{4E237A90-C6F7-4C12-9E2E-4B852E859E70}.Debug|Win32.ActiveCfg = Debug|Win32
		{4E237A90-C6F7-4C12-9E2E-4B852E859E70}.Debug|Win32.Build.0 = Debug|Win32
		{4E237A90-C6F7-4C12-9E2E-4B852E859E70}.Release|Win32.ActiveCfg = Release|Win32
		{4E237A90-C6F7-4C12-9E2E-4B852E859E70}.Release|Win32.Build.0 = Release|Win32
		{CD5804A4-972E-4E67-A461-427A9725786F}.Debug|Win32.ActiveCfg = Debug|Win32
		{CD5804A4-972E-4E67-A461-427A9725786F}.Debug|Win32.Build.0 = Debug|Win32
		{CD5804A4-972E-4E67-A461-427A9725786F}.Release|Win32.ActiveCfg = Release|Win32
		{CD5804A4-972E-4E67-A461-427A9725786F}.Release|Win32.Build.0 = Release|Win32
		{946D268A-F73B-4387-ACD4-BF6D21BC076D}.Debug|Win32.ActiveCfg = Debug|Win32
		{946D268A-F73B-4387-ACD4-BF6D21BC076D}.Debug|Win32.Build.0 = Debug|Win32
		{946D268A-F73B-4387-ACD4-BF6D21BC076D}.Release|Win32.ActiveCfg = Release|Win32
		{946D268A-F73B-4387-ACD4-BF6D21BC076D}.Release|Win32.Build.0 = Release|Win32
		{78665003-7B87-403E-89A4-9B5F95FA01BF}.Debug|Win32.ActiveCfg = Debug|Win32
		{78665003-7B87-403E-89A4-9B5F95FA01BF}.Debug|Win32.Build.0 = Debug|Win32
		{78665003-7B87-403E-89A4-9B5F95FA01BF}.Release|Win32.ActiveCfg = Release|Win32
		{78665003-7B87-403E-89A4-9B5F95FA01BF}.Release|Win32.Build.0 = Release|Win32
		{932BC11A-53D3-4A49-8D8F-196AE329B972}.Debug|Win32.ActiveCfg = Debug|Win32
		{932BC11A-53D3-4A49-8D8F-196AE329B972}.Debug|Win32.Build.0 = Debug|Win32
		{932BC11A-53D3-4A49-8D8F-196AE329B972}.Release|Win32.ActiveCfg = Release|Win32
		{932BC11A-53D3-4A49-8D8F-196AE329B972}.Release|Win32.Build.0 = Release|Win32
		{BFFAB19A-0D34-4BF6-8BC6-A81D22274899}.Debug|Win32.ActiveCfg = Debug|Win32
		{BFFAB19A-0D34-4BF6-8BC6-A81D22274899}.Debug|Win32.Build.0 = Debug|Win32
		{BFFAB19A-0D34-4BF6-8BC6-A81D22274899}.Release|Win32.ActiveCfg = Release|Win32
		{BFFAB19A-0D34-4BF6-8BC6-A81D22274899}.Release|Win32.Build.0 = Release|Win32
		{CFF6DD69-F2DC-40DA-9FA1-3F240AB9792D}.Debug|Win32.ActiveCfg = Debug|Win32
		{CFF6DD69-F2DC-40DA-9FA1-3F240AB9792D}.Debug|Win32.Build.0 = Debug|Win32
		{CFF6DD69-F2DC-40DA-9FA1-3F240AB9792D}.Release|Win32.ActiveCfg = Release|Win32
		{CFF6DD69-F2DC-40DA-9FA1-3F240AB9792D}.Release|Win32.Build.0 = Release|Win32
		{1BEB02A4-506E-4CF0-B7CD-4746F991C3A8}.Debug|Win32.ActiveCfg = Debug|Win32
		{1BEB02A4-506E-4CF0-B7CD-4746F991C3A8}.Debug|Win32.Build.0 = Debug|Win32
		{1BEB02A4-506E-4CF0-B7CD-4746F991C3A8}.Release|Win32.ActiveCfg = Release|Win32
		{1BEB02A4-506E-4CF0-B7CD-4746F991C3A8}.Release|Win32.Build.0 = Release|Win32
		{FC59B20A-6A53-4F04-ACC7-15C9925D8315}.Debug|Win32.ActiveCfg = Debug|Win32
		{FC59B20A-6A53-4F04-ACC7-15C9925D8315}.Debug|Win32.Build.0 = Debug|Win32
		{FC59B20A-6A53-4F04-ACC7-15C9925D8315}.Release|Win32.ActiveCfg = Release|Win32
		{FC59B20A-6A53-4F04-ACC7-15C9925D8315}.Release|Win32.Build.0 = Release|Win32
		{5225EE8E-8D8B-4EDC-9EA8-BB52DA2992A1}.Debug|Win32.ActiveCfg = Debug|Win32
		{5225EE8E-8D8B-4EDC-9EA8-BB52DA2992A1}.Debug|Win32.Build.0 = Debug|Win32
		{5225EE8E-8D8B-4EDC-9EA8-BB52DA2992A1}.Release|Win32.ActiveCfg = Release|Win32
		{5225EE8E-8D8B-4EDC-9EA8-BB52DA2992A1}.Release|Win32.Build.0 = Release|Win32
		{29B8E041-0856-4A4C-9494-BA3D0CE0F63C}.Debug|Win32.ActiveCfg = Debug|Win32
		{29B8E041-0856-4A4C-9494-BA3D0CE0F63C}.Debug|Win32.Build.0 = Debug|Win32
		{29B8E041-0856-4A4C-9494-BA3D0CE0F63C}.Release|Win32.ActiveCfg = Release|Win32
		{29B8E041-0856-4A4C-9494-BA3D0CE0F63C}.Release|Win32.Build.0 = Release|Win32
		{0E9073AA-6484-4A60-9B30-B433402E3167}.Debug|Win32.ActiveCfg = Debug|Win32
		{0E9073AA-6484-4A60-9B30-B433402E3167}.Debug|Win32.Build.0 = Debug|Win32
		{0E9073AA-6484-4A60-9B30-B433402E3167}.Release|Win32.ActiveCfg = Release|Win32
		{0E9073AA-6484-4A60-9B30-B433402E3167}.Release|Win32.Build.0 = Release|Win32
		{9D5B560D-4DD2-4515-AFEA-C01103C948DE}.Debug|Win32.ActiveCfg = Debug|Win32
		{9D5B560D-4DD2-4515-AFEA-C01103C948DE}.Debug|Win32.Build.0 = Debug|Win32
		{9D5B560D-4DD2-4515-AFEA-C01103C948DE}.Release|Win32.ActiveCfg = Release|Win32
		{9D5B560D-4DD2-4515-AFEA-C01103C948DE}.Release|Win32.Build.0 = Release|Win32
		{0EB09184-10B4-4C8E-86E9-12A93EA2872B}.Debug|Win32.ActiveCfg = Debug|Win32
		{0EB09184-10B4-4C8E-86E9-12A93EA2872B}.Debug|Win32.Build.0 = Debug|Win32
		{0EB09184-10B4-4C8E-86E9-12A93EA2872B}.Release|Win32.ActiveCfg = Release|Win32
		{0EB09184-10B4-4C8E-86E9-12A93EA2872B}.Release|Win32.Build.0 = Release|Win32
		{8F9CF4BD-CC89-4425-8B42-A6C9E9977C5A}.Debug|Win32.ActiveCfg = Debug|Win32
		{8F9CF4BD-CC89-4425-8B42-A6C9E9977C5A}.Debug|Win32.Build.0 = Debug|Win32
		{8F9CF4BD-CC89-4425-8B42-A6C9E9977C5A}.Release|Win32.ActiveCfg = Release|Win32
		{8F9CF4BD-CC89-4425-8B42-A6C9E9977C5A}.Release|Win32.Build.0 = Release|Win32
		{18405131-EC73-4538-82F9-F817BE4FC60F}.Debug|Win32.ActiveCfg = Debug|Win32
		{18405131-EC73-4538-82F9-F817BE4FC60F}.Debug|Win32.Build.0 = Debug|Win32
		{18405131-EC73-4538-82F9-F817BE4FC60F}.Release|Win32.ActiveCfg = Release|Win32
		{18405131-EC73-4538-82F9-F817BE4FC60F}.Release|Win32.Build.0 = Release|Win32
		{15142A8C-248C-402A-90BF-C4B5C14CD8DC}.Debug|Win32.ActiveCfg = Debug|Win32
		{15142A8C-248C-402A-90BF-C4B5C14CD8DC}.Debug|Win32.Build.0 = Debug|Win32
		{15142A8C-248C-402A-90BF-C4B5C14CD8DC}.Release|Win32.ActiveCfg = Release|Win32
		{15142A8C-248C-402A-90BF-C4B5C14CD8DC}.Release|Win32.Build.0 = Release|Win32
		{3D9AA8DC-962A-437F-A90D-B544A7700981}.Debug|Win32.ActiveCfg = Debug|Win32
		{3D9AA8DC-962A-437F-A90D-B544A7700981}.Debug|Win32.Build.0 = Debug|Win32
		{3D9AA8DC-962A-437F-A90D-B544A7700981}.Release|Win32.ActiveCfg = Release|Win32
		{3D9AA8DC-962A-437F-A90D-B544A7700981}.Release|Win32.Build.0 = Release|Win32
		{CA8060F5-61DF-43ED-90F6-91DF6DEA59F2}.Debug|Win32.ActiveCfg = Debug|Win32
		{CA8060F5-61DF-43ED-90F6-91DF6DEA59F2}.Debug|Win32.Build.0 = Debug|Win32
		{CA8060F5-61DF-43ED-90F6-91DF6DEA59F2}.Release|Win32.ActiveCfg = Release|Win32
		{CA8060F5-61DF-43ED-90F6-91DF6DEA59F2}.Release|Win32.Build.0 = Release|Win32
		{A9CEC38C-11C3-4D9F-8A2A-9E6E2FA1EAAE}.Debug|Win32.ActiveCfg = Debug|x86
		{A9CEC38C-11C3-4D9F-8A2A-9E6E2FA1EAAE}.Debug|Win32.Build.0 = Debug|x86
		{A9CEC38C-11C3-4D9F-8A2A-9E6E2FA1EAAE}.Release|Win32.ActiveCfg = Release|x86
		{A9CEC38C-11C3-4D9F-8A2A-9E6E2FA1EAAE}.Release|Win32.Build.0 = Release|x86
		{CBCDBDA3-2AD8-4D73-8FEE-5833D19A46DC}.Debug|Win32.ActiveCfg = Debug|Win32
		{CBCDBDA3-2AD8-4D73-8FEE-5833D19A46DC}.Debug|Win32.Build.0 = Debug|Win32
		{CBCDBDA3-2AD8-4D73-8FEE-5833D19A46DC}.Release|Win32.ActiveCfg = Release|Win32
		{CBCDBDA3-2AD8-4D73-8FEE-5833D19A46DC}.Release|Win32.Build.0 = Release|Win32
		{4F323CEE-0406-41AF-BAD1-35263921D137}.Debug|Win32.ActiveCfg = Debug|Win32
		{4F323CEE-0406-41AF-BAD1-35263921D137}.Debug|Win32.Build.0 = Debug|Win32
		{4F323CEE-0406-41AF-BAD1-35263921D137}.Release|Win32.ActiveCfg = Release|Win32
		{4F323CEE-0406-41AF-BAD1-35263921D137}.Release|Win32.Build.0 = Release|Win32
		{71370E1A-6DC9-455F-8BC1-C0EA054D9E9A}.Debug|Win32.ActiveCfg = Debug|Win32
		{71370E1A-6DC9-455F-8BC1-C0EA054D9E9A}.Debug|Win32.Build.0 = Debug|Win32
		{71370E1A-6DC9-455F-8BC1-C0EA054D9E9A}.Release|Win32.ActiveCfg = Release|Win32
		{71370E1A-6DC9-455F-8BC1-C0EA054D9E9A}.Release|Win32.Build.0 = Release|Win32
		{630687E6-96E9-4C89-962E-C43274C8EF53}.Debug|Win32.ActiveCfg = Debug|Win32
		{630687E6-96E9-4C89-962E-C43274C8EF53}.Debug|Win32.Build.0 = Debug|Win32
		{630687E6-96E9-4C89-962E-C43274C8EF53}.Release|Win32.ActiveCfg = Release|Win32
		{630687E6-96E9-4C89-962E-C43274C8EF53}.Release|Win32.Build.0 = Release|Win32
		{AB4F2AAE-51B1-4C8E-9D24-D85ACC2A9840}.Debug|Win32.ActiveCfg = Debug|Win32
		{AB4F2AAE-51B1-4C8E-9D24-D85ACC2A9840}.Debug|Win32.Build.0 = Debug|Win32
		{AB4F2AAE-51B1-4C8E-9D24-D85ACC2A9840}.Release|Win32.ActiveCfg = Release|Win32
		{AB4F2AAE-51B1-4C8E-9D24-D85ACC2A9840}.Release|Win32.Build.0 = Release|Win32
		{1A817DCA-27AD-44E9-BF25-B70E59C40EC0}.Debug|Win32.ActiveCfg = Debug|Win32
		{1A817DCA-27AD-44E9-BF25-B70E59C40EC0}.Debug|Win32.Build.0 = Debug|Win32
		{1A817DCA-27AD-44E9-BF25-B70E59C40EC0}.Release|Win32.ActiveCfg = Release|Win32
		{1A817DCA-27AD-44E9-BF25-B70E59C40EC0}.Release|Win32.Build.0 = Release|Win32
		{2B5950D0-2E1F-4852-A8BD-02020D446327}.Debug|Win32.ActiveCfg = Debug|Win32
		{2B5950D0-2E1F-4852-A8BD-02020D446327}.Debug|Win32.Build.0 = Debug|Win32
		{2B5950D0-2E1F-4852-A8BD-02020D446327}.Release|Win32.ActiveCfg = Release|Win32
		{2B5950D0-2E1F-4852-A8BD-02020D446327}.Release|Win32.Build.0 = Release|Win32
		{7DB10B50-CE00-4D7A-B322-6824F05D2FCB}.Debug|Win32.ActiveCfg = Debug|Win32
		{7DB10B50-CE00-4D7A-B322-6824F05D2FCB}.Debug|Win32.Build.0 = Debug|Win32
		{7DB10B50-CE00-4D7A-B322-6824F05D2FCB}.Release|Win32.ActiveCfg = Release|Win32
		{7DB10B50-CE00-4D7A-B322-6824F05D2FCB}.Release|Win32.Build.0 = Release|Win32
		{7C9D32F1-A537-4738-8F8C-CBF00E2E0610}.Debug|Win32.ActiveCfg = Debug|Win32
		{7C9D32F1-A537-4738-8F8C-CBF00E2E0610}.Debug|Win32.Build.0 = Debug|Win32
		{7C9D32F1-A537-4738-8F8C-CBF00E2E0610}.Release|Win32.ActiveCfg = Release|Win32
		{7C9D32F1-A537-4738-8F8C-CBF00E2E0610}.Release|Win32.Build.0 = Release|Win32
		{E2C146F9-F840-4C21-9CA9-E1DD9649AB7A}.Debug|Win32.ActiveCfg = Debug|Win32
		{E2C146F9-F840-4C21-9CA9-E1DD9649AB7A}.Debug|Win32.Build.0 = Debug|Win32
		{E2C146F9-F840-4C21-9CA9-E1DD9649AB7A}.Release|Win32.ActiveCfg = Release|Win32
		{E2C146F9-F840-4C21-9CA9-E1DD9649AB7A}.Release|Win32.Build.0 = Release|Win32
	EndGlobalSection
	GlobalSection(SolutionProperties) = preSolution
		HideSolutionNode = FALSE
	EndGlobalSection
	GlobalSection(NestedProjects) = preSolution
		{FA63A56D-3C89-447C-9409-676477E93AE9} = {1DB13279-96AB-4712-BD7B-8CADD1E44DC0}
		{4E237A90-C6F7-4C12-9E2E-4B852E859E70} = {F61FD909-1143-4CFB-8D0F-0BDAADF01B2F}
		{CD5804A4-972E-4E67-A461-427A9725786F} = {F61FD909-1143-4CFB-8D0F-0BDAADF01B2F}
		{946D268A-F73B-4387-ACD4-BF6D21BC076D} = {F61FD909-1143-4CFB-8D0F-0BDAADF01B2F}
		{78665003-7B87-403E-89A4-9B5F95FA01BF} = {6AC523C8-83A7-4295-B450-11CDB9CD8E68}
		{932BC11A-53D3-4A49-8D8F-196AE329B972} = {6AC523C8-83A7-4295-B450-11CDB9CD8E68}
		{BFFAB19A-0D34-4BF6-8BC6-A81D22274899} = {6AC523C8-83A7-4295-B450-11CDB9CD8E68}
		{6AC523C8-83A7-4295-B450-11CDB9CD8E68} = {F61FD909-1143-4CFB-8D0F-0BDAADF01B2F}
		{CFF6DD69-F2DC-40DA-9FA1-3F240AB9792D} = {6AC523C8-83A7-4295-B450-11CDB9CD8E68}
		{1BEB02A4-506E-4CF0-B7CD-4746F991C3A8} = {6AC523C8-83A7-4295-B450-11CDB9CD8E68}
		{FC59B20A-6A53-4F04-ACC7-15C9925D8315} = {6AC523C8-83A7-4295-B450-11CDB9CD8E68}
		{5225EE8E-8D8B-4EDC-9EA8-BB52DA2992A1} = {6AC523C8-83A7-4295-B450-11CDB9CD8E68}
		{29B8E041-0856-4A4C-9494-BA3D0CE0F63C} = {74F98C8E-442E-42DE-9CAF-0C3301672810}
		{0E9073AA-6484-4A60-9B30-B433402E3167} = {74F98C8E-442E-42DE-9CAF-0C3301672810}
		{9D5B560D-4DD2-4515-AFEA-C01103C948DE} = {1DB13279-96AB-4712-BD7B-8CADD1E44DC0}
		{0EB09184-10B4-4C8E-86E9-12A93EA2872B} = {74F98C8E-442E-42DE-9CAF-0C3301672810}
		{8F9CF4BD-CC89-4425-8B42-A6C9E9977C5A} = {74F98C8E-442E-42DE-9CAF-0C3301672810}
		{18405131-EC73-4538-82F9-F817BE4FC60F} = {74F98C8E-442E-42DE-9CAF-0C3301672810}
		{15142A8C-248C-402A-90BF-C4B5C14CD8DC} = {F61FD909-1143-4CFB-8D0F-0BDAADF01B2F}
		{3D9AA8DC-962A-437F-A90D-B544A7700981} = {F61FD909-1143-4CFB-8D0F-0BDAADF01B2F}
		{74F98C8E-442E-42DE-9CAF-0C3301672810} = {1DB13279-96AB-4712-BD7B-8CADD1E44DC0}
		{CA8060F5-61DF-43ED-90F6-91DF6DEA59F2} = {6AC523C8-83A7-4295-B450-11CDB9CD8E68}
		{A9CEC38C-11C3-4D9F-8A2A-9E6E2FA1EAAE} = {F61FD909-1143-4CFB-8D0F-0BDAADF01B2F}
		{CBCDBDA3-2AD8-4D73-8FEE-5833D19A46DC} = {74F98C8E-442E-42DE-9CAF-0C3301672810}
		{4F323CEE-0406-41AF-BAD1-35263921D137} = {74F98C8E-442E-42DE-9CAF-0C3301672810}
		{71370E1A-6DC9-455F-8BC1-C0EA054D9E9A} = {74F98C8E-442E-42DE-9CAF-0C3301672810}
		{630687E6-96E9-4C89-962E-C43274C8EF53} = {74F98C8E-442E-42DE-9CAF-0C3301672810}
		{AB4F2AAE-51B1-4C8E-9D24-D85ACC2A9840} = {74F98C8E-442E-42DE-9CAF-0C3301672810}
		{1A817DCA-27AD-44E9-BF25-B70E59C40EC0} = {74F98C8E-442E-42DE-9CAF-0C3301672810}
		{2B5950D0-2E1F-4852-A8BD-02020D446327} = {74F98C8E-442E-42DE-9CAF-0C3301672810}
		{7DB10B50-CE00-4D7A-B322-6824F05D2FCB} = {F61FD909-1143-4CFB-8D0F-0BDAADF01B2F}
		{7C9D32F1-A537-4738-8F8C-CBF00E2E0610} = {F61FD909-1143-4CFB-8D0F-0BDAADF01B2F}
		{E2C146F9-F840-4C21-9CA9-E1DD9649AB7A} = {F61FD909-1143-4CFB-8D0F-0BDAADF01B2F}
	EndGlobalSection
EndGlobal
