<?xml version="1.0" encoding="utf-8"?>
<Project ToolsVersion="4.0" xmlns="http://schemas.microsoft.com/developer/msbuild/2003">
  <ItemGroup>
    <Filter Include="Source Files">
      <UniqueIdentifier>{4FC737F1-C7A5-4376-A066-2A32D752A2FF}</UniqueIdentifier>
      <Extensions>cpp;c;cc;cxx;def;odl;idl;hpj;bat;asm;asmx</Extensions>
    </Filter>
    <Filter Include="Header Files">
      <UniqueIdentifier>{93995380-89BD-4b04-88EB-625FBE52EBFB}</UniqueIdentifier>
      <Extensions>h;hh;hpp;hxx;hm;inl;inc;ipp;xsd</Extensions>
    </Filter>
    <Filter Include="Resource Files">
      <UniqueIdentifier>{67DA6AB6-F800-4c08-8B7A-83BB121AAD01}</UniqueIdentifier>
      <Extensions>rc;ico;cur;bmp;dlg;rc2;rct;bin;rgs;gif;jpg;jpeg;jpe;resx;tiff;tif;png;wav;mfcribbon-ms</Extensions>
    </Filter>
    <Filter Include="Make Files">
      <UniqueIdentifier>{9939ccf8-44a8-418e-88cf-7170532d06ae}</UniqueIdentifier>
    </Filter>
    <Filter Include="Source Files\msc">
      <UniqueIdentifier>{89fa8da5-1462-4e22-9e67-153d99f755d9}</UniqueIdentifier>
    </Filter>
  </ItemGroup>
  <ItemGroup>
    <ClCompile Include="..\coolgrid.cpp">
      <Filter>Source Files</Filter>
    </ClCompile>
    <ClCompile Include="..\coolutil.cpp">
      <Filter>Source Files</Filter>
    </ClCompile>
    <ClCompile Include="..\cplusplus.cpp">
      <Filter>Source Files</Filter>
    </ClCompile>
    <ClCompile Include="..\dcl.cpp">
      <Filter>Source Files</Filter>
    </ClCompile>
    <ClCompile Include="..\dragdrop.cpp">
      <Filter>Source Files</Filter>
    </ClCompile>
    <ClCompile Include="..\fortran.cpp">
      <Filter>Source Files</Filter>
    </ClCompile>
    <ClCompile Include="..\fpattern.cpp">
      <Filter>Source Files</Filter>
    </ClCompile>
    <ClCompile Include="..\hexdocument.cpp">
      <Filter>Source Files</Filter>
    </ClCompile>
    <ClCompile Include="..\hexedit.cpp">
      <Filter>Source Files</Filter>
    </ClCompile>
    <ClCompile Include="..\html.cpp">
      <Filter>Source Files</Filter>
    </ClCompile>
    <ClCompile Include="..\is.cpp">
      <Filter>Source Files</Filter>
    </ClCompile>
    <ClCompile Include="..\java.cpp">
      <Filter>Source Files</Filter>
    </ClCompile>
    <ClCompile Include="..\lang.cpp">
      <Filter>Source Files</Filter>
    </ClCompile>
    <ClCompile Include="..\lisp.cpp">
      <Filter>Source Files</Filter>
    </ClCompile>
    <ClCompile Include="..\pascal.cpp">
      <Filter>Source Files</Filter>
    </ClCompile>
    <ClCompile Include="..\perl.cpp">
      <Filter>Source Files</Filter>
    </ClCompile>
    <ClCompile Include="..\python.cpp">
      <Filter>Source Files</Filter>
    </ClCompile>
    <ClCompile Include="..\regexp.cpp">
      <Filter>Source Files</Filter>
    </ClCompile>
    <ClCompile Include="..\rexx.cpp">
      <Filter>Source Files</Filter>
    </ClCompile>
    <ClCompile Include="..\rsrc.cpp">
      <Filter>Source Files</Filter>
    </ClCompile>
    <ClCompile Include="..\sgml.cpp">
      <Filter>Source Files</Filter>
    </ClCompile>
    <ClCompile Include="..\sh.cpp">
      <Filter>Source Files</Filter>
    </ClCompile>
    <ClCompile Include="..\siod.cpp">
      <Filter>Source Files</Filter>
    </ClCompile>
    <ClCompile Include="..\sql.cpp">
      <Filter>Source Files</Filter>
    </ClCompile>
    <ClCompile Include="..\tcl.cpp">
      <Filter>Source Files</Filter>
    </ClCompile>
    <ClCompile Include="..\tex.cpp">
      <Filter>Source Files</Filter>
    </ClCompile>
    <ClCompile Include="..\version.cpp">
      <Filter>Source Files</Filter>
    </ClCompile>
    <ClCompile Include="..\asm.cpp">
      <Filter>Source Files</Filter>
    </ClCompile>
    <ClCompile Include="..\basic.cpp">
      <Filter>Source Files</Filter>
    </ClCompile>
    <ClCompile Include="..\batch.cpp">
      <Filter>Source Files</Filter>
    </ClCompile>
    <ClCompile Include="..\clrpropdlg.cpp">
      <Filter>Source Files</Filter>
    </ClCompile>
    <ClCompile Include="..\cooldoc.cpp">
      <Filter>Source Files</Filter>
    </ClCompile>
    <ClCompile Include="..\cooledit.cpp">
      <Filter>Source Files</Filter>
    </ClCompile>
    <ClCompile Include="..\msc\coolprjpch.cpp">
      <Filter>Source Files\msc</Filter>
    </ClCompile>
  </ItemGroup>
  <ItemGroup>
    <None Include="..\vc.mak">
      <Filter>Make Files</Filter>
    </None>
    <None Include="..\..\..\include\coolprj\cooledit.rh">
      <Filter>Header Files</Filter>
    </None>
    <None Include="..\..\..\include\coolprj\cooledit.inl">
      <Filter>Header Files</Filter>
    </None>
    <None Include="..\..\..\include\coolprj\MG_CUR.CUR">
      <Filter>Resource Files</Filter>
    </None>
    <None Include="..\..\..\include\coolprj\cooledit.ini">
      <Filter>Resource Files</Filter>
    </None>
    <None Include="..\CB\coolprj.cbproj">
      <Filter>Make Files</Filter>
    </None>
  </ItemGroup>
  <ItemGroup>
    <ResourceCompile Include="..\version.rc">
      <Filter>Resource Files</Filter>
    </ResourceCompile>
    <ResourceCompile Include="..\coolprj.rc">
      <Filter>Resource Files</Filter>
    </ResourceCompile>
    <ResourceCompile Include="..\..\..\include\coolprj\cooledit.rc">
      <Filter>Resource Files</Filter>
    </ResourceCompile>
  </ItemGroup>
  <ItemGroup>
    <Image Include="..\..\..\include\coolprj\mg_icons1.bmp">
      <Filter>Resource Files</Filter>
    </Image>
    <Image Include="..\..\..\include\coolprj\dirty.bmp">
      <Filter>Resource Files</Filter>
    </Image>
    <Image Include="..\..\..\include\coolprj\fonticon.bmp">
      <Filter>Resource Files</Filter>
    </Image>
    <Image Include="..\..\..\include\coolprj\mg_icons.bmp">
      <Filter>Resource Files</Filter>
    </Image>
  </ItemGroup>
  <ItemGroup>
    <ClInclude Include="..\..\..\include\coolprj\clrpropdlg.h">
      <Filter>Header Files</Filter>
    </ClInclude>
    <ClInclude Include="..\..\..\include\coolprj\cooldoc.h">
      <Filter>Header Files</Filter>
    </ClInclude>
    <ClInclude Include="..\..\..\include\coolprj\cooledit.h">
      <Filter>Header Files</Filter>
    </ClInclude>
    <ClInclude Include="..\..\..\include\coolprj\coolgrid.h">
      <Filter>Header Files</Filter>
    </ClInclude>
    <ClInclude Include="..\..\..\include\coolprj\coolprjlink.h">
      <Filter>Header Files</Filter>
    </ClInclude>
    <ClInclude Include="..\..\..\include\coolprj\defs.h">
      <Filter>Header Files</Filter>
    </ClInclude>
    <ClInclude Include="..\..\..\include\coolprj\dragdrop.h">
      <Filter>Header Files</Filter>
    </ClInclude>
    <ClInclude Include="..\..\..\include\coolprj\fpattern.h">
      <Filter>Header Files</Filter>
    </ClInclude>
    <ClInclude Include="..\..\..\include\coolprj\hexdocument.h">
      <Filter>Header Files</Filter>
    </ClInclude>
    <ClInclude Include="..\..\..\include\coolprj\hexedit.h">
      <Filter>Header Files</Filter>
    </ClInclude>
    <ClInclude Include="..\..\..\include\coolprj\lang.h">
      <Filter>Header Files</Filter>
    </ClInclude>
    <ClInclude Include="..\..\..\include\coolprj\pch.h">
      <Filter>Header Files</Filter>
    </ClInclude>
    <ClInclude Include="..\..\..\include\coolprj\regexp.h">
      <Filter>Header Files</Filter>
    </ClInclude>
    <ClInclude Include="..\..\..\include\coolprj\version.h">
      <Filter>Header Files</Filter>
    </ClInclude>
  </ItemGroup>
</Project>