<?xml version="1.0" encoding="utf-8"?>
<Project ToolsVersion="4.0" xmlns="http://schemas.microsoft.com/developer/msbuild/2003">
  <ItemGroup>
    <Filter Include="Source Files">
      <UniqueIdentifier>{4FC737F1-C7A5-4376-A066-2A32D752A2FF}</UniqueIdentifier>
      <Extensions>cpp;c;cc;cxx;def;odl;idl;hpj;bat;asm;asmx</Extensions>
    </Filter>
    <Filter Include="Header Files">
      <UniqueIdentifier>{93995380-89BD-4b04-88EB-625FBE52EBFB}</UniqueIdentifier>
      <Extensions>h;hh;hpp;hxx;hm;inl;inc;xsd</Extensions>
    </Filter>
    <Filter Include="Resource Files">
      <UniqueIdentifier>{67DA6AB6-F800-4c08-8B7A-83BB121AAD01}</UniqueIdentifier>
      <Extensions>rc;ico;cur;bmp;dlg;rc2;rct;bin;rgs;gif;jpg;jpeg;jpe;resx;tiff;tif;png;wav;mfcribbon-ms</Extensions>
    </Filter>
    <Filter Include="util">
      <UniqueIdentifier>{5cbeee7a-193b-428f-a66d-c45abc4d0c38}</UniqueIdentifier>
    </Filter>
  </ItemGroup>
  <ItemGroup>
    <ClInclude Include="winxblak.h">
      <Filter>Header Files</Filter>
    </ClInclude>
    <ClInclude Include="xform.h">
      <Filter>Header Files</Filter>
    </ClInclude>
    <ClInclude Include="xlat.h">
      <Filter>Header Files</Filter>
    </ClInclude>
    <ClInclude Include="about.h">
      <Filter>Header Files</Filter>
    </ClInclude>
    <ClInclude Include="animate.h">
      <Filter>Header Files</Filter>
    </ClInclude>
    <ClInclude Include="annotate.h">
      <Filter>Header Files</Filter>
    </ClInclude>
    <ClInclude Include="bitmap.h">
      <Filter>Header Files</Filter>
    </ClInclude>
    <ClInclude Include="boverlay.h">
      <Filter>Header Files</Filter>
    </ClInclude>
    <ClInclude Include="bsp.h">
      <Filter>Header Files</Filter>
    </ClInclude>
    <ClInclude Include="bspload.h">
      <Filter>Header Files</Filter>
    </ClInclude>
    <ClInclude Include="buy.h">
      <Filter>Header Files</Filter>
    </ClInclude>
    <ClInclude Include="cache.h">
      <Filter>Header Files</Filter>
    </ClInclude>
    <ClInclude Include="client.h">
      <Filter>Header Files</Filter>
    </ClInclude>
    <ClInclude Include="client3d.h">
      <Filter>Header Files</Filter>
    </ClInclude>
    <ClInclude Include="color.h">
      <Filter>Header Files</Filter>
    </ClInclude>
    <ClInclude Include="com.h">
      <Filter>Header Files</Filter>
    </ClInclude>
    <ClInclude Include="config.h">
      <Filter>Header Files</Filter>
    </ClInclude>
    <ClInclude Include="cursor.h">
      <Filter>Header Files</Filter>
    </ClInclude>
    <ClInclude Include="d3dcache.h">
      <Filter>Header Files</Filter>
    </ClInclude>
    <ClInclude Include="d3ddriver.h">
      <Filter>Header Files</Filter>
    </ClInclude>
    <ClInclude Include="d3dparticle.h">
      <Filter>Header Files</Filter>
    </ClInclude>
    <ClInclude Include="d3drender.h">
      <Filter>Header Files</Filter>
    </ClInclude>
    <ClInclude Include="d3dtypes.h">
      <Filter>Header Files</Filter>
    </ClInclude>
    <ClInclude Include="dialog.h">
      <Filter>Header Files</Filter>
    </ClInclude>
    <ClInclude Include="download.h">
      <Filter>Header Files</Filter>
    </ClInclude>
    <ClInclude Include="draw.h">
      <Filter>Header Files</Filter>
    </ClInclude>
    <ClInclude Include="draw3d.h">
      <Filter>Header Files</Filter>
    </ClInclude>
    <ClInclude Include="drawbmp.h">
      <Filter>Header Files</Filter>
    </ClInclude>
    <ClInclude Include="drawbsp.h">
      <Filter>Header Files</Filter>
    </ClInclude>
    <ClInclude Include="drawdefs.h">
      <Filter>Header Files</Filter>
    </ClInclude>
    <ClInclude Include="editbox.h">
      <Filter>Header Files</Filter>
    </ClInclude>
    <ClInclude Include="effect.h">
      <Filter>Header Files</Filter>
    </ClInclude>
    <ClInclude Include="extern.h">
      <Filter>Header Files</Filter>
    </ClInclude>
    <ClInclude Include="fixed.h">
      <Filter>Header Files</Filter>
    </ClInclude>
    <ClInclude Include="font.h">
      <Filter>Header Files</Filter>
    </ClInclude>
    <ClInclude Include="game.h">
      <Filter>Header Files</Filter>
    </ClInclude>
    <ClInclude Include="gameuser.h">
      <Filter>Header Files</Filter>
    </ClInclude>
    <ClInclude Include="graphctl.h">
      <Filter>Header Files</Filter>
    </ClInclude>
    <ClInclude Include="graphics.h">
      <Filter>Header Files</Filter>
    </ClInclude>
    <ClInclude Include="guest.h">
      <Filter>Header Files</Filter>
    </ClInclude>
    <ClInclude Include="hook.h">
      <Filter>Header Files</Filter>
    </ClInclude>
    <ClInclude Include="idlist.h">
      <Filter>Header Files</Filter>
    </ClInclude>
    <ClInclude Include="intrface.h">
      <Filter>Header Files</Filter>
    </ClInclude>
    <ClInclude Include="key.h">
      <Filter>Header Files</Filter>
    </ClInclude>
    <ClInclude Include="lagbox.h">
      <Filter>Header Files</Filter>
    </ClInclude>
    <ClInclude Include="list.h">
      <Filter>Header Files</Filter>
    </ClInclude>
    <ClInclude Include="loadrsc.h">
      <Filter>Header Files</Filter>
    </ClInclude>
    <ClInclude Include="login.h">
      <Filter>Header Files</Filter>
    </ClInclude>
    <ClInclude Include="logoff.h">
      <Filter>Header Files</Filter>
    </ClInclude>
    <ClInclude Include="maindlg.h">
      <Filter>Header Files</Filter>
    </ClInclude>
    <ClInclude Include="map.h">
      <Filter>Header Files</Filter>
    </ClInclude>
    <ClInclude Include="mapfile.h">
      <Filter>Header Files</Filter>
    </ClInclude>
    <ClInclude Include="matrix.h">
      <Filter>Header Files</Filter>
    </ClInclude>
    <ClInclude Include="memmap.h">
      <Filter>Header Files</Filter>
    </ClInclude>
    <ClInclude Include="messages.h">
      <Filter>Header Files</Filter>
    </ClInclude>
    <ClInclude Include="modules.h">
      <Filter>Header Files</Filter>
    </ClInclude>
    <ClInclude Include="move.h">
      <Filter>Header Files</Filter>
    </ClInclude>
    <ClInclude Include="moveobj.h">
      <Filter>Header Files</Filter>
    </ClInclude>
    <ClInclude Include="msgbox.h">
      <Filter>Header Files</Filter>
    </ClInclude>
    <ClInclude Include="msgfiltr.h">
      <Filter>Header Files</Filter>
    </ClInclude>
    <ClInclude Include="objdraw.h">
      <Filter>Header Files</Filter>
    </ClInclude>
    <ClInclude Include="object.h">
      <Filter>Header Files</Filter>
    </ClInclude>
    <ClInclude Include="object3d.h">
      <Filter>Header Files</Filter>
    </ClInclude>
    <ClInclude Include="offer.h">
      <Filter>Header Files</Filter>
    </ClInclude>
    <ClInclude Include="overlay.h">
      <Filter>Header Files</Filter>
    </ClInclude>
    <ClInclude Include="ownerdrw.h">
      <Filter>Header Files</Filter>
    </ClInclude>
    <ClInclude Include="palette.h">
      <Filter>Header Files</Filter>
    </ClInclude>
    <ClInclude Include="parse.h">
      <Filter>Header Files</Filter>
    </ClInclude>
    <ClInclude Include="ping.h">
      <Filter>Header Files</Filter>
    </ClInclude>
    <ClInclude Include="profane.h">
      <Filter>Header Files</Filter>
    </ClInclude>
    <ClInclude Include="project.h">
      <Filter>Header Files</Filter>
    </ClInclude>
    <ClInclude Include="protocol.h">
      <Filter>Header Files</Filter>
    </ClInclude>
    <ClInclude Include="regexpr.h">
      <Filter>Header Files</Filter>
    </ClInclude>
    <ClInclude Include="resource.h">
      <Filter>Header Files</Filter>
    </ClInclude>
    <ClInclude Include="room.h">
      <Filter>Header Files</Filter>
    </ClInclude>
    <ClInclude Include="roomanim.h">
      <Filter>Header Files</Filter>
    </ClInclude>
    <ClInclude Include="rops.h">
      <Filter>Header Files</Filter>
    </ClInclude>
    <ClInclude Include="say.h">
      <Filter>Header Files</Filter>
    </ClInclude>
    <ClInclude Include="select.h">
      <Filter>Header Files</Filter>
    </ClInclude>
    <ClInclude Include="server.h">
      <Filter>Header Files</Filter>
    </ClInclude>
    <ClInclude Include="srvrstr.h">
      <Filter>Header Files</Filter>
    </ClInclude>
    <ClInclude Include="startup.h">
      <Filter>Header Files</Filter>
    </ClInclude>
    <ClInclude Include="statconn.h">
      <Filter>Header Files</Filter>
    </ClInclude>
    <ClInclude Include="statgame.h">
      <Filter>Header Files</Filter>
    </ClInclude>
    <ClInclude Include="statoffl.h">
      <Filter>Header Files</Filter>
    </ClInclude>
    <ClInclude Include="statstrt.h">
      <Filter>Header Files</Filter>
    </ClInclude>
    <ClInclude Include="statterm.h">
      <Filter>Header Files</Filter>
    </ClInclude>
    <ClInclude Include="table.h">
      <Filter>Header Files</Filter>
    </ClInclude>
    <ClInclude Include="textin.h">
      <Filter>Header Files</Filter>
    </ClInclude>
    <ClInclude Include="toolbar.h">
      <Filter>Header Files</Filter>
    </ClInclude>
    <ClInclude Include="tooltip.h">
      <Filter>Header Files</Filter>
    </ClInclude>
    <ClInclude Include="transfer.h">
      <Filter>Header Files</Filter>
    </ClInclude>
    <ClInclude Include="uselist.h">
      <Filter>Header Files</Filter>
    </ClInclude>
    <ClInclude Include="util.h">
      <Filter>Header Files</Filter>
    </ClInclude>
    <ClInclude Include="web.h">
      <Filter>Header Files</Filter>
    </ClInclude>
    <ClInclude Include="winmenu.h">
      <Filter>Header Files</Filter>
    </ClInclude>
    <ClInclude Include="winmsg.h">
      <Filter>Header Files</Filter>
    </ClInclude>
    <ClInclude Include="trig.h">
      <Filter>Header Files</Filter>
    </ClInclude>
    <ClInclude Include="audio.h">
      <Filter>Header Files</Filter>
    </ClInclude>
  </ItemGroup>
  <ItemGroup>
    <ClCompile Include="about.c">
      <Filter>Source Files</Filter>
    </ClCompile>
    <ClCompile Include="animate.c">
      <Filter>Source Files</Filter>
    </ClCompile>
    <ClCompile Include="annotate.c">
      <Filter>Source Files</Filter>
    </ClCompile>
    <ClCompile Include="bitmap.c">
      <Filter>Source Files</Filter>
    </ClCompile>
    <ClCompile Include="boverlay.c">
      <Filter>Source Files</Filter>
    </ClCompile>
    <ClCompile Include="bspload.c">
      <Filter>Source Files</Filter>
    </ClCompile>
    <ClCompile Include="buy.c">
      <Filter>Source Files</Filter>
    </ClCompile>
    <ClCompile Include="cache.c">
      <Filter>Source Files</Filter>
    </ClCompile>
    <ClCompile Include="client.c">
      <Filter>Source Files</Filter>
    </ClCompile>
    <ClCompile Include="client3d.c">
      <Filter>Source Files</Filter>
    </ClCompile>
    <ClCompile Include="color.c">
      <Filter>Source Files</Filter>
    </ClCompile>
    <ClCompile Include="com.c">
      <Filter>Source Files</Filter>
    </ClCompile>
    <ClCompile Include="config.c">
      <Filter>Source Files</Filter>
    </ClCompile>
    <ClCompile Include="cursor.c">
      <Filter>Source Files</Filter>
    </ClCompile>
    <ClCompile Include="d3dcache.c">
      <Filter>Source Files</Filter>
    </ClCompile>
    <ClCompile Include="d3ddriver.c">
      <Filter>Source Files</Filter>
    </ClCompile>
    <ClCompile Include="d3dparticle.c">
      <Filter>Source Files</Filter>
    </ClCompile>
    <ClCompile Include="d3drender.c">
      <Filter>Source Files</Filter>
    </ClCompile>
    <ClCompile Include="dialog.c">
      <Filter>Source Files</Filter>
    </ClCompile>
    <ClCompile Include="dibutil.c">
      <Filter>Source Files</Filter>
    </ClCompile>
    <ClCompile Include="download.c">
      <Filter>Source Files</Filter>
    </ClCompile>
    <ClCompile Include="draw.c">
      <Filter>Source Files</Filter>
    </ClCompile>
    <ClCompile Include="draw3d.c">
      <Filter>Source Files</Filter>
    </ClCompile>
    <ClCompile Include="drawbmp.c">
      <Filter>Source Files</Filter>
    </ClCompile>
    <ClCompile Include="drawbsp.c">
      <Filter>Source Files</Filter>
    </ClCompile>
    <ClCompile Include="editbox.c">
      <Filter>Source Files</Filter>
    </ClCompile>
    <ClCompile Include="effect.c">
      <Filter>Source Files</Filter>
    </ClCompile>
    <ClCompile Include="fastasm.c">
      <Filter>Source Files</Filter>
    </ClCompile>
    <ClCompile Include="fixed.c">
      <Filter>Source Files</Filter>
    </ClCompile>
    <ClCompile Include="font.c">
      <Filter>Source Files</Filter>
    </ClCompile>
    <ClCompile Include="game.c">
      <Filter>Source Files</Filter>
    </ClCompile>
    <ClCompile Include="gameuser.c">
      <Filter>Source Files</Filter>
    </ClCompile>
    <ClCompile Include="graphctl.c">
      <Filter>Source Files</Filter>
    </ClCompile>
    <ClCompile Include="graphics.c">
      <Filter>Source Files</Filter>
    </ClCompile>
    <ClCompile Include="guest.c">
      <Filter>Source Files</Filter>
    </ClCompile>
    <ClCompile Include="idlist.c">
      <Filter>Source Files</Filter>
    </ClCompile>
    <ClCompile Include="intrface.c">
      <Filter>Source Files</Filter>
    </ClCompile>
    <ClCompile Include="key.c">
      <Filter>Source Files</Filter>
    </ClCompile>
    <ClCompile Include="keyhook.c">
      <Filter>Source Files</Filter>
    </ClCompile>
    <ClCompile Include="lagbox.c">
      <Filter>Source Files</Filter>
    </ClCompile>
    <ClCompile Include="list.c">
      <Filter>Source Files</Filter>
    </ClCompile>
    <ClCompile Include="loadrsc.c">
      <Filter>Source Files</Filter>
    </ClCompile>
    <ClCompile Include="login.c">
      <Filter>Source Files</Filter>
    </ClCompile>
    <ClCompile Include="logoff.c">
      <Filter>Source Files</Filter>
    </ClCompile>
    <ClCompile Include="lookdlg.c">
      <Filter>Source Files</Filter>
    </ClCompile>
    <ClCompile Include="maindlg.c">
      <Filter>Source Files</Filter>
    </ClCompile>
    <ClCompile Include="map.c">
      <Filter>Source Files</Filter>
    </ClCompile>
    <ClCompile Include="mapfile.c">
      <Filter>Source Files</Filter>
    </ClCompile>
    <ClCompile Include="matrix.c">
      <Filter>Source Files</Filter>
    </ClCompile>
    <ClCompile Include="memmap.c">
      <Filter>Source Files</Filter>
    </ClCompile>
    <ClCompile Include="modules.c">
      <Filter>Source Files</Filter>
    </ClCompile>
    <ClCompile Include="move.c">
      <Filter>Source Files</Filter>
    </ClCompile>
    <ClCompile Include="moveobj.c">
      <Filter>Source Files</Filter>
    </ClCompile>
    <ClCompile Include="msgbox.c">
      <Filter>Source Files</Filter>
    </ClCompile>
    <ClCompile Include="msgfiltr.c">
      <Filter>Source Files</Filter>
    </ClCompile>
    <ClCompile Include="objdraw.c">
      <Filter>Source Files</Filter>
    </ClCompile>
    <ClCompile Include="object.c">
      <Filter>Source Files</Filter>
    </ClCompile>
    <ClCompile Include="object3d.c">
      <Filter>Source Files</Filter>
    </ClCompile>
    <ClCompile Include="offer.c">
      <Filter>Source Files</Filter>
    </ClCompile>
    <ClCompile Include="overlay.c">
      <Filter>Source Files</Filter>
    </ClCompile>
    <ClCompile Include="ownerdrw.c">
      <Filter>Source Files</Filter>
    </ClCompile>
    <ClCompile Include="palette.c">
      <Filter>Source Files</Filter>
    </ClCompile>
    <ClCompile Include="parse.c">
      <Filter>Source Files</Filter>
    </ClCompile>
    <ClCompile Include="ping.c">
      <Filter>Source Files</Filter>
    </ClCompile>
    <ClCompile Include="profane.c">
      <Filter>Source Files</Filter>
    </ClCompile>
    <ClCompile Include="project.c">
      <Filter>Source Files</Filter>
    </ClCompile>
    <ClCompile Include="protocol.c">
      <Filter>Source Files</Filter>
    </ClCompile>
    <ClCompile Include="regexpr.c">
      <Filter>Source Files</Filter>
    </ClCompile>
    <ClCompile Include="roomanim.c">
      <Filter>Source Files</Filter>
    </ClCompile>
    <ClCompile Include="rops.c">
      <Filter>Source Files</Filter>
    </ClCompile>
    <ClCompile Include="say.c">
      <Filter>Source Files</Filter>
    </ClCompile>
    <ClCompile Include="select.c">
      <Filter>Source Files</Filter>
    </ClCompile>
    <ClCompile Include="server.c">
      <Filter>Source Files</Filter>
    </ClCompile>
    <ClCompile Include="srvrstr.c">
      <Filter>Source Files</Filter>
    </ClCompile>
    <ClCompile Include="startup.c">
      <Filter>Source Files</Filter>
    </ClCompile>
    <ClCompile Include="statconn.c">
      <Filter>Source Files</Filter>
    </ClCompile>
    <ClCompile Include="statgame.c">
      <Filter>Source Files</Filter>
    </ClCompile>
    <ClCompile Include="statoffl.c">
      <Filter>Source Files</Filter>
    </ClCompile>
    <ClCompile Include="statstrt.c">
      <Filter>Source Files</Filter>
    </ClCompile>
    <ClCompile Include="statterm.c">
      <Filter>Source Files</Filter>
    </ClCompile>
    <ClCompile Include="table.c">
      <Filter>Source Files</Filter>
    </ClCompile>
    <ClCompile Include="textin.c">
      <Filter>Source Files</Filter>
    </ClCompile>
    <ClCompile Include="toolbar.c">
      <Filter>Source Files</Filter>
    </ClCompile>
    <ClCompile Include="tooltip.c">
      <Filter>Source Files</Filter>
    </ClCompile>
    <ClCompile Include="transfer.c">
      <Filter>Source Files</Filter>
    </ClCompile>
    <ClCompile Include="uselist.c">
      <Filter>Source Files</Filter>
    </ClCompile>
    <ClCompile Include="util.c">
      <Filter>Source Files</Filter>
    </ClCompile>
    <ClCompile Include="web.c">
      <Filter>Source Files</Filter>
    </ClCompile>
    <ClCompile Include="winmenu.c">
      <Filter>Source Files</Filter>
    </ClCompile>
    <ClCompile Include="winmsg.c">
      <Filter>Source Files</Filter>
    </ClCompile>
    <ClCompile Include="xform.c">
      <Filter>Source Files</Filter>
    </ClCompile>
    <ClCompile Include="xlat.c">
      <Filter>Source Files</Filter>
    </ClCompile>
    <ClCompile Include="trig.c">
      <Filter>Source Files</Filter>
    </ClCompile>
    <ClCompile Include="..\util\crc.c">
      <Filter>util</Filter>
    </ClCompile>
    <ClCompile Include="..\util\md5.c">
      <Filter>util</Filter>
    </ClCompile>
    <ClCompile Include="pal.c">
      <Filter>Source Files</Filter>
    </ClCompile>
    <ClCompile Include="audio.c">
      <Filter>Source Files</Filter>
    </ClCompile>
  </ItemGroup>
  <ItemGroup>
    <ResourceCompile Include="client.rc">
      <Filter>Resource Files</Filter>
    </ResourceCompile>
  </ItemGroup>
  <ItemGroup>
    <None Include="client.def">
      <Filter>Resource Files</Filter>
    </None>
  </ItemGroup>
</Project>