<?xml version="1.0" encoding="utf-8"?>
<Project ToolsVersion="4.0" xmlns="http://schemas.microsoft.com/developer/msbuild/2003">
  <ItemGroup>
    <Filter Include="Source Files">
      <UniqueIdentifier>{0197b61d-bac1-4aa7-871f-8c55f4db3f45}</UniqueIdentifier>
      <Extensions>cpp;c;cxx;rc;def;r;odl;idl;hpj;bat</Extensions>
    </Filter>
    <Filter Include="Source Files\msc">
      <UniqueIdentifier>{75c91f94-53b4-45c9-a35e-fd5246b46ba0}</UniqueIdentifier>
    </Filter>
    <Filter Include="Header Files">
      <UniqueIdentifier>{61beea86-495a-47ef-a77d-6e8eb9a6623c}</UniqueIdentifier>
      <Extensions>h;hpp;hxx;hm;inl</Extensions>
    </Filter>
    <Filter Include="Header Files\private">
      <UniqueIdentifier>{28b48cd0-3927-4047-abcf-c7cce8e517f6}</UniqueIdentifier>
    </Filter>
    <Filter Include="Resource Files">
      <UniqueIdentifier>{50812448-78d6-4074-bd00-32c98c5a4244}</UniqueIdentifier>
      <Extensions>rc</Extensions>
    </Filter>
    <Filter Include="Make Files">
      <UniqueIdentifier>{8ea1069c-1f63-4323-87c6-bb75dd5d5fe0}</UniqueIdentifier>
      <Extensions>*.mak</Extensions>
    </Filter>
  </ItemGroup>
  <ItemGroup>
    <ClCompile Include="..\animctrl.cpp">
      <Filter>Source Files</Filter>
    </ClCompile>
    <ClCompile Include="..\appdict.cpp">
      <Filter>Source Files</Filter>
    </ClCompile>
    <ClCompile Include="..\applicat.cpp">
      <Filter>Source Files</Filter>
    </ClCompile>
    <ClCompile Include="..\bardescr.cpp">
      <Filter>Source Files</Filter>
    </ClCompile>
    <ClCompile Include="..\bitmap.cpp">
      <Filter>Source Files</Filter>
    </ClCompile>
    <ClCompile Include="..\bitmapga.cpp">
      <Filter>Source Files</Filter>
    </ClCompile>
    <ClCompile Include="..\bitset.cpp">
      <Filter>Source Files</Filter>
    </ClCompile>
    <ClCompile Include="..\brush.cpp">
      <Filter>Source Files</Filter>
    </ClCompile>
    <ClCompile Include="..\btntextg.cpp">
      <Filter>Source Files</Filter>
    </ClCompile>
    <ClCompile Include="..\button.cpp">
      <Filter>Source Files</Filter>
    </ClCompile>
    <ClCompile Include="..\buttonga.cpp">
      <Filter>Source Files</Filter>
    </ClCompile>
    <ClCompile Include="..\castable.cpp">
      <Filter>Source Files</Filter>
    </ClCompile>
    <ClCompile Include="..\celarray.cpp">
      <Filter>Source Files</Filter>
    </ClCompile>
    <ClCompile Include="..\checkbox.cpp">
      <Filter>Source Files</Filter>
    </ClCompile>
    <ClCompile Include="..\checklst.cpp">
      <Filter>Source Files</Filter>
    </ClCompile>
    <ClCompile Include="..\checks.cpp">
      <Filter>Source Files</Filter>
    </ClCompile>
    <ClCompile Include="..\chooseco.cpp">
      <Filter>Source Files</Filter>
    </ClCompile>
    <ClCompile Include="..\choosefo.cpp">
      <Filter>Source Files</Filter>
    </ClCompile>
    <ClCompile Include="..\clipboar.cpp">
      <Filter>Source Files</Filter>
    </ClCompile>
    <ClCompile Include="..\clipview.cpp">
      <Filter>Source Files</Filter>
    </ClCompile>
    <ClCompile Include="..\cmdline.cpp">
      <Filter>Source Files</Filter>
    </ClCompile>
    <ClCompile Include="..\codepages.cpp">
      <Filter>Source Files</Filter>
    </ClCompile>
    <ClCompile Include="..\colmnhdr.cpp">
      <Filter>Source Files</Filter>
    </ClCompile>
    <ClCompile Include="..\color.cpp">
      <Filter>Source Files</Filter>
    </ClCompile>
    <ClCompile Include="..\combobex.cpp">
      <Filter>Source Files</Filter>
    </ClCompile>
    <ClCompile Include="..\combobox.cpp">
      <Filter>Source Files</Filter>
    </ClCompile>
    <ClCompile Include="..\commctrl.cpp">
      <Filter>Source Files</Filter>
    </ClCompile>
    <ClCompile Include="..\commdial.cpp">
      <Filter>Source Files</Filter>
    </ClCompile>
    <ClCompile Include="..\commview.cpp">
      <Filter>Source Files</Filter>
    </ClCompile>
    <ClCompile Include="..\configfl.cpp">
      <Filter>Source Files</Filter>
    </ClCompile>
    <ClCompile Include="..\control.cpp">
      <Filter>Source Files</Filter>
    </ClCompile>
    <ClCompile Include="..\controlb.cpp">
      <Filter>Source Files</Filter>
    </ClCompile>
    <ClCompile Include="..\controlg.cpp">
      <Filter>Source Files</Filter>
    </ClCompile>
    <ClCompile Include="..\coolbar.cpp">
      <Filter>Source Files</Filter>
    </ClCompile>
    <ClCompile Include="..\createdc.cpp">
      <Filter>Source Files</Filter>
    </ClCompile>
    <ClCompile Include="..\cursor.cpp">
      <Filter>Source Files</Filter>
    </ClCompile>
    <ClCompile Include="..\date.cpp">
      <Filter>Source Files</Filter>
    </ClCompile>
    <ClCompile Include="..\dateio.cpp">
      <Filter>Source Files</Filter>
    </ClCompile>
    <ClCompile Include="..\datep.cpp">
      <Filter>Source Files</Filter>
    </ClCompile>
    <ClCompile Include="..\datetime.cpp">
      <Filter>Source Files</Filter>
    </ClCompile>
    <ClCompile Include="..\dc.cpp">
      <Filter>Source Files</Filter>
    </ClCompile>
    <ClCompile Include="..\decframe.cpp">
      <Filter>Source Files</Filter>
    </ClCompile>
    <ClCompile Include="..\decmdifr.cpp">
      <Filter>Source Files</Filter>
    </ClCompile>
    <ClCompile Include="..\diaginit.cpp">
      <Filter>Source Files</Filter>
    </ClCompile>
    <ClCompile Include="..\dialog.cpp">
      <Filter>Source Files</Filter>
    </ClCompile>
    <ClCompile Include="..\dib.cpp">
      <Filter>Source Files</Filter>
    </ClCompile>
    <ClCompile Include="..\dibdc.cpp">
      <Filter>Source Files</Filter>
    </ClCompile>
    <ClCompile Include="..\dibitmap.cpp">
      <Filter>Source Files</Filter>
    </ClCompile>
    <ClCompile Include="..\docking.cpp">
      <Filter>Source Files</Filter>
    </ClCompile>
    <ClCompile Include="..\docmanag.cpp">
      <Filter>Source Files</Filter>
    </ClCompile>
    <ClCompile Include="..\doctpl.cpp">
      <Filter>Source Files</Filter>
    </ClCompile>
    <ClCompile Include="..\document.cpp">
      <Filter>Source Files</Filter>
    </ClCompile>
    <ClCompile Include="..\draglist.cpp">
      <Filter>Source Files</Filter>
    </ClCompile>
    <ClCompile Include="..\drawitem.cpp">
      <Filter>Source Files</Filter>
    </ClCompile>
    <ClCompile Include="..\dumpstack.cpp">
      <Filter>Source Files</Filter>
    </ClCompile>
    <ClCompile Include="..\edit.cpp">
      <Filter>Source Files</Filter>
    </ClCompile>
    <ClCompile Include="..\editfile.cpp">
      <Filter>Source Files</Filter>
    </ClCompile>
    <ClCompile Include="..\editsear.cpp">
      <Filter>Source Files</Filter>
    </ClCompile>
    <ClCompile Include="..\editview.cpp">
      <Filter>Source Files</Filter>
    </ClCompile>
    <ClCompile Include="..\eventhan.cpp">
      <Filter>Source Files</Filter>
    </ClCompile>
    <ClCompile Include="..\exbase.cpp">
      <Filter>Source Files</Filter>
    </ClCompile>
    <ClCompile Include="..\except.cpp">
      <Filter>Source Files</Filter>
    </ClCompile>
    <ClCompile Include="..\file.cpp">
      <Filter>Source Files</Filter>
    </ClCompile>
    <ClCompile Include="..\filedoc.cpp">
      <Filter>Source Files</Filter>
    </ClCompile>
    <ClCompile Include="..\filename.cpp">
      <Filter>Source Files</Filter>
    </ClCompile>
    <ClCompile Include="..\filtval.cpp">
      <Filter>Source Files</Filter>
    </ClCompile>
    <ClCompile Include="..\findrepl.cpp">
      <Filter>Source Files</Filter>
    </ClCompile>
    <ClCompile Include="..\flatctrl.cpp">
      <Filter>Source Files</Filter>
    </ClCompile>
    <ClCompile Include="..\floatfra.cpp">
      <Filter>Source Files</Filter>
    </ClCompile>
    <ClCompile Include="..\font.cpp">
      <Filter>Source Files</Filter>
    </ClCompile>
    <ClCompile Include="..\framewin.cpp">
      <Filter>Source Files</Filter>
    </ClCompile>
    <ClCompile Include="..\fscroll.cpp">
      <Filter>Source Files</Filter>
    </ClCompile>
    <ClCompile Include="..\functor.cpp">
      <Filter>Source Files</Filter>
    </ClCompile>
    <ClCompile Include="..\gadget.cpp">
      <Filter>Source Files</Filter>
    </ClCompile>
    <ClCompile Include="..\gadgetli.cpp">
      <Filter>Source Files</Filter>
    </ClCompile>
    <ClCompile Include="..\gadgetwi.cpp">
      <Filter>Source Files</Filter>
    </ClCompile>
    <ClCompile Include="..\gauge.cpp">
      <Filter>Source Files</Filter>
    </ClCompile>
    <ClCompile Include="..\gdibase.cpp">
      <Filter>Source Files</Filter>
    </ClCompile>
    <ClCompile Include="..\gdiobjec.cpp">
      <Filter>Source Files</Filter>
    </ClCompile>
    <ClCompile Include="..\geometrp.cpp">
      <Filter>Source Files</Filter>
    </ClCompile>
    <ClCompile Include="..\geometrs.cpp">
      <Filter>Source Files</Filter>
    </ClCompile>
    <ClCompile Include="..\geometry.cpp">
      <Filter>Source Files</Filter>
    </ClCompile>
    <ClCompile Include="..\global.cpp">
      <Filter>Source Files</Filter>
    </ClCompile>
    <ClCompile Include="..\glyphbtn.cpp">
      <Filter>Source Files</Filter>
    </ClCompile>
    <ClCompile Include="..\groupbox.cpp">
      <Filter>Source Files</Filter>
    </ClCompile>
    <ClCompile Include="..\hlpmanag.cpp">
      <Filter>Source Files</Filter>
    </ClCompile>
    <ClCompile Include="..\hotkey.cpp">
      <Filter>Source Files</Filter>
    </ClCompile>
    <ClCompile Include="..\hslider.cpp">
      <Filter>Source Files</Filter>
    </ClCompile>
    <ClCompile Include="..\icon.cpp">
      <Filter>Source Files</Filter>
    </ClCompile>
    <ClCompile Include="..\imagelst.cpp">
      <Filter>Source Files</Filter>
    </ClCompile>
    <ClCompile Include="..\initdll.cpp">
      <Filter>Source Files</Filter>
    </ClCompile>
    <ClCompile Include="..\inputdia.cpp">
      <Filter>Source Files</Filter>
    </ClCompile>
    <ClCompile Include="..\ipaddres.cpp">
      <Filter>Source Files</Filter>
    </ClCompile>
    <ClCompile Include="..\layoutwi.cpp">
      <Filter>Source Files</Filter>
    </ClCompile>
    <ClCompile Include="..\libmain.cpp">
      <Filter>Source Files</Filter>
    </ClCompile>
    <ClCompile Include="..\listbox.cpp">
      <Filter>Source Files</Filter>
    </ClCompile>
    <ClCompile Include="..\listboxview.cpp">
      <Filter>Source Files</Filter>
    </ClCompile>
    <ClCompile Include="..\listviewctrl.cpp">
      <Filter>Source Files</Filter>
    </ClCompile>
    <ClCompile Include="..\locale.cpp">
      <Filter>Source Files</Filter>
    </ClCompile>
    <ClCompile Include="..\localeco.cpp">
      <Filter>Source Files</Filter>
    </ClCompile>
    <ClCompile Include="..\localeid.cpp">
      <Filter>Source Files</Filter>
    </ClCompile>
    <ClCompile Include="..\lookval.cpp">
      <Filter>Source Files</Filter>
    </ClCompile>
    <ClCompile Include="..\mailer.cpp">
      <Filter>Source Files</Filter>
    </ClCompile>
    <ClCompile Include="..\main.cpp">
      <Filter>Source Files</Filter>
    </ClCompile>
    <ClCompile Include="..\mci.cpp">
      <Filter>Source Files</Filter>
    </ClCompile>
    <ClCompile Include="..\mciwav.cpp">
      <Filter>Source Files</Filter>
    </ClCompile>
    <ClCompile Include="..\mdichild.cpp">
      <Filter>Source Files</Filter>
    </ClCompile>
    <ClCompile Include="..\mdiclien.cpp">
      <Filter>Source Files</Filter>
    </ClCompile>
    <ClCompile Include="..\mdiframe.cpp">
      <Filter>Source Files</Filter>
    </ClCompile>
    <ClCompile Include="..\memcbox.cpp">
      <Filter>Source Files</Filter>
    </ClCompile>
    <ClCompile Include="..\memory.cpp">
      <Filter>Source Files</Filter>
    </ClCompile>
    <ClCompile Include="..\memorydc.cpp">
      <Filter>Source Files</Filter>
    </ClCompile>
    <ClCompile Include="..\menu.cpp">
      <Filter>Source Files</Filter>
    </ClCompile>
    <ClCompile Include="..\menudesc.cpp">
      <Filter>Source Files</Filter>
    </ClCompile>
    <ClCompile Include="..\menugadg.cpp">
      <Filter>Source Files</Filter>
    </ClCompile>
    <ClCompile Include="..\messageb.cpp">
      <Filter>Source Files</Filter>
    </ClCompile>
    <ClCompile Include="..\metafile.cpp">
      <Filter>Source Files</Filter>
    </ClCompile>
    <ClCompile Include="..\metafldc.cpp">
      <Filter>Source Files</Filter>
    </ClCompile>
    <ClCompile Include="..\modegad.cpp">
      <Filter>Source Files</Filter>
    </ClCompile>
    <ClCompile Include="..\module.cpp">
      <Filter>Source Files</Filter>
    </ClCompile>
    <ClCompile Include="..\modversi.cpp">
      <Filter>Source Files</Filter>
    </ClCompile>
    <ClCompile Include="..\monthcal.cpp">
      <Filter>Source Files</Filter>
    </ClCompile>
    <ClCompile Include="..\msgthred.cpp">
      <Filter>Source Files</Filter>
    </ClCompile>
    <ClCompile Include="..\notetab.cpp">
      <Filter>Source Files</Filter>
    </ClCompile>
    <ClCompile Include="..\objstrm.cpp">
      <Filter>Source Files</Filter>
    </ClCompile>
    <ClCompile Include="..\opensave.cpp">
      <Filter>Source Files</Filter>
    </ClCompile>
    <ClCompile Include="..\owl.cpp">
      <Filter>Source Files</Filter>
    </ClCompile>
    <ClCompile Include="..\owlmain.cpp">
      <Filter>Source Files</Filter>
    </ClCompile>
    <ClCompile Include="..\pager.cpp">
      <Filter>Source Files</Filter>
    </ClCompile>
    <ClCompile Include="..\paintdc.cpp">
      <Filter>Source Files</Filter>
    </ClCompile>
    <ClCompile Include="..\palette.cpp">
      <Filter>Source Files</Filter>
    </ClCompile>
    <ClCompile Include="..\panespli.cpp">
      <Filter>Source Files</Filter>
    </ClCompile>
    <ClCompile Include="..\pen.cpp">
      <Filter>Source Files</Filter>
    </ClCompile>
    <ClCompile Include="..\picker.cpp">
      <Filter>Source Files</Filter>
    </ClCompile>
    <ClCompile Include="..\picklist.cpp">
      <Filter>Source Files</Filter>
    </ClCompile>
    <ClCompile Include="..\pictval.cpp">
      <Filter>Source Files</Filter>
    </ClCompile>
    <ClCompile Include="..\pictwind.cpp">
      <Filter>Source Files</Filter>
    </ClCompile>
    <ClCompile Include="..\popupgad.cpp">
      <Filter>Source Files</Filter>
    </ClCompile>
    <ClCompile Include="..\preview.cpp">
      <Filter>Source Files</Filter>
    </ClCompile>
    <ClCompile Include="..\prevwin.cpp">
      <Filter>Source Files</Filter>
    </ClCompile>
    <ClCompile Include="..\printdc.cpp">
      <Filter>Source Files</Filter>
    </ClCompile>
    <ClCompile Include="..\printdia.cpp">
      <Filter>Source Files</Filter>
    </ClCompile>
    <ClCompile Include="..\printer.cpp">
      <Filter>Source Files</Filter>
    </ClCompile>
    <ClCompile Include="..\printout.cpp">
      <Filter>Source Files</Filter>
    </ClCompile>
    <ClCompile Include="..\profile.cpp">
      <Filter>Source Files</Filter>
    </ClCompile>
    <ClCompile Include="..\progressbar.cpp">
      <Filter>Source Files</Filter>
    </ClCompile>
    <ClCompile Include="..\propsht.cpp">
      <Filter>Source Files</Filter>
    </ClCompile>
    <ClCompile Include="..\psview.cpp">
      <Filter>Source Files</Filter>
    </ClCompile>
    <ClCompile Include="..\radiobut.cpp">
      <Filter>Source Files</Filter>
    </ClCompile>
    <ClCompile Include="..\rangeval.cpp">
      <Filter>Source Files</Filter>
    </ClCompile>
    <ClCompile Include="..\rcntfile.cpp">
      <Filter>Source Files</Filter>
    </ClCompile>
    <ClCompile Include="..\regexp.cpp">
      <Filter>Source Files</Filter>
    </ClCompile>
    <ClCompile Include="..\regheap.cpp">
      <Filter>Source Files</Filter>
    </ClCompile>
    <ClCompile Include="..\region.cpp">
      <Filter>Source Files</Filter>
    </ClCompile>
    <ClCompile Include="..\registry.cpp">
      <Filter>Source Files</Filter>
    </ClCompile>
    <ClCompile Include="..\reglink.cpp">
      <Filter>Source Files</Filter>
    </ClCompile>
    <ClCompile Include="..\resource.cpp">
      <Filter>Source Files</Filter>
    </ClCompile>
    <ClCompile Include="..\richedit.cpp">
      <Filter>Source Files</Filter>
    </ClCompile>
    <ClCompile Include="..\richedpr.cpp">
      <Filter>Source Files</Filter>
    </ClCompile>
    <ClCompile Include="..\richedv.cpp">
      <Filter>Source Files</Filter>
    </ClCompile>
    <ClCompile Include="..\rolldial.cpp">
      <Filter>Source Files</Filter>
    </ClCompile>
    <ClCompile Include="..\scrollba.cpp">
      <Filter>Source Files</Filter>
    </ClCompile>
    <ClCompile Include="..\scroller.cpp">
      <Filter>Source Files</Filter>
    </ClCompile>
    <ClCompile Include="..\serialze.cpp">
      <Filter>Source Files</Filter>
    </ClCompile>
    <ClCompile Include="..\shellitm.cpp">
      <Filter>Source Files</Filter>
    </ClCompile>
    <ClCompile Include="..\shelwapi.cpp">
      <Filter>Source Files</Filter>
    </ClCompile>
    <ClCompile Include="..\slider.cpp">
      <Filter>Source Files</Filter>
    </ClCompile>
    <ClCompile Include="..\splashwi.cpp">
      <Filter>Source Files</Filter>
    </ClCompile>
    <ClCompile Include="..\static.cpp">
      <Filter>Source Files</Filter>
    </ClCompile>
    <ClCompile Include="..\statusba.cpp">
      <Filter>Source Files</Filter>
    </ClCompile>
    <ClCompile Include="..\swindow.cpp">
      <Filter>Source Files</Filter>
    </ClCompile>
    <ClCompile Include="..\system.cpp">
      <Filter>Source Files</Filter>
    </ClCompile>
    <ClCompile Include="..\tabbed.cpp">
      <Filter>Source Files</Filter>
    </ClCompile>
    <ClCompile Include="..\tabctrl.cpp">
      <Filter>Source Files</Filter>
    </ClCompile>
    <ClCompile Include="..\textgadg.cpp">
      <Filter>Source Files</Filter>
    </ClCompile>
    <ClCompile Include="..\theme.cpp">
      <Filter>Source Files</Filter>
    </ClCompile>
    <ClCompile Include="..\thread.cpp">
      <Filter>Source Files</Filter>
    </ClCompile>
    <ClCompile Include="..\time.cpp">
      <Filter>Source Files</Filter>
    </ClCompile>
    <ClCompile Include="..\timegadg.cpp">
      <Filter>Source Files</Filter>
    </ClCompile>
    <ClCompile Include="..\timeio.cpp">
      <Filter>Source Files</Filter>
    </ClCompile>
    <ClCompile Include="..\timep.cpp">
      <Filter>Source Files</Filter>
    </ClCompile>
    <ClCompile Include="..\tinycapt.cpp">
      <Filter>Source Files</Filter>
    </ClCompile>
    <ClCompile Include="..\tmplinst.cpp">
      <Filter>Source Files</Filter>
    </ClCompile>
    <ClCompile Include="..\toolbox.cpp">
      <Filter>Source Files</Filter>
    </ClCompile>
    <ClCompile Include="..\tooltip.cpp">
      <Filter>Source Files</Filter>
    </ClCompile>
    <ClCompile Include="..\tracewnd.cpp">
      <Filter>Source Files</Filter>
    </ClCompile>
    <ClCompile Include="..\transfer.cpp">
      <Filter>Source Files</Filter>
    </ClCompile>
    <ClCompile Include="..\transferbuffer.cpp">
      <Filter>Source Files</Filter>
    </ClCompile>
    <ClCompile Include="..\trayicon.cpp">
      <Filter>Source Files</Filter>
    </ClCompile>
    <ClCompile Include="..\treeviewctrl.cpp">
      <Filter>Source Files</Filter>
    </ClCompile>
    <ClCompile Include="..\uiborder.cpp">
      <Filter>Source Files</Filter>
    </ClCompile>
    <ClCompile Include="..\uiface.cpp">
      <Filter>Source Files</Filter>
    </ClCompile>
    <ClCompile Include="..\uihandle.cpp">
      <Filter>Source Files</Filter>
    </ClCompile>
    <ClCompile Include="..\uimetric.cpp">
      <Filter>Source Files</Filter>
    </ClCompile>
    <ClCompile Include="..\uipart.cpp">
      <Filter>Source Files</Filter>
    </ClCompile>
    <ClCompile Include="..\updown.cpp">
      <Filter>Source Files</Filter>
    </ClCompile>
    <ClCompile Include="..\ustring.cpp">
      <Filter>Source Files</Filter>
    </ClCompile>
    <ClCompile Include="..\validate.cpp">
      <Filter>Source Files</Filter>
    </ClCompile>
    <ClCompile Include="..\version.cpp">
      <Filter>Source Files</Filter>
    </ClCompile>
    <ClCompile Include="..\view.cpp">
      <Filter>Source Files</Filter>
    </ClCompile>
    <ClCompile Include="..\vslider.cpp">
      <Filter>Source Files</Filter>
    </ClCompile>
    <ClCompile Include="..\window.cpp">
      <Filter>Source Files</Filter>
    </ClCompile>
    <ClCompile Include="..\windowdc.cpp">
      <Filter>Source Files</Filter>
    </ClCompile>
    <ClCompile Include="..\winmain.cpp">
      <Filter>Source Files</Filter>
    </ClCompile>
    <ClCompile Include="..\winsock.cpp">
      <Filter>Source Files</Filter>
    </ClCompile>
    <ClCompile Include="..\wskaddr.cpp">
      <Filter>Source Files</Filter>
    </ClCompile>
    <ClCompile Include="..\wskerr.cpp">
      <Filter>Source Files</Filter>
    </ClCompile>
    <ClCompile Include="..\wskhostm.cpp">
      <Filter>Source Files</Filter>
    </ClCompile>
    <ClCompile Include="..\wskservm.cpp">
      <Filter>Source Files</Filter>
    </ClCompile>
    <ClCompile Include="..\wsksock.cpp">
      <Filter>Source Files</Filter>
    </ClCompile>
    <ClCompile Include="..\wsksockd.cpp">
      <Filter>Source Files</Filter>
    </ClCompile>
    <ClCompile Include="..\wsksockm.cpp">
      <Filter>Source Files</Filter>
    </ClCompile>
    <ClCompile Include="..\wsyscls.cpp">
      <Filter>Source Files</Filter>
    </ClCompile>
    <ClCompile Include="..\msc\owlpch.cpp">
      <Filter>Source Files\msc</Filter>
    </ClCompile>
    <ClCompile Include="..\syslink.cpp">
      <Filter>Source Files</Filter>
    </ClCompile>
  </ItemGroup>
  <ItemGroup>
    <ClInclude Include="..\version.h">
      <Filter>Source Files</Filter>
    </ClInclude>
    <ClInclude Include="..\..\..\include\owl\animctrl.h">
      <Filter>Header Files</Filter>
    </ClInclude>
    <ClInclude Include="..\..\..\include\owl\appdict.h">
      <Filter>Header Files</Filter>
    </ClInclude>
    <ClInclude Include="..\..\..\include\owl\applicat.h">
      <Filter>Header Files</Filter>
    </ClInclude>
    <ClInclude Include="..\..\..\include\owl\bardescr.h">
      <Filter>Header Files</Filter>
    </ClInclude>
    <ClInclude Include="..\..\..\include\owl\bitmapga.h">
      <Filter>Header Files</Filter>
    </ClInclude>
    <ClInclude Include="..\..\..\include\owl\bitset.h">
      <Filter>Header Files</Filter>
    </ClInclude>
    <ClInclude Include="..\..\..\include\owl\btntextg.h">
      <Filter>Header Files</Filter>
    </ClInclude>
    <ClInclude Include="..\..\..\include\owl\button.h">
      <Filter>Header Files</Filter>
    </ClInclude>
    <ClInclude Include="..\..\..\include\owl\buttonga.h">
      <Filter>Header Files</Filter>
    </ClInclude>
    <ClInclude Include="..\..\..\include\owl\celarray.h">
      <Filter>Header Files</Filter>
    </ClInclude>
    <ClInclude Include="..\..\..\include\owl\checkbox.h">
      <Filter>Header Files</Filter>
    </ClInclude>
    <ClInclude Include="..\..\..\include\owl\checklst.h">
      <Filter>Header Files</Filter>
    </ClInclude>
    <ClInclude Include="..\..\..\include\owl\chooseco.h">
      <Filter>Header Files</Filter>
    </ClInclude>
    <ClInclude Include="..\..\..\include\owl\choosefo.h">
      <Filter>Header Files</Filter>
    </ClInclude>
    <ClInclude Include="..\..\..\include\owl\clipboar.h">
      <Filter>Header Files</Filter>
    </ClInclude>
    <ClInclude Include="..\..\..\include\owl\clipview.h">
      <Filter>Header Files</Filter>
    </ClInclude>
    <ClInclude Include="..\..\..\include\owl\cmdline.h">
      <Filter>Header Files</Filter>
    </ClInclude>
    <ClInclude Include="..\..\..\include\owl\codepages.h">
      <Filter>Header Files</Filter>
    </ClInclude>
    <ClInclude Include="..\..\..\include\owl\colmnhdr.h">
      <Filter>Header Files</Filter>
    </ClInclude>
    <ClInclude Include="..\..\..\include\owl\color.h">
      <Filter>Header Files</Filter>
    </ClInclude>
    <ClInclude Include="..\..\..\include\owl\combobex.h">
      <Filter>Header Files</Filter>
    </ClInclude>
    <ClInclude Include="..\..\..\include\owl\combobox.h">
      <Filter>Header Files</Filter>
    </ClInclude>
    <ClInclude Include="..\..\..\include\owl\commctrl.h">
      <Filter>Header Files</Filter>
    </ClInclude>
    <ClInclude Include="..\..\..\include\owl\commdial.h">
      <Filter>Header Files</Filter>
    </ClInclude>
    <ClInclude Include="..\..\..\include\owl\commview.h">
      <Filter>Header Files</Filter>
    </ClInclude>
    <ClInclude Include="..\..\..\include\owl\configfl.h">
      <Filter>Header Files</Filter>
    </ClInclude>
    <ClInclude Include="..\..\..\include\owl\contain.h">
      <Filter>Header Files</Filter>
    </ClInclude>
    <ClInclude Include="..\..\..\include\owl\control.h">
      <Filter>Header Files</Filter>
    </ClInclude>
    <ClInclude Include="..\..\..\include\owl\controlb.h">
      <Filter>Header Files</Filter>
    </ClInclude>
    <ClInclude Include="..\..\..\include\owl\controlg.h">
      <Filter>Header Files</Filter>
    </ClInclude>
    <ClInclude Include="..\..\..\include\owl\coolbar.h">
      <Filter>Header Files</Filter>
    </ClInclude>
    <ClInclude Include="..\..\..\include\owl\date.h">
      <Filter>Header Files</Filter>
    </ClInclude>
    <ClInclude Include="..\..\..\include\owl\datetime.h">
      <Filter>Header Files</Filter>
    </ClInclude>
    <ClInclude Include="..\..\..\include\owl\dc.h">
      <Filter>Header Files</Filter>
    </ClInclude>
    <ClInclude Include="..\..\..\include\owl\decframe.h">
      <Filter>Header Files</Filter>
    </ClInclude>
    <ClInclude Include="..\..\..\include\owl\decmdifr.h">
      <Filter>Header Files</Filter>
    </ClInclude>
    <ClInclude Include="..\..\..\include\owl\defs.h">
      <Filter>Header Files</Filter>
    </ClInclude>
    <ClInclude Include="..\..\..\include\owl\dialog.h">
      <Filter>Header Files</Filter>
    </ClInclude>
    <ClInclude Include="..\..\..\include\owl\dibitmap.h">
      <Filter>Header Files</Filter>
    </ClInclude>
    <ClInclude Include="..\..\..\include\owl\dispatch.h">
      <Filter>Header Files</Filter>
    </ClInclude>
    <ClInclude Include="..\..\..\include\owl\docking.h">
      <Filter>Header Files</Filter>
    </ClInclude>
    <ClInclude Include="..\..\..\include\owl\docmanag.h">
      <Filter>Header Files</Filter>
    </ClInclude>
    <ClInclude Include="..\..\..\include\owl\doctpl.h">
      <Filter>Header Files</Filter>
    </ClInclude>
    <ClInclude Include="..\..\..\include\owl\docview.h">
      <Filter>Header Files</Filter>
    </ClInclude>
    <ClInclude Include="..\..\..\include\owl\doublescroller.h">
      <Filter>Header Files</Filter>
    </ClInclude>
    <ClInclude Include="..\..\..\include\owl\draglist.h">
      <Filter>Header Files</Filter>
    </ClInclude>
    <ClInclude Include="..\..\..\include\owl\drawitem.h">
      <Filter>Header Files</Filter>
    </ClInclude>
    <ClInclude Include="..\..\..\include\owl\edit.h">
      <Filter>Header Files</Filter>
    </ClInclude>
    <ClInclude Include="..\..\..\include\owl\editfile.h">
      <Filter>Header Files</Filter>
    </ClInclude>
    <ClInclude Include="..\..\..\include\owl\editsear.h">
      <Filter>Header Files</Filter>
    </ClInclude>
    <ClInclude Include="..\..\..\include\owl\editview.h">
      <Filter>Header Files</Filter>
    </ClInclude>
    <ClInclude Include="..\..\..\include\owl\eventhan.h">
      <Filter>Header Files</Filter>
    </ClInclude>
    <ClInclude Include="..\..\..\include\owl\exbase.h">
      <Filter>Header Files</Filter>
    </ClInclude>
    <ClInclude Include="..\..\..\include\owl\except.h">
      <Filter>Header Files</Filter>
    </ClInclude>
    <ClInclude Include="..\..\..\include\owl\file.h">
      <Filter>Header Files</Filter>
    </ClInclude>
    <ClInclude Include="..\..\..\include\owl\filedoc.h">
      <Filter>Header Files</Filter>
    </ClInclude>
    <ClInclude Include="..\..\..\include\owl\filename.h">
      <Filter>Header Files</Filter>
    </ClInclude>
    <ClInclude Include="..\..\..\include\owl\findrepl.h">
      <Filter>Header Files</Filter>
    </ClInclude>
    <ClInclude Include="..\..\..\include\owl\fixedpnt.h">
      <Filter>Header Files</Filter>
    </ClInclude>
    <ClInclude Include="..\..\..\include\owl\flatctrl.h">
      <Filter>Header Files</Filter>
    </ClInclude>
    <ClInclude Include="..\..\..\include\owl\floatfra.h">
      <Filter>Header Files</Filter>
    </ClInclude>
    <ClInclude Include="..\..\..\include\owl\framewin.h">
      <Filter>Header Files</Filter>
    </ClInclude>
    <ClInclude Include="..\..\..\include\owl\fscroll.h">
      <Filter>Header Files</Filter>
    </ClInclude>
    <ClInclude Include="..\..\..\include\owl\functor.h">
      <Filter>Header Files</Filter>
    </ClInclude>
    <ClInclude Include="..\..\..\include\owl\gadget.h">
      <Filter>Header Files</Filter>
    </ClInclude>
    <ClInclude Include="..\..\..\include\owl\gadgetwi.h">
      <Filter>Header Files</Filter>
    </ClInclude>
    <ClInclude Include="..\..\..\include\owl\gauge.h">
      <Filter>Header Files</Filter>
    </ClInclude>
    <ClInclude Include="..\..\..\include\owl\gdibase.h">
      <Filter>Header Files</Filter>
    </ClInclude>
    <ClInclude Include="..\..\..\include\owl\gdiobjec.h">
      <Filter>Header Files</Filter>
    </ClInclude>
    <ClInclude Include="..\..\..\include\owl\geometry.h">
      <Filter>Header Files</Filter>
    </ClInclude>
    <ClInclude Include="..\..\..\include\owl\glyphbtn.h">
      <Filter>Header Files</Filter>
    </ClInclude>
    <ClInclude Include="..\..\..\include\owl\groupbox.h">
      <Filter>Header Files</Filter>
    </ClInclude>
    <ClInclude Include="..\..\..\include\owl\hlpmanag.h">
      <Filter>Header Files</Filter>
    </ClInclude>
    <ClInclude Include="..\..\..\include\owl\hotkey.h">
      <Filter>Header Files</Filter>
    </ClInclude>
    <ClInclude Include="..\..\..\include\owl\imagelst.h">
      <Filter>Header Files</Filter>
    </ClInclude>
    <ClInclude Include="..\..\..\include\owl\inputdia.h">
      <Filter>Header Files</Filter>
    </ClInclude>
    <ClInclude Include="..\..\..\include\owl\ipaddres.h">
      <Filter>Header Files</Filter>
    </ClInclude>
    <ClInclude Include="..\..\..\include\owl\layoutco.h">
      <Filter>Header Files</Filter>
    </ClInclude>
    <ClInclude Include="..\..\..\include\owl\layoutwi.h">
      <Filter>Header Files</Filter>
    </ClInclude>
    <ClInclude Include="..\..\..\include\owl\lclstrng.h">
      <Filter>Header Files</Filter>
    </ClInclude>
    <ClInclude Include="..\..\..\include\owl\listbox.h">
      <Filter>Header Files</Filter>
    </ClInclude>
    <ClInclude Include="..\..\..\include\owl\listboxview.h">
      <Filter>Header Files</Filter>
    </ClInclude>
    <ClInclude Include="..\..\..\include\owl\listviewctrl.h">
      <Filter>Header Files</Filter>
    </ClInclude>
    <ClInclude Include="..\..\..\include\owl\mailer.h">
      <Filter>Header Files</Filter>
    </ClInclude>
    <ClInclude Include="..\..\..\include\owl\mci.h">
      <Filter>Header Files</Filter>
    </ClInclude>
    <ClInclude Include="..\..\..\include\owl\mdi.h">
      <Filter>Header Files</Filter>
    </ClInclude>
    <ClInclude Include="..\..\..\include\owl\mdichild.h">
      <Filter>Header Files</Filter>
    </ClInclude>
    <ClInclude Include="..\..\..\include\owl\memcbox.h">
      <Filter>Header Files</Filter>
    </ClInclude>
    <ClInclude Include="..\..\..\include\owl\menu.h">
      <Filter>Header Files</Filter>
    </ClInclude>
    <ClInclude Include="..\..\..\include\owl\menugadg.h">
      <Filter>Header Files</Filter>
    </ClInclude>
    <ClInclude Include="..\..\..\include\owl\messageb.h">
      <Filter>Header Files</Filter>
    </ClInclude>
    <ClInclude Include="..\..\..\include\owl\metafile.h">
      <Filter>Header Files</Filter>
    </ClInclude>
    <ClInclude Include="..\..\..\include\owl\modegad.h">
      <Filter>Header Files</Filter>
    </ClInclude>
    <ClInclude Include="..\..\..\include\owl\module.h">
      <Filter>Header Files</Filter>
    </ClInclude>
    <ClInclude Include="..\..\..\include\owl\monthcal.h">
      <Filter>Header Files</Filter>
    </ClInclude>
    <ClInclude Include="..\..\..\include\owl\msgthred.h">
      <Filter>Header Files</Filter>
    </ClInclude>
    <ClInclude Include="..\..\..\include\owl\notetab.h">
      <Filter>Header Files</Filter>
    </ClInclude>
    <ClInclude Include="..\..\..\include\owl\objstrm.h">
      <Filter>Header Files</Filter>
    </ClInclude>
    <ClInclude Include="..\..\..\include\owl\opensave.h">
      <Filter>Header Files</Filter>
    </ClInclude>
    <ClInclude Include="..\..\..\include\owl\owlall.h">
      <Filter>Header Files</Filter>
    </ClInclude>
    <ClInclude Include="..\..\..\include\owl\owlcore.h">
      <Filter>Header Files</Filter>
    </ClInclude>
    <ClInclude Include="..\..\..\include\owl\owlvcl.h">
      <Filter>Header Files</Filter>
    </ClInclude>
    <ClInclude Include="..\..\..\include\owl\pager.h">
      <Filter>Header Files</Filter>
    </ClInclude>
    <ClInclude Include="..\..\..\include\owl\panespli.h">
      <Filter>Header Files</Filter>
    </ClInclude>
    <ClInclude Include="..\..\..\include\owl\pch.h">
      <Filter>Header Files</Filter>
    </ClInclude>
    <ClInclude Include="..\..\..\include\owl\picker.h">
      <Filter>Header Files</Filter>
    </ClInclude>
    <ClInclude Include="..\..\..\include\owl\picklist.h">
      <Filter>Header Files</Filter>
    </ClInclude>
    <ClInclude Include="..\..\..\include\owl\pictwind.h">
      <Filter>Header Files</Filter>
    </ClInclude>
    <ClInclude Include="..\..\..\include\owl\pointer.h">
      <Filter>Header Files</Filter>
    </ClInclude>
    <ClInclude Include="..\..\..\include\owl\popupgad.h">
      <Filter>Header Files</Filter>
    </ClInclude>
    <ClInclude Include="..\..\..\include\owl\posclass.h">
      <Filter>Header Files</Filter>
    </ClInclude>
    <ClInclude Include="..\..\..\include\owl\preclass.h">
      <Filter>Header Files</Filter>
    </ClInclude>
    <ClInclude Include="..\..\..\include\owl\preview.h">
      <Filter>Header Files</Filter>
    </ClInclude>
    <ClInclude Include="..\..\..\include\owl\prevwin.h">
      <Filter>Header Files</Filter>
    </ClInclude>
    <ClInclude Include="..\..\..\include\owl\printdia.h">
      <Filter>Header Files</Filter>
    </ClInclude>
    <ClInclude Include="..\..\..\include\owl\printer.h">
      <Filter>Header Files</Filter>
    </ClInclude>
    <ClInclude Include="..\..\..\include\owl\profile.h">
      <Filter>Header Files</Filter>
    </ClInclude>
    <ClInclude Include="..\..\..\include\owl\progressbar.h">
      <Filter>Header Files</Filter>
    </ClInclude>
    <ClInclude Include="..\..\..\include\owl\property.h">
      <Filter>Header Files</Filter>
    </ClInclude>
    <ClInclude Include="..\..\..\include\owl\propsht.h">
      <Filter>Header Files</Filter>
    </ClInclude>
    <ClInclude Include="..\..\..\include\owl\psview.h">
      <Filter>Header Files</Filter>
    </ClInclude>
    <ClInclude Include="..\..\..\include\owl\radiobut.h">
      <Filter>Header Files</Filter>
    </ClInclude>
    <ClInclude Include="..\..\..\include\owl\rcntfile.h">
      <Filter>Header Files</Filter>
    </ClInclude>
    <ClInclude Include="..\..\..\include\owl\registry.h">
      <Filter>Header Files</Filter>
    </ClInclude>
    <ClInclude Include="..\..\..\include\owl\resource.h">
      <Filter>Header Files</Filter>
    </ClInclude>
    <ClInclude Include="..\..\..\include\owl\richedit.h">
      <Filter>Header Files</Filter>
    </ClInclude>
    <ClInclude Include="..\..\..\include\owl\richedpr.h">
      <Filter>Header Files</Filter>
    </ClInclude>
    <ClInclude Include="..\..\..\include\owl\richedv.h">
      <Filter>Header Files</Filter>
    </ClInclude>
    <ClInclude Include="..\..\..\include\owl\rolldial.h">
      <Filter>Header Files</Filter>
    </ClInclude>
    <ClInclude Include="..\..\..\include\owl\scrollba.h">
      <Filter>Header Files</Filter>
    </ClInclude>
    <ClInclude Include="..\..\..\include\owl\scroller.h">
      <Filter>Header Files</Filter>
    </ClInclude>
    <ClInclude Include="..\..\..\include\owl\serialze.h">
      <Filter>Header Files</Filter>
    </ClInclude>
    <ClInclude Include="..\..\..\include\owl\shddel.h">
      <Filter>Header Files</Filter>
    </ClInclude>
    <ClInclude Include="..\..\..\include\owl\shellitm.h">
      <Filter>Header Files</Filter>
    </ClInclude>
    <ClInclude Include="..\..\..\include\owl\shelwapi.h">
      <Filter>Header Files</Filter>
    </ClInclude>
    <ClInclude Include="..\..\..\include\owl\signatur.h">
      <Filter>Header Files</Filter>
    </ClInclude>
    <ClInclude Include="..\..\..\include\owl\slider.h">
      <Filter>Header Files</Filter>
    </ClInclude>
    <ClInclude Include="..\..\..\include\owl\splashwi.h">
      <Filter>Header Files</Filter>
    </ClInclude>
    <ClInclude Include="..\..\..\include\owl\splitter.h">
      <Filter>Header Files</Filter>
    </ClInclude>
    <ClInclude Include="..\..\..\include\owl\static.h">
      <Filter>Header Files</Filter>
    </ClInclude>
    <ClInclude Include="..\..\..\include\owl\statusba.h">
      <Filter>Header Files</Filter>
    </ClInclude>
    <ClInclude Include="..\..\..\include\owl\streambl.h">
      <Filter>Header Files</Filter>
    </ClInclude>
    <ClInclude Include="..\..\..\include\owl\string.h">
      <Filter>Header Files</Filter>
    </ClInclude>
    <ClInclude Include="..\..\..\include\owl\system.h">
      <Filter>Header Files</Filter>
    </ClInclude>
    <ClInclude Include="..\..\..\include\owl\tabbed.h">
      <Filter>Header Files</Filter>
    </ClInclude>
    <ClInclude Include="..\..\..\include\owl\tabctrl.h">
      <Filter>Header Files</Filter>
    </ClInclude>
    <ClInclude Include="..\..\..\include\owl\template.h">
      <Filter>Header Files</Filter>
    </ClInclude>
    <ClInclude Include="..\..\..\include\owl\textgadg.h">
      <Filter>Header Files</Filter>
    </ClInclude>
    <ClInclude Include="..\..\..\include\owl\theme.h">
      <Filter>Header Files</Filter>
    </ClInclude>
    <ClInclude Include="..\..\..\include\owl\thread.h">
      <Filter>Header Files</Filter>
    </ClInclude>
    <ClInclude Include="..\..\..\include\owl\time.h">
      <Filter>Header Files</Filter>
    </ClInclude>
    <ClInclude Include="..\..\..\include\owl\timegadg.h">
      <Filter>Header Files</Filter>
    </ClInclude>
    <ClInclude Include="..\..\..\include\owl\tinycapt.h">
      <Filter>Header Files</Filter>
    </ClInclude>
    <ClInclude Include="..\..\..\include\owl\toolbox.h">
      <Filter>Header Files</Filter>
    </ClInclude>
    <ClInclude Include="..\..\..\include\owl\tooltip.h">
      <Filter>Header Files</Filter>
    </ClInclude>
    <ClInclude Include="..\..\..\include\owl\transfer.h">
      <Filter>Header Files</Filter>
    </ClInclude>
    <ClInclude Include="..\..\..\include\owl\transferbuffer.h">
      <Filter>Header Files</Filter>
    </ClInclude>
    <ClInclude Include="..\..\..\include\owl\trayicon.h">
      <Filter>Header Files</Filter>
    </ClInclude>
    <ClInclude Include="..\..\..\include\owl\treeviewctrl.h">
      <Filter>Header Files</Filter>
    </ClInclude>
    <ClInclude Include="..\..\..\include\owl\uihelper.h">
      <Filter>Header Files</Filter>
    </ClInclude>
    <ClInclude Include="..\..\..\include\owl\uimetric.h">
      <Filter>Header Files</Filter>
    </ClInclude>
    <ClInclude Include="..\..\..\include\owl\updown.h">
      <Filter>Header Files</Filter>
    </ClInclude>
    <ClInclude Include="..\..\..\include\owl\validate.h">
      <Filter>Header Files</Filter>
    </ClInclude>
    <ClInclude Include="..\..\..\include\owl\version.h">
      <Filter>Header Files</Filter>
    </ClInclude>
    <ClInclude Include="..\..\..\include\owl\window.h">
      <Filter>Header Files</Filter>
    </ClInclude>
    <ClInclude Include="..\..\..\include\owl\windowev.h">
      <Filter>Header Files</Filter>
    </ClInclude>
    <ClInclude Include="..\..\..\include\owl\winsock.h">
      <Filter>Header Files</Filter>
    </ClInclude>
    <ClInclude Include="..\..\..\include\owl\wskaddr.h">
      <Filter>Header Files</Filter>
    </ClInclude>
    <ClInclude Include="..\..\..\include\owl\wskerr.h">
      <Filter>Header Files</Filter>
    </ClInclude>
    <ClInclude Include="..\..\..\include\owl\wskhostm.h">
      <Filter>Header Files</Filter>
    </ClInclude>
    <ClInclude Include="..\..\..\include\owl\wskservm.h">
      <Filter>Header Files</Filter>
    </ClInclude>
    <ClInclude Include="..\..\..\include\owl\wsksock.h">
      <Filter>Header Files</Filter>
    </ClInclude>
    <ClInclude Include="..\..\..\include\owl\wsksockd.h">
      <Filter>Header Files</Filter>
    </ClInclude>
    <ClInclude Include="..\..\..\include\owl\wsksockm.h">
      <Filter>Header Files</Filter>
    </ClInclude>
    <ClInclude Include="..\..\..\include\owl\wsyscls.h">
      <Filter>Header Files</Filter>
    </ClInclude>
    <ClInclude Include="..\..\..\include\owl\wsysinc.h">
      <Filter>Header Files</Filter>
    </ClInclude>
    <ClInclude Include="..\..\..\include\owl\private\borlandc.h">
      <Filter>Header Files\private</Filter>
    </ClInclude>
    <ClInclude Include="..\..\..\include\owl\private\bwcc.h">
      <Filter>Header Files\private</Filter>
    </ClInclude>
    <ClInclude Include="..\..\..\include\owl\private\checks.h">
      <Filter>Header Files\private</Filter>
    </ClInclude>
    <ClInclude Include="..\..\..\include\owl\private\cygwin.h">
      <Filter>Header Files\private</Filter>
    </ClInclude>
    <ClInclude Include="..\..\..\include\owl\private\defs.h">
      <Filter>Header Files\private</Filter>
    </ClInclude>
    <ClInclude Include="..\..\..\include\owl\private\dir.h">
      <Filter>Header Files\private</Filter>
    </ClInclude>
    <ClInclude Include="..\..\..\include\owl\private\dumpstack.h">
      <Filter>Header Files\private</Filter>
    </ClInclude>
    <ClInclude Include="..\..\..\include\owl\private\except.h">
      <Filter>Header Files\private</Filter>
    </ClInclude>
    <ClInclude Include="..\..\..\include\owl\private\forte.h">
      <Filter>Header Files\private</Filter>
    </ClInclude>
    <ClInclude Include="..\..\..\include\owl\private\gmodule.h">
      <Filter>Header Files\private</Filter>
    </ClInclude>
    <ClInclude Include="..\..\..\include\owl\private\gnuc.h">
      <Filter>Header Files\private</Filter>
    </ClInclude>
    <ClInclude Include="..\..\..\include\owl\private\memory.h">
      <Filter>Header Files\private</Filter>
    </ClInclude>
    <ClInclude Include="..\..\..\include\owl\private\mingw32.h">
      <Filter>Header Files\private</Filter>
    </ClInclude>
    <ClInclude Include="..\..\..\include\owl\private\msc.h">
      <Filter>Header Files\private</Filter>
    </ClInclude>
    <ClInclude Include="..\..\..\include\owl\private\number.h">
      <Filter>Header Files\private</Filter>
    </ClInclude>
    <ClInclude Include="..\..\..\include\owl\private\ole2inc.h">
      <Filter>Header Files\private</Filter>
    </ClInclude>
    <ClInclude Include="..\..\..\include\owl\private\owllink.h">
      <Filter>Header Files\private</Filter>
    </ClInclude>
    <ClInclude Include="..\..\..\include\owl\private\regexp.h">
      <Filter>Header Files\private</Filter>
    </ClInclude>
    <ClInclude Include="..\..\..\include\owl\private\strmdefs.h">
      <Filter>Header Files\private</Filter>
    </ClInclude>
    <ClInclude Include="..\..\..\include\owl\private\watcom.h">
      <Filter>Header Files\private</Filter>
    </ClInclude>
    <ClInclude Include="..\..\..\include\owl\private\winelib.h">
      <Filter>Header Files\private</Filter>
    </ClInclude>
    <ClInclude Include="..\..\..\include\owl\private\wsysinc.h">
      <Filter>Header Files\private</Filter>
    </ClInclude>
    <ClInclude Include="..\..\..\include\owl\gdiplus.h">
      <Filter>Header Files</Filter>
    </ClInclude>
    <ClInclude Include="..\..\..\include\owl\syslink.h">
      <Filter>Header Files</Filter>
    </ClInclude>
    <ClInclude Include="..\tracewnd.h">
      <Filter>Source Files</Filter>
    </ClInclude>
  </ItemGroup>
  <ItemGroup>
    <None Include="..\..\..\include\owl\colmnhdr.rh">
      <Filter>Header Files</Filter>
    </None>
    <None Include="..\..\..\include\owl\docview.rh">
      <Filter>Header Files</Filter>
    </None>
    <None Include="..\..\..\include\owl\edit.rh">
      <Filter>Header Files</Filter>
    </None>
    <None Include="..\..\..\include\owl\editfile.rh">
      <Filter>Header Files</Filter>
    </None>
    <None Include="..\..\..\include\owl\editsear.rh">
      <Filter>Header Files</Filter>
    </None>
    <None Include="..\..\..\include\owl\editview.rh">
      <Filter>Header Files</Filter>
    </None>
    <None Include="..\..\..\include\owl\except.rh">
      <Filter>Header Files</Filter>
    </None>
    <None Include="..\..\..\include\owl\glyphbtn.rh">
      <Filter>Header Files</Filter>
    </None>
    <None Include="..\..\..\include\owl\hlpmanag.rh">
      <Filter>Header Files</Filter>
    </None>
    <None Include="..\..\..\include\owl\inputdia.rh">
      <Filter>Header Files</Filter>
    </None>
    <None Include="..\..\..\include\owl\lclstrng.rh">
      <Filter>Header Files</Filter>
    </None>
    <None Include="..\..\..\include\owl\mdi.rh">
      <Filter>Header Files</Filter>
    </None>
    <None Include="..\..\..\include\owl\panespli.rh">
      <Filter>Header Files</Filter>
    </None>
    <None Include="..\..\..\include\owl\picklist.rh">
      <Filter>Header Files</Filter>
    </None>
    <None Include="..\..\..\include\owl\prevwin.rh">
      <Filter>Header Files</Filter>
    </None>
    <None Include="..\..\..\include\owl\printer.rh">
      <Filter>Header Files</Filter>
    </None>
    <None Include="..\..\..\include\owl\propsht.rh">
      <Filter>Header Files</Filter>
    </None>
    <None Include="..\..\..\include\owl\rcntfile.rh">
      <Filter>Header Files</Filter>
    </None>
    <None Include="..\..\..\include\owl\richedv.rh">
      <Filter>Header Files</Filter>
    </None>
    <None Include="..\..\..\include\owl\slider.rh">
      <Filter>Header Files</Filter>
    </None>
    <None Include="..\..\..\include\owl\statusba.rh">
      <Filter>Header Files</Filter>
    </None>
    <None Include="..\..\..\include\owl\validate.rh">
      <Filter>Header Files</Filter>
    </None>
    <None Include="..\..\..\include\owl\window.rh">
      <Filter>Header Files</Filter>
    </None>
    <None Include="..\..\..\include\owl\winres.rh">
      <Filter>Header Files</Filter>
    </None>
    <None Include="..\..\..\include\owl\winsock.rh">
      <Filter>Header Files</Filter>
    </None>
    <None Include="..\..\..\include\owl\res\appldocv.ico">
      <Filter>Resource Files</Filter>
    </None>
    <None Include="..\..\..\include\owl\res\applmdi.ico">
      <Filter>Resource Files</Filter>
    </None>
    <None Include="..\..\..\include\owl\res\applsdi.ico">
      <Filter>Resource Files</Filter>
    </None>
    <None Include="..\..\..\include\owl\res\borabout.bmp">
      <Filter>Resource Files</Filter>
    </None>
    <None Include="..\..\..\include\owl\res\btn_appl.bmp">
      <Filter>Resource Files</Filter>
    </None>
    <None Include="..\..\..\include\owl\res\btn_brws.bmp">
      <Filter>Resource Files</Filter>
    </None>
    <None Include="..\..\..\include\owl\res\btn_canc.bmp">
      <Filter>Resource Files</Filter>
    </None>
    <None Include="..\..\..\include\owl\res\btn_edit.bmp">
      <Filter>Resource Files</Filter>
    </None>
    <None Include="..\..\..\include\owl\res\btn_hlp.bmp">
      <Filter>Resource Files</Filter>
    </None>
    <None Include="..\..\..\include\owl\res\btn_key.bmp">
      <Filter>Resource Files</Filter>
    </None>
    <None Include="..\..\..\include\owl\res\btn_min.bmp">
      <Filter>Resource Files</Filter>
    </None>
    <None Include="..\..\..\include\owl\res\btn_no.bmp">
      <Filter>Resource Files</Filter>
    </None>
    <None Include="..\..\..\include\owl\res\btn_ok.bmp">
      <Filter>Resource Files</Filter>
    </None>
    <None Include="..\..\..\include\owl\res\btn_plus.bmp">
      <Filter>Resource Files</Filter>
    </None>
    <None Include="..\..\..\include\owl\res\btn_rev.bmp">
      <Filter>Resource Files</Filter>
    </None>
    <None Include="..\..\..\include\owl\res\btn_setp.bmp">
      <Filter>Resource Files</Filter>
    </None>
    <None Include="..\..\..\include\owl\res\copy.bmp">
      <Filter>Resource Files</Filter>
    </None>
    <None Include="..\..\..\include\owl\res\cut.bmp">
      <Filter>Resource Files</Filter>
    </None>
    <None Include="..\..\..\include\owl\res\find.bmp">
      <Filter>Resource Files</Filter>
    </None>
    <None Include="..\..\..\include\owl\res\findnext.bmp">
      <Filter>Resource Files</Filter>
    </None>
    <None Include="..\..\..\include\owl\res\font.bmp">
      <Filter>Resource Files</Filter>
    </None>
    <None Include="..\..\..\include\owl\res\fontbld.bmp">
      <Filter>Resource Files</Filter>
    </None>
    <None Include="..\..\..\include\owl\res\fontclr.bmp">
      <Filter>Resource Files</Filter>
    </None>
    <None Include="..\..\..\include\owl\res\fontitl.bmp">
      <Filter>Resource Files</Filter>
    </None>
    <None Include="..\..\..\include\owl\res\fontund.bmp">
      <Filter>Resource Files</Filter>
    </None>
    <None Include="..\..\..\include\owl\res\hand.cur">
      <Filter>Resource Files</Filter>
    </None>
    <None Include="..\..\..\include\owl\res\help.bmp">
      <Filter>Resource Files</Filter>
    </None>
    <None Include="..\..\..\include\owl\res\help.cur">
      <Filter>Resource Files</Filter>
    </None>
    <None Include="..\..\..\include\owl\res\helpicon.bmp">
      <Filter>Resource Files</Filter>
    </None>
    <None Include="..\..\..\include\owl\res\hslider.bmp">
      <Filter>Resource Files</Filter>
    </None>
    <None Include="..\..\..\include\owl\res\mdichild.ico">
      <Filter>Resource Files</Filter>
    </None>
    <None Include="..\..\..\include\owl\res\new.bmp">
      <Filter>Resource Files</Filter>
    </None>
    <None Include="..\..\..\include\owl\res\next.bmp">
      <Filter>Resource Files</Filter>
    </None>
    <None Include="..\..\..\include\owl\res\open.bmp">
      <Filter>Resource Files</Filter>
    </None>
    <None Include="..\..\..\include\owl\res\owlapp.ico">
      <Filter>Resource Files</Filter>
    </None>
    <None Include="..\..\..\include\owl\res\owlappsm.ico">
      <Filter>Resource Files</Filter>
    </None>
    <None Include="..\..\..\include\owl\res\parbullt.bmp">
      <Filter>Resource Files</Filter>
    </None>
    <None Include="..\..\..\include\owl\res\parcentr.bmp">
      <Filter>Resource Files</Filter>
    </None>
    <None Include="..\..\..\include\owl\res\parleft.bmp">
      <Filter>Resource Files</Filter>
    </None>
    <None Include="..\..\..\include\owl\res\parright.bmp">
      <Filter>Resource Files</Filter>
    </None>
    <None Include="..\..\..\include\owl\res\paste.bmp">
      <Filter>Resource Files</Filter>
    </None>
    <None Include="..\..\..\include\owl\res\preview.bmp">
      <Filter>Resource Files</Filter>
    </None>
    <None Include="..\..\..\include\owl\res\preview1.bmp">
      <Filter>Resource Files</Filter>
    </None>
    <None Include="..\..\..\include\owl\res\preview2.bmp">
      <Filter>Resource Files</Filter>
    </None>
    <None Include="..\..\..\include\owl\res\previous.bmp">
      <Filter>Resource Files</Filter>
    </None>
    <None Include="..\..\..\include\owl\res\prexit.bmp">
      <Filter>Resource Files</Filter>
    </None>
    <None Include="..\..\..\include\owl\res\print.bmp">
      <Filter>Resource Files</Filter>
    </None>
    <None Include="..\..\..\include\owl\res\resiz_hv.cur">
      <Filter>Resource Files</Filter>
    </None>
    <None Include="..\..\..\include\owl\res\resize_h.cur">
      <Filter>Resource Files</Filter>
    </None>
    <None Include="..\..\..\include\owl\res\resize_v.cur">
      <Filter>Resource Files</Filter>
    </None>
    <None Include="..\..\..\include\owl\res\save.bmp">
      <Filter>Resource Files</Filter>
    </None>
    <None Include="..\..\..\include\owl\res\saveas.bmp">
      <Filter>Resource Files</Filter>
    </None>
    <None Include="..\..\..\include\owl\res\sizebarh.cur">
      <Filter>Resource Files</Filter>
    </None>
    <None Include="..\..\..\include\owl\res\sizebarv.cur">
      <Filter>Resource Files</Filter>
    </None>
    <None Include="..\..\..\include\owl\res\splith.cur">
      <Filter>Resource Files</Filter>
    </None>
    <None Include="..\..\..\include\owl\res\splitv.cur">
      <Filter>Resource Files</Filter>
    </None>
    <None Include="..\..\..\include\owl\res\undo.bmp">
      <Filter>Resource Files</Filter>
    </None>
    <None Include="..\..\..\include\owl\res\vslider.bmp">
      <Filter>Resource Files</Filter>
    </None>
    <None Include="..\..\update_version_header.bat">
      <Filter>Make Files</Filter>
    </None>
    <None Include="..\..\vc_detection.inc">
      <Filter>Make Files</Filter>
    </None>
    <None Include="..\..\..\include\owl\listboxview.rh">
      <Filter>Header Files</Filter>
    </None>
    <None Include="..\CB\owl.cbproj">
      <Filter>Make Files</Filter>
    </None>
  </ItemGroup>
  <ItemGroup>
    <ResourceCompile Include="..\..\..\include\owl\colmnhdr.rc">
      <Filter>Resource Files</Filter>
    </ResourceCompile>
    <ResourceCompile Include="..\..\..\include\owl\docview.rc">
      <Filter>Resource Files</Filter>
    </ResourceCompile>
    <ResourceCompile Include="..\..\..\include\owl\editfile.rc">
      <Filter>Resource Files</Filter>
    </ResourceCompile>
    <ResourceCompile Include="..\..\..\include\owl\editsear.rc">
      <Filter>Resource Files</Filter>
    </ResourceCompile>
    <ResourceCompile Include="..\..\..\include\owl\editview.rc">
      <Filter>Resource Files</Filter>
    </ResourceCompile>
    <ResourceCompile Include="..\..\..\include\owl\except.rc">
      <Filter>Resource Files</Filter>
    </ResourceCompile>
    <ResourceCompile Include="..\..\..\include\owl\glyphbtn.rc">
      <Filter>Resource Files</Filter>
    </ResourceCompile>
    <ResourceCompile Include="..\..\..\include\owl\hlpmanag.rc">
      <Filter>Resource Files</Filter>
    </ResourceCompile>
    <ResourceCompile Include="..\..\..\include\owl\inputdia.rc">
      <Filter>Resource Files</Filter>
    </ResourceCompile>
    <ResourceCompile Include="..\..\..\include\owl\listboxview.rc">
      <Filter>Resource Files</Filter>
    </ResourceCompile>
    <ResourceCompile Include="..\..\..\include\owl\mdi.rc">
      <Filter>Resource Files</Filter>
    </ResourceCompile>
    <ResourceCompile Include="..\owl.rc">
      <Filter>Resource Files</Filter>
    </ResourceCompile>
    <ResourceCompile Include="..\..\..\include\owl\owlapp.rc">
      <Filter>Resource Files</Filter>
    </ResourceCompile>
    <ResourceCompile Include="..\..\..\include\owl\panespli.rc">
      <Filter>Resource Files</Filter>
    </ResourceCompile>
    <ResourceCompile Include="..\..\..\include\owl\picklist.rc">
      <Filter>Resource Files</Filter>
    </ResourceCompile>
    <ResourceCompile Include="..\..\..\include\owl\prevwin.rc">
      <Filter>Resource Files</Filter>
    </ResourceCompile>
    <ResourceCompile Include="..\..\..\include\owl\printer.rc">
      <Filter>Resource Files</Filter>
    </ResourceCompile>
    <ResourceCompile Include="..\..\..\include\owl\propsht.rc">
      <Filter>Resource Files</Filter>
    </ResourceCompile>
    <ResourceCompile Include="..\..\..\include\owl\rcntfile.rc">
      <Filter>Resource Files</Filter>
    </ResourceCompile>
    <ResourceCompile Include="..\..\..\include\owl\richedv.rc">
      <Filter>Resource Files</Filter>
    </ResourceCompile>
    <ResourceCompile Include="..\..\..\include\owl\slider.rc">
      <Filter>Resource Files</Filter>
    </ResourceCompile>
    <ResourceCompile Include="..\..\..\include\owl\statusba.rc">
      <Filter>Resource Files</Filter>
    </ResourceCompile>
    <ResourceCompile Include="..\..\..\include\owl\validate.rc">
      <Filter>Resource Files</Filter>
    </ResourceCompile>
    <ResourceCompile Include="..\version.rc">
      <Filter>Resource Files</Filter>
    </ResourceCompile>
    <ResourceCompile Include="..\..\..\include\owl\winsock.rc">
      <Filter>Resource Files</Filter>
    </ResourceCompile>
    <ResourceCompile Include="..\..\..\include\owl\all.rc">
      <Filter>Resource Files</Filter>
    </ResourceCompile>
  </ItemGroup>
  <ItemGroup>
    <CustomBuildStep Include="..\vc.mak">
      <Filter>Make Files</Filter>
    </CustomBuildStep>
    <CustomBuildStep Include="..\vcmake.bat">
      <Filter>Make Files</Filter>
    </CustomBuildStep>
    <CustomBuildStep Include="..\..\parse_version.bat">
      <Filter>Make Files</Filter>
    </CustomBuildStep>
  </ItemGroup>
</Project>