
Microsoft Visual Studio Solution File, Format Version 12.00
# Visual Studio 15
VisualStudioVersion = 15.0.26020.0
MinimumVisualStudioVersion = 10.0.40219.1
Project("{8BC9CEB8-8B4A-11D0-8D11-00A0C91BC942}") = "OWLNext", "OWLNext.vcxproj", "{03FBA622-F187-48E0-B573-83D355303C0D}"
EndProject
Project("{8BC9CEB8-8B4A-11D0-8D11-00A0C91BC942}") = "OWLNext Documentation", "OWLNext Documentation.vcxproj", "{06CF4697-F030-4D5E-9170-D1EA601AD560}"
EndProject
Global
	GlobalSection(SolutionConfigurationPlatforms) = preSolution
		Debug|Mixed Platforms = Debug|Mixed Platforms
		Debug|Win32 = Debug|Win32
		Debug|x64 = Debug|x64
		Release|Mixed Platforms = Release|Mixed Platforms
		Release|Win32 = Release|Win32
		Release|x64 = Release|x64
	EndGlobalSection
	GlobalSection(ProjectConfigurationPlatforms) = postSolution
		{03FBA622-F187-48E0-B573-83D355303C0D}.Debug|Mixed Platforms.ActiveCfg = Debug|Win32
		{03FBA622-F187-48E0-B573-83D355303C0D}.Debug|Mixed Platforms.Build.0 = Debug|Win32
		{03FBA622-F187-48E0-B573-83D355303C0D}.Debug|Win32.ActiveCfg = Debug|Win32
		{03FBA622-F187-48E0-B573-83D355303C0D}.Debug|Win32.Build.0 = Debug|Win32
		{03FBA622-F187-48E0-B573-83D355303C0D}.Debug|x64.ActiveCfg = Debug|x64
		{03FBA622-F187-48E0-B573-83D355303C0D}.Debug|x64.Build.0 = Debug|x64
		{03FBA622-F187-48E0-B573-83D355303C0D}.Release|Mixed Platforms.ActiveCfg = Release|Win32
		{03FBA622-F187-48E0-B573-83D355303C0D}.Release|Mixed Platforms.Build.0 = Release|Win32
		{03FBA622-F187-48E0-B573-83D355303C0D}.Release|Win32.ActiveCfg = Release|Win32
		{03FBA622-F187-48E0-B573-83D355303C0D}.Release|Win32.Build.0 = Release|Win32
		{03FBA622-F187-48E0-B573-83D355303C0D}.Release|x64.ActiveCfg = Release|x64
		{03FBA622-F187-48E0-B573-83D355303C0D}.Release|x64.Build.0 = Release|x64
		{06CF4697-F030-4D5E-9170-D1EA601AD560}.Debug|Mixed Platforms.ActiveCfg = Basic|Win32
		{06CF4697-F030-4D5E-9170-D1EA601AD560}.Debug|Mixed Platforms.Build.0 = Basic|Win32
		{06CF4697-F030-4D5E-9170-D1EA601AD560}.Debug|Win32.ActiveCfg = Basic|Win32
		{06CF4697-F030-4D5E-9170-D1EA601AD560}.Debug|Win32.Build.0 = Basic|Win32
		{06CF4697-F030-4D5E-9170-D1EA601AD560}.Debug|x64.ActiveCfg = Basic|Win32
		{06CF4697-F030-4D5E-9170-D1EA601AD560}.Release|Mixed Platforms.ActiveCfg = Basic|Win32
		{06CF4697-F030-4D5E-9170-D1EA601AD560}.Release|Mixed Platforms.Build.0 = Basic|Win32
		{06CF4697-F030-4D5E-9170-D1EA601AD560}.Release|Win32.ActiveCfg = Basic|Win32
		{06CF4697-F030-4D5E-9170-D1EA601AD560}.Release|Win32.Build.0 = Basic|Win32
		{06CF4697-F030-4D5E-9170-D1EA601AD560}.Release|x64.ActiveCfg = Basic|Win32
	EndGlobalSection
	GlobalSection(SolutionProperties) = preSolution
		HideSolutionNode = FALSE
	EndGlobalSection
	GlobalSection(ExtensibilityGlobals) = postSolution
		SolutionGuid = {27BE2FCD-C8DB-49CC-8F1F-D05BC43364FA}
	EndGlobalSection
EndGlobal
