<?xml version="1.0" encoding="utf-8"?>
<Project ToolsVersion="4.0" xmlns="http://schemas.microsoft.com/developer/msbuild/2003">
  <ItemGroup>
    <Filter Include="Header Files">
      <UniqueIdentifier>{93995380-89BD-4b04-88EB-625FBE52EBFB}</UniqueIdentifier>
      <Extensions>h;hh;hpp;hxx;hm;inl;inc;xsd</Extensions>
    </Filter>
    <Filter Include="Source Files">
      <UniqueIdentifier>{4FC737F1-C7A5-4376-A066-2A32D752A2FF}</UniqueIdentifier>
      <Extensions>cpp;c;cc;cxx;def;odl;idl;hpj;bat;asm;asmx</Extensions>
    </Filter>
    <Filter Include="Resource Files">
      <UniqueIdentifier>{67DA6AB6-F800-4c08-8B7A-83BB121AAD01}</UniqueIdentifier>
      <Extensions>rc;ico;cur;bmp;dlg;rc2;rct;bin;rgs;gif;jpg;jpeg;jpe;resx;tiff;tif;png;wav;mfcribbon-ms</Extensions>
    </Filter>
    <Filter Include="Resource Files\Icons">
      <UniqueIdentifier>{0472ce13-dcfa-40b2-8748-99a016317afe}</UniqueIdentifier>
    </Filter>
    <Filter Include="Resource Files\Cursors">
      <UniqueIdentifier>{7dd58389-ede1-4bdb-8da3-ad7f4594388d}</UniqueIdentifier>
    </Filter>
    <Filter Include="Resource Files\Bitmaps">
      <UniqueIdentifier>{c250b47e-4af0-49ab-8fe2-60768b0b38f8}</UniqueIdentifier>
    </Filter>
  </ItemGroup>
  <ItemGroup>
    <ClInclude Include="include\aboutdlg.h">
      <Filter>Header Files</Filter>
    </ClInclude>
    <ClInclude Include="include\bmp256ct.h">
      <Filter>Header Files</Filter>
    </ClInclude>
    <ClInclude Include="include\bsp.h">
      <Filter>Header Files</Filter>
    </ClInclude>
    <ClInclude Include="include\buildtim.h">
      <Filter>Header Files</Filter>
    </ClInclude>
    <ClInclude Include="include\cnflddlg.h">
      <Filter>Header Files</Filter>
    </ClInclude>
    <ClInclude Include="include\cnfsedlg.h">
      <Filter>Header Files</Filter>
    </ClInclude>
    <ClInclude Include="include\cnfthdlg.h">
      <Filter>Header Files</Filter>
    </ClInclude>
    <ClInclude Include="include\cnfvedlg.h">
      <Filter>Header Files</Filter>
    </ClInclude>
    <ClInclude Include="include\common.h">
      <Filter>Header Files</Filter>
    </ClInclude>
    <ClInclude Include="include\dibutil.h">
      <Filter>Header Files</Filter>
    </ClInclude>
    <ClInclude Include="include\editcli.h">
      <Filter>Header Files</Filter>
    </ClInclude>
    <ClInclude Include="include\editscro.h">
      <Filter>Header Files</Filter>
    </ClInclude>
    <ClInclude Include="include\entrydlg.h">
      <Filter>Header Files</Filter>
    </ClInclude>
    <ClInclude Include="include\episdlg.h">
      <Filter>Header Files</Filter>
    </ClInclude>
    <ClInclude Include="include\fixed.h">
      <Filter>Header Files</Filter>
    </ClInclude>
    <ClInclude Include="include\gfx.h">
      <Filter>Header Files</Filter>
    </ClInclude>
    <ClInclude Include="include\infocont.h">
      <Filter>Header Files</Filter>
    </ClInclude>
    <ClInclude Include="include\inpt2dlg.h">
      <Filter>Header Files</Filter>
    </ClInclude>
    <ClInclude Include="include\levels.h">
      <Filter>Header Files</Filter>
    </ClInclude>
    <ClInclude Include="include\lineedit.h">
      <Filter>Header Files</Filter>
    </ClInclude>
    <ClInclude Include="include\lprogdlg.h">
      <Filter>Header Files</Filter>
    </ClInclude>
    <ClInclude Include="include\maincli.h">
      <Filter>Header Files</Filter>
    </ClInclude>
    <ClInclude Include="include\mainfram.h">
      <Filter>Header Files</Filter>
    </ClInclude>
    <ClInclude Include="include\mapdc.h">
      <Filter>Header Files</Filter>
    </ClInclude>
    <ClInclude Include="include\mastdlg.h">
      <Filter>Header Files</Filter>
    </ClInclude>
    <ClInclude Include="include\memry.h">
      <Filter>Header Files</Filter>
    </ClInclude>
    <ClInclude Include="include\names.h">
      <Filter>Header Files</Filter>
    </ClInclude>
    <ClInclude Include="include\newers.h">
      <Filter>Header Files</Filter>
    </ClInclude>
    <ClInclude Include="include\objects.h">
      <Filter>Header Files</Filter>
    </ClInclude>
    <ClInclude Include="include\pal.h">
      <Filter>Header Files</Filter>
    </ClInclude>
    <ClInclude Include="include\prefdlg.h">
      <Filter>Header Files</Filter>
    </ClInclude>
    <ClInclude Include="include\seditdlg.h">
      <Filter>Header Files</Filter>
    </ClInclude>
    <ClInclude Include="include\statdlg.h">
      <Filter>Header Files</Filter>
    </ClInclude>
    <ClInclude Include="include\textures.h">
      <Filter>Header Files</Filter>
    </ClInclude>
    <ClInclude Include="include\thingdlg.h">
      <Filter>Header Files</Filter>
    </ClInclude>
    <ClInclude Include="include\things.h">
      <Filter>Header Files</Filter>
    </ClInclude>
    <ClInclude Include="include\tooltip.h">
      <Filter>Header Files</Filter>
    </ClInclude>
    <ClInclude Include="include\undo.h">
      <Filter>Header Files</Filter>
    </ClInclude>
    <ClInclude Include="include\vertdlg.h">
      <Filter>Header Files</Filter>
    </ClInclude>
    <ClInclude Include="include\viewbmp.h">
      <Filter>Header Files</Filter>
    </ClInclude>
    <ClInclude Include="include\wadlidlg.h">
      <Filter>Header Files</Filter>
    </ClInclude>
    <ClInclude Include="include\wads.h">
      <Filter>Header Files</Filter>
    </ClInclude>
    <ClInclude Include="include\windeapp.h">
      <Filter>Header Files</Filter>
    </ClInclude>
    <ClInclude Include="include\windeu.h">
      <Filter>Header Files</Filter>
    </ClInclude>
    <ClInclude Include="include\windeuhl.h">
      <Filter>Header Files</Filter>
    </ClInclude>
    <ClInclude Include="include\workdlg.h">
      <Filter>Header Files</Filter>
    </ClInclude>
    <ClInclude Include="include\wstructs.h">
      <Filter>Header Files</Filter>
    </ClInclude>
    <ClInclude Include="include\inpt1dlg.h">
      <Filter>Header Files</Filter>
    </ClInclude>
  </ItemGroup>
  <ItemGroup>
    <ClCompile Include="source\aboutdlg.cpp">
      <Filter>Source Files</Filter>
    </ClCompile>
    <ClCompile Include="source\bmp256ct.cpp">
      <Filter>Source Files</Filter>
    </ClCompile>
    <ClCompile Include="source\bspmake.cpp">
      <Filter>Source Files</Filter>
    </ClCompile>
    <ClCompile Include="source\buildtim.c">
      <Filter>Source Files</Filter>
    </ClCompile>
    <ClCompile Include="source\cnflddlg.cpp">
      <Filter>Source Files</Filter>
    </ClCompile>
    <ClCompile Include="source\cnfsedlg.cpp">
      <Filter>Source Files</Filter>
    </ClCompile>
    <ClCompile Include="source\cnfthdlg.cpp">
      <Filter>Source Files</Filter>
    </ClCompile>
    <ClCompile Include="source\cnfvedlg.cpp">
      <Filter>Source Files</Filter>
    </ClCompile>
    <ClCompile Include="source\dibutil.cpp">
      <Filter>Source Files</Filter>
    </ClCompile>
    <ClCompile Include="source\editcli.cpp">
      <Filter>Source Files</Filter>
    </ClCompile>
    <ClCompile Include="source\editscro.cpp">
      <Filter>Source Files</Filter>
    </ClCompile>
    <ClCompile Include="source\entrydlg.cpp">
      <Filter>Source Files</Filter>
    </ClCompile>
    <ClCompile Include="source\episdlg.cpp">
      <Filter>Source Files</Filter>
    </ClCompile>
    <ClCompile Include="source\gfx.cpp">
      <Filter>Source Files</Filter>
    </ClCompile>
    <ClCompile Include="source\infocont.cpp">
      <Filter>Source Files</Filter>
    </ClCompile>
    <ClCompile Include="source\inpt2dlg.cpp">
      <Filter>Source Files</Filter>
    </ClCompile>
    <ClCompile Include="source\lineedit.cpp">
      <Filter>Source Files</Filter>
    </ClCompile>
    <ClCompile Include="source\load.cpp">
      <Filter>Source Files</Filter>
    </ClCompile>
    <ClCompile Include="source\lprogdlg.cpp">
      <Filter>Source Files</Filter>
    </ClCompile>
    <ClCompile Include="source\maincli.cpp">
      <Filter>Source Files</Filter>
    </ClCompile>
    <ClCompile Include="source\mainfram.cpp">
      <Filter>Source Files</Filter>
    </ClCompile>
    <ClCompile Include="source\mapdc.cpp">
      <Filter>Source Files</Filter>
    </ClCompile>
    <ClCompile Include="source\mastdlg.cpp">
      <Filter>Source Files</Filter>
    </ClCompile>
    <ClCompile Include="source\memory.cpp">
      <Filter>Source Files</Filter>
    </ClCompile>
    <ClCompile Include="source\move.cpp">
      <Filter>Source Files</Filter>
    </ClCompile>
    <ClCompile Include="source\names.cpp">
      <Filter>Source Files</Filter>
    </ClCompile>
    <ClCompile Include="source\newers.cpp">
      <Filter>Source Files</Filter>
    </ClCompile>
    <ClCompile Include="source\objects.cpp">
      <Filter>Source Files</Filter>
    </ClCompile>
    <ClCompile Include="source\pal.cpp">
      <Filter>Source Files</Filter>
    </ClCompile>
    <ClCompile Include="source\prefdlg.cpp">
      <Filter>Source Files</Filter>
    </ClCompile>
    <ClCompile Include="source\save.cpp">
      <Filter>Source Files</Filter>
    </ClCompile>
    <ClCompile Include="source\seditdlg.cpp">
      <Filter>Source Files</Filter>
    </ClCompile>
    <ClCompile Include="source\statdlg.cpp">
      <Filter>Source Files</Filter>
    </ClCompile>
    <ClCompile Include="source\textures.cpp">
      <Filter>Source Files</Filter>
    </ClCompile>
    <ClCompile Include="source\thingdlg.cpp">
      <Filter>Source Files</Filter>
    </ClCompile>
    <ClCompile Include="source\things.cpp">
      <Filter>Source Files</Filter>
    </ClCompile>
    <ClCompile Include="source\tooltip.cpp">
      <Filter>Source Files</Filter>
    </ClCompile>
    <ClCompile Include="source\undo.cpp">
      <Filter>Source Files</Filter>
    </ClCompile>
    <ClCompile Include="source\vertdlg.cpp">
      <Filter>Source Files</Filter>
    </ClCompile>
    <ClCompile Include="source\viewbmp.cpp">
      <Filter>Source Files</Filter>
    </ClCompile>
    <ClCompile Include="source\wadlidlg.cpp">
      <Filter>Source Files</Filter>
    </ClCompile>
    <ClCompile Include="source\wads.cpp">
      <Filter>Source Files</Filter>
    </ClCompile>
    <ClCompile Include="source\windeapp.cpp">
      <Filter>Source Files</Filter>
    </ClCompile>
    <ClCompile Include="source\windeu.cpp">
      <Filter>Source Files</Filter>
    </ClCompile>
    <ClCompile Include="source\workdlg.cpp">
      <Filter>Source Files</Filter>
    </ClCompile>
    <ClCompile Include="source\inpt1dlg.cpp">
      <Filter>Source Files</Filter>
    </ClCompile>
  </ItemGroup>
  <ItemGroup>
    <Image Include="res\icons\applsdi.ico">
      <Filter>Resource Files\Icons</Filter>
    </Image>
    <Image Include="res\icons\boss.ico">
      <Filter>Resource Files\Icons</Filter>
    </Image>
    <Image Include="res\icons\caco.ico">
      <Filter>Resource Files\Icons</Filter>
    </Image>
    <Image Include="res\icons\demon.ico">
      <Filter>Resource Files\Icons</Filter>
    </Image>
    <Image Include="res\icons\doomfac1.ico">
      <Filter>Resource Files\Icons</Filter>
    </Image>
    <Image Include="res\icons\gory5.ico">
      <Filter>Resource Files\Icons</Filter>
    </Image>
    <Image Include="res\icons\helmet1.ico">
      <Filter>Resource Files\Icons</Filter>
    </Image>
    <Image Include="res\icons\imp.ico">
      <Filter>Resource Files\Icons</Filter>
    </Image>
    <Image Include="res\icons\invisbl.ico">
      <Filter>Resource Files\Icons</Filter>
    </Image>
    <Image Include="res\icons\invul.ico">
      <Filter>Resource Files\Icons</Filter>
    </Image>
    <Image Include="res\icons\noel1.ico">
      <Filter>Resource Files\Icons</Filter>
    </Image>
    <Image Include="res\icons\noel2.ico">
      <Filter>Resource Files\Icons</Filter>
    </Image>
    <Image Include="res\icons\player5.ico">
      <Filter>Resource Files\Icons</Filter>
    </Image>
    <Image Include="res\icons\playr1.ico">
      <Filter>Resource Files\Icons</Filter>
    </Image>
    <Image Include="res\icons\sarg.ico">
      <Filter>Resource Files\Icons</Filter>
    </Image>
    <Image Include="res\icons\skull6.ico">
      <Filter>Resource Files\Icons</Filter>
    </Image>
    <Image Include="res\icons\soul.ico">
      <Filter>Resource Files\Icons</Filter>
    </Image>
    <Image Include="res\bitmaps\CM_EDIT_ADDOBJ.bmp">
      <Filter>Resource Files\Bitmaps</Filter>
    </Image>
    <Image Include="res\bitmaps\CM_EDIT_COPYOBJ.bmp">
      <Filter>Resource Files\Bitmaps</Filter>
    </Image>
    <Image Include="res\bitmaps\CM_EDIT_DELETEOBJ.bmp">
      <Filter>Resource Files\Bitmaps</Filter>
    </Image>
    <Image Include="res\bitmaps\CM_EDIT_REDO.bmp">
      <Filter>Resource Files\Bitmaps</Filter>
    </Image>
    <Image Include="res\bitmaps\CM_EDIT_UNDO.bmp">
      <Filter>Resource Files\Bitmaps</Filter>
    </Image>
    <Image Include="res\bitmaps\CM_EDITOR_CREATELEVEL.bmp">
      <Filter>Resource Files\Bitmaps</Filter>
    </Image>
    <Image Include="res\bitmaps\CM_EDITOR_EDITLEVEL.bmp">
      <Filter>Resource Files\Bitmaps</Filter>
    </Image>
    <Image Include="res\bitmaps\CM_FILE_BUILDMAIN.bmp">
      <Filter>Resource Files\Bitmaps</Filter>
    </Image>
    <Image Include="res\bitmaps\CM_FILE_EXTRACTOBJ.bmp">
      <Filter>Resource Files\Bitmaps</Filter>
    </Image>
    <Image Include="res\bitmaps\CM_FILE_GROUPPATCH.bmp">
      <Filter>Resource Files\Bitmaps</Filter>
    </Image>
    <Image Include="res\bitmaps\CM_FILE_INSERTRAW.bmp">
      <Filter>Resource Files\Bitmaps</Filter>
    </Image>
    <Image Include="res\bitmaps\CM_FILE_READPATCH.bmp">
      <Filter>Resource Files\Bitmaps</Filter>
    </Image>
    <Image Include="res\bitmaps\CM_FILE_SAVE.bmp">
      <Filter>Resource Files\Bitmaps</Filter>
    </Image>
    <Image Include="res\bitmaps\CM_FILE_SAVEOBJECT.bmp">
      <Filter>Resource Files\Bitmaps</Filter>
    </Image>
    <Image Include="res\bitmaps\CM_HELP_CONTENTS.bmp">
      <Filter>Resource Files\Bitmaps</Filter>
    </Image>
    <Image Include="res\bitmaps\CM_HELP_TUTORIAL.bmp">
      <Filter>Resource Files\Bitmaps</Filter>
    </Image>
    <Image Include="res\bitmaps\CM_MODE_LINEDEFS.bmp">
      <Filter>Resource Files\Bitmaps</Filter>
    </Image>
    <Image Include="res\bitmaps\CM_MODE_SECTORS.bmp">
      <Filter>Resource Files\Bitmaps</Filter>
    </Image>
    <Image Include="res\bitmaps\CM_MODE_THINGS.bmp">
      <Filter>Resource Files\Bitmaps</Filter>
    </Image>
    <Image Include="res\bitmaps\CM_MODE_VERTEXES.bmp">
      <Filter>Resource Files\Bitmaps</Filter>
    </Image>
    <Image Include="res\bitmaps\CM_OBJECTS_POLYGON.bmp">
      <Filter>Resource Files\Bitmaps</Filter>
    </Image>
    <Image Include="res\bitmaps\CM_OBJECTS_RECTANGLE.bmp">
      <Filter>Resource Files\Bitmaps</Filter>
    </Image>
    <Image Include="res\bitmaps\CM_WINDOW_GRIDNEXT.bmp">
      <Filter>Resource Files\Bitmaps</Filter>
    </Image>
    <Image Include="res\bitmaps\CM_WINDOW_GRIDPREV.bmp">
      <Filter>Resource Files\Bitmaps</Filter>
    </Image>
    <Image Include="res\bitmaps\CM_WINDOW_INFOBAR.bmp">
      <Filter>Resource Files\Bitmaps</Filter>
    </Image>
    <Image Include="res\bitmaps\CM_WINDOW_INFOWIN.bmp">
      <Filter>Resource Files\Bitmaps</Filter>
    </Image>
    <Image Include="res\bitmaps\CM_WINDOW_SHOWGRID.bmp">
      <Filter>Resource Files\Bitmaps</Filter>
    </Image>
    <Image Include="res\bitmaps\CM_WINDOW_SNAPTOGRID.bmp">
      <Filter>Resource Files\Bitmaps</Filter>
    </Image>
    <Image Include="res\bitmaps\CM_WINDOW_TOOLBAR.bmp">
      <Filter>Resource Files\Bitmaps</Filter>
    </Image>
    <Image Include="res\bitmaps\CM_WINDOW_ZOOMIN.bmp">
      <Filter>Resource Files\Bitmaps</Filter>
    </Image>
    <Image Include="res\bitmaps\CM_WINDOW_ZOOMOUT.bmp">
      <Filter>Resource Files\Bitmaps</Filter>
    </Image>
    <Image Include="res\bitmaps\IDB_HSLIDERTHUMB.bmp">
      <Filter>Resource Files\Bitmaps</Filter>
    </Image>
    <Image Include="res\bitmaps\IDB_VSLIDERTHUMB.bmp">
      <Filter>Resource Files\Bitmaps</Filter>
    </Image>
    <Image Include="res\bitmaps\CM_OBJECTS_TORCH.bmp">
      <Filter>Resource Files\Bitmaps</Filter>
    </Image>
  </ItemGroup>
  <ItemGroup>
    <None Include="res\cursors\IDC_HAND.cur">
      <Filter>Resource Files\Cursors</Filter>
    </None>
    <None Include="res\cursors\IDC_HELPCURSOR.cur">
      <Filter>Resource Files\Cursors</Filter>
    </None>
    <None Include="res\cursors\IDC_INSERT.cur">
      <Filter>Resource Files\Cursors</Filter>
    </None>
    <None Include="res\cursors\IDC_PASTE.cur">
      <Filter>Resource Files\Cursors</Filter>
    </None>
    <None Include="res\ABOUTDLG.RH">
      <Filter>Resource Files</Filter>
    </None>
    <None Include="res\cnflddlg.rh">
      <Filter>Resource Files</Filter>
    </None>
    <None Include="res\CNFSEDLG.RH">
      <Filter>Resource Files</Filter>
    </None>
    <None Include="res\cnfthdlg.rh">
      <Filter>Resource Files</Filter>
    </None>
    <None Include="res\cnfvedlg.rh">
      <Filter>Resource Files</Filter>
    </None>
    <None Include="res\cursor.rh">
      <Filter>Resource Files</Filter>
    </None>
    <None Include="res\editmenu.rh">
      <Filter>Resource Files</Filter>
    </None>
    <None Include="res\entrydlg.rh">
      <Filter>Resource Files</Filter>
    </None>
    <None Include="res\episdlg.rh">
      <Filter>Resource Files</Filter>
    </None>
    <None Include="res\funnydlg.rh">
      <Filter>Resource Files</Filter>
    </None>
    <None Include="res\inpt2dlg.rh">
      <Filter>Resource Files</Filter>
    </None>
    <None Include="res\LINEEDIT.RH">
      <Filter>Resource Files</Filter>
    </None>
    <None Include="res\lprogdlg.rh">
      <Filter>Resource Files</Filter>
    </None>
    <None Include="res\mainmenu.rh">
      <Filter>Resource Files</Filter>
    </None>
    <None Include="res\mastdlg.rh">
      <Filter>Resource Files</Filter>
    </None>
    <None Include="res\owldef.rh">
      <Filter>Resource Files</Filter>
    </None>
    <None Include="res\prefdlg.rh">
      <Filter>Resource Files</Filter>
    </None>
    <None Include="res\SEDITDLG.RH">
      <Filter>Resource Files</Filter>
    </None>
    <None Include="res\statdlg.rh">
      <Filter>Resource Files</Filter>
    </None>
    <None Include="res\thingdlg.rh">
      <Filter>Resource Files</Filter>
    </None>
    <None Include="res\usagedlg.rh">
      <Filter>Resource Files</Filter>
    </None>
    <None Include="res\versinfo.rh">
      <Filter>Resource Files</Filter>
    </None>
    <None Include="res\vertdlg.rh">
      <Filter>Resource Files</Filter>
    </None>
    <None Include="res\viewbmp.rh">
      <Filter>Resource Files</Filter>
    </None>
    <None Include="res\wadlidlg.rh">
      <Filter>Resource Files</Filter>
    </None>
    <None Include="res\windeapp.rh">
      <Filter>Resource Files</Filter>
    </None>
    <None Include="res\workdlg.rh">
      <Filter>Resource Files</Filter>
    </None>
    <None Include="res\inpt1dlg.rh">
      <Filter>Resource Files</Filter>
    </None>
  </ItemGroup>
  <ItemGroup>
    <ResourceCompile Include="res\WINDEAPP.RC">
      <Filter>Resource Files</Filter>
    </ResourceCompile>
  </ItemGroup>
</Project>