<?xml version="1.0" encoding="utf-8"?>
<Project ToolsVersion="4.0" xmlns="http://schemas.microsoft.com/developer/msbuild/2003">
  <ItemGroup>
    <Filter Include="Source Files">
      <UniqueIdentifier>{0197b61d-bac1-4aa7-871f-8c55f4db3f45}</UniqueIdentifier>
      <Extensions>cpp;c;cxx;rc;def;r;odl;idl;hpj;bat</Extensions>
    </Filter>
    <Filter Include="Header Files">
      <UniqueIdentifier>{61beea86-495a-47ef-a77d-6e8eb9a6623c}</UniqueIdentifier>
      <Extensions>h;hpp;hxx;hm;inl</Extensions>
    </Filter>
    <Filter Include="Header Files\private">
      <UniqueIdentifier>{28b48cd0-3927-4047-abcf-c7cce8e517f6}</UniqueIdentifier>
    </Filter>
    <Filter Include="Resource Files">
      <UniqueIdentifier>{50812448-78d6-4074-bd00-32c98c5a4244}</UniqueIdentifier>
      <Extensions>rc</Extensions>
    </Filter>
    <Filter Include="Resource Files\Icons">
      <UniqueIdentifier>{3a5fdc56-e5c7-43ec-8213-4aec2dde5507}</UniqueIdentifier>
    </Filter>
    <Filter Include="Resource Files\Bitmaps">
      <UniqueIdentifier>{2660e4f0-4d77-4291-811d-e91916d7ad00}</UniqueIdentifier>
    </Filter>
    <Filter Include="Resource Files\Cursors">
      <UniqueIdentifier>{2703efdd-31d2-468c-91d8-a52b35073c6c}</UniqueIdentifier>
    </Filter>
  </ItemGroup>
  <ItemGroup>
    <ClCompile Include="source\animctrl.cpp">
      <Filter>Source Files</Filter>
    </ClCompile>
    <ClCompile Include="source\appdict.cpp">
      <Filter>Source Files</Filter>
    </ClCompile>
    <ClCompile Include="source\applicat.cpp">
      <Filter>Source Files</Filter>
    </ClCompile>
    <ClCompile Include="source\bardescr.cpp">
      <Filter>Source Files</Filter>
    </ClCompile>
    <ClCompile Include="source\bitmap.cpp">
      <Filter>Source Files</Filter>
    </ClCompile>
    <ClCompile Include="source\bitmapga.cpp">
      <Filter>Source Files</Filter>
    </ClCompile>
    <ClCompile Include="source\bitset.cpp">
      <Filter>Source Files</Filter>
    </ClCompile>
    <ClCompile Include="source\brush.cpp">
      <Filter>Source Files</Filter>
    </ClCompile>
    <ClCompile Include="source\btntextg.cpp">
      <Filter>Source Files</Filter>
    </ClCompile>
    <ClCompile Include="source\button.cpp">
      <Filter>Source Files</Filter>
    </ClCompile>
    <ClCompile Include="source\buttonga.cpp">
      <Filter>Source Files</Filter>
    </ClCompile>
    <ClCompile Include="source\castable.cpp">
      <Filter>Source Files</Filter>
    </ClCompile>
    <ClCompile Include="source\celarray.cpp">
      <Filter>Source Files</Filter>
    </ClCompile>
    <ClCompile Include="source\checkbox.cpp">
      <Filter>Source Files</Filter>
    </ClCompile>
    <ClCompile Include="source\checklst.cpp">
      <Filter>Source Files</Filter>
    </ClCompile>
    <ClCompile Include="source\checks.cpp">
      <Filter>Source Files</Filter>
    </ClCompile>
    <ClCompile Include="source\chooseco.cpp">
      <Filter>Source Files</Filter>
    </ClCompile>
    <ClCompile Include="source\choosefo.cpp">
      <Filter>Source Files</Filter>
    </ClCompile>
    <ClCompile Include="source\clipboar.cpp">
      <Filter>Source Files</Filter>
    </ClCompile>
    <ClCompile Include="source\clipview.cpp">
      <Filter>Source Files</Filter>
    </ClCompile>
    <ClCompile Include="source\cmdline.cpp">
      <Filter>Source Files</Filter>
    </ClCompile>
    <ClCompile Include="source\colmnhdr.cpp">
      <Filter>Source Files</Filter>
    </ClCompile>
    <ClCompile Include="source\color.cpp">
      <Filter>Source Files</Filter>
    </ClCompile>
    <ClCompile Include="source\combobex.cpp">
      <Filter>Source Files</Filter>
    </ClCompile>
    <ClCompile Include="source\combobox.cpp">
      <Filter>Source Files</Filter>
    </ClCompile>
    <ClCompile Include="source\commctrl.cpp">
      <Filter>Source Files</Filter>
    </ClCompile>
    <ClCompile Include="source\commdial.cpp">
      <Filter>Source Files</Filter>
    </ClCompile>
    <ClCompile Include="source\commview.cpp">
      <Filter>Source Files</Filter>
    </ClCompile>
    <ClCompile Include="source\configfl.cpp">
      <Filter>Source Files</Filter>
    </ClCompile>
    <ClCompile Include="source\control.cpp">
      <Filter>Source Files</Filter>
    </ClCompile>
    <ClCompile Include="source\controlb.cpp">
      <Filter>Source Files</Filter>
    </ClCompile>
    <ClCompile Include="source\controlg.cpp">
      <Filter>Source Files</Filter>
    </ClCompile>
    <ClCompile Include="source\coolbar.cpp">
      <Filter>Source Files</Filter>
    </ClCompile>
    <ClCompile Include="source\createdc.cpp">
      <Filter>Source Files</Filter>
    </ClCompile>
    <ClCompile Include="source\cursor.cpp">
      <Filter>Source Files</Filter>
    </ClCompile>
    <ClCompile Include="source\date.cpp">
      <Filter>Source Files</Filter>
    </ClCompile>
    <ClCompile Include="source\dateio.cpp">
      <Filter>Source Files</Filter>
    </ClCompile>
    <ClCompile Include="source\datep.cpp">
      <Filter>Source Files</Filter>
    </ClCompile>
    <ClCompile Include="source\datetime.cpp">
      <Filter>Source Files</Filter>
    </ClCompile>
    <ClCompile Include="source\dc.cpp">
      <Filter>Source Files</Filter>
    </ClCompile>
    <ClCompile Include="source\decframe.cpp">
      <Filter>Source Files</Filter>
    </ClCompile>
    <ClCompile Include="source\decmdifr.cpp">
      <Filter>Source Files</Filter>
    </ClCompile>
    <ClCompile Include="source\diaginit.cpp">
      <Filter>Source Files</Filter>
    </ClCompile>
    <ClCompile Include="source\dialog.cpp">
      <Filter>Source Files</Filter>
    </ClCompile>
    <ClCompile Include="source\dib.cpp">
      <Filter>Source Files</Filter>
    </ClCompile>
    <ClCompile Include="source\dibdc.cpp">
      <Filter>Source Files</Filter>
    </ClCompile>
    <ClCompile Include="source\dibitmap.cpp">
      <Filter>Source Files</Filter>
    </ClCompile>
    <ClCompile Include="source\dispatch.cpp">
      <Filter>Source Files</Filter>
    </ClCompile>
    <ClCompile Include="source\docking.cpp">
      <Filter>Source Files</Filter>
    </ClCompile>
    <ClCompile Include="source\docmanag.cpp">
      <Filter>Source Files</Filter>
    </ClCompile>
    <ClCompile Include="source\doctpl.cpp">
      <Filter>Source Files</Filter>
    </ClCompile>
    <ClCompile Include="source\document.cpp">
      <Filter>Source Files</Filter>
    </ClCompile>
    <ClCompile Include="source\draglist.cpp">
      <Filter>Source Files</Filter>
    </ClCompile>
    <ClCompile Include="source\drawitem.cpp">
      <Filter>Source Files</Filter>
    </ClCompile>
    <ClCompile Include="source\dumpstack.cpp">
      <Filter>Source Files</Filter>
    </ClCompile>
    <ClCompile Include="source\edit.cpp">
      <Filter>Source Files</Filter>
    </ClCompile>
    <ClCompile Include="source\editfile.cpp">
      <Filter>Source Files</Filter>
    </ClCompile>
    <ClCompile Include="source\editsear.cpp">
      <Filter>Source Files</Filter>
    </ClCompile>
    <ClCompile Include="source\editview.cpp">
      <Filter>Source Files</Filter>
    </ClCompile>
    <ClCompile Include="source\eventhan.cpp">
      <Filter>Source Files</Filter>
    </ClCompile>
    <ClCompile Include="source\exbase.cpp">
      <Filter>Source Files</Filter>
    </ClCompile>
    <ClCompile Include="source\except.cpp">
      <Filter>Source Files</Filter>
    </ClCompile>
    <ClCompile Include="source\file.cpp">
      <Filter>Source Files</Filter>
    </ClCompile>
    <ClCompile Include="source\filedoc.cpp">
      <Filter>Source Files</Filter>
    </ClCompile>
    <ClCompile Include="source\filename.cpp">
      <Filter>Source Files</Filter>
    </ClCompile>
    <ClCompile Include="source\filtval.cpp">
      <Filter>Source Files</Filter>
    </ClCompile>
    <ClCompile Include="source\findrepl.cpp">
      <Filter>Source Files</Filter>
    </ClCompile>
    <ClCompile Include="source\flatctrl.cpp">
      <Filter>Source Files</Filter>
    </ClCompile>
    <ClCompile Include="source\floatfra.cpp">
      <Filter>Source Files</Filter>
    </ClCompile>
    <ClCompile Include="source\font.cpp">
      <Filter>Source Files</Filter>
    </ClCompile>
    <ClCompile Include="source\framewin.cpp">
      <Filter>Source Files</Filter>
    </ClCompile>
    <ClCompile Include="source\fscroll.cpp">
      <Filter>Source Files</Filter>
    </ClCompile>
    <ClCompile Include="source\functor.cpp">
      <Filter>Source Files</Filter>
    </ClCompile>
    <ClCompile Include="source\gadget.cpp">
      <Filter>Source Files</Filter>
    </ClCompile>
    <ClCompile Include="source\gadgetli.cpp">
      <Filter>Source Files</Filter>
    </ClCompile>
    <ClCompile Include="source\gadgetwi.cpp">
      <Filter>Source Files</Filter>
    </ClCompile>
    <ClCompile Include="source\gauge.cpp">
      <Filter>Source Files</Filter>
    </ClCompile>
    <ClCompile Include="source\gdibase.cpp">
      <Filter>Source Files</Filter>
    </ClCompile>
    <ClCompile Include="source\gdiobjec.cpp">
      <Filter>Source Files</Filter>
    </ClCompile>
    <ClCompile Include="source\geometrp.cpp">
      <Filter>Source Files</Filter>
    </ClCompile>
    <ClCompile Include="source\geometrs.cpp">
      <Filter>Source Files</Filter>
    </ClCompile>
    <ClCompile Include="source\geometry.cpp">
      <Filter>Source Files</Filter>
    </ClCompile>
    <ClCompile Include="source\global.cpp">
      <Filter>Source Files</Filter>
    </ClCompile>
    <ClCompile Include="source\glyphbtn.cpp">
      <Filter>Source Files</Filter>
    </ClCompile>
    <ClCompile Include="source\groupbox.cpp">
      <Filter>Source Files</Filter>
    </ClCompile>
    <ClCompile Include="source\hlpmanag.cpp">
      <Filter>Source Files</Filter>
    </ClCompile>
    <ClCompile Include="source\hotkey.cpp">
      <Filter>Source Files</Filter>
    </ClCompile>
    <ClCompile Include="source\hslider.cpp">
      <Filter>Source Files</Filter>
    </ClCompile>
    <ClCompile Include="source\icon.cpp">
      <Filter>Source Files</Filter>
    </ClCompile>
    <ClCompile Include="source\imagelst.cpp">
      <Filter>Source Files</Filter>
    </ClCompile>
    <ClCompile Include="source\initdll.cpp">
      <Filter>Source Files</Filter>
    </ClCompile>
    <ClCompile Include="source\inputdia.cpp">
      <Filter>Source Files</Filter>
    </ClCompile>
    <ClCompile Include="source\ipaddres.cpp">
      <Filter>Source Files</Filter>
    </ClCompile>
    <ClCompile Include="source\layoutwi.cpp">
      <Filter>Source Files</Filter>
    </ClCompile>
    <ClCompile Include="source\libmain.cpp">
      <Filter>Source Files</Filter>
    </ClCompile>
    <ClCompile Include="source\listbox.cpp">
      <Filter>Source Files</Filter>
    </ClCompile>
    <ClCompile Include="source\listboxview.cpp">
      <Filter>Source Files</Filter>
    </ClCompile>
    <ClCompile Include="source\listviewctrl.cpp">
      <Filter>Source Files</Filter>
    </ClCompile>
    <ClCompile Include="source\locale.cpp">
      <Filter>Source Files</Filter>
    </ClCompile>
    <ClCompile Include="source\localeco.cpp">
      <Filter>Source Files</Filter>
    </ClCompile>
    <ClCompile Include="source\localeid.cpp">
      <Filter>Source Files</Filter>
    </ClCompile>
    <ClCompile Include="source\lookval.cpp">
      <Filter>Source Files</Filter>
    </ClCompile>
    <ClCompile Include="source\mailer.cpp">
      <Filter>Source Files</Filter>
    </ClCompile>
    <ClCompile Include="source\main.cpp">
      <Filter>Source Files</Filter>
    </ClCompile>
    <ClCompile Include="source\mci.cpp">
      <Filter>Source Files</Filter>
    </ClCompile>
    <ClCompile Include="source\mciwav.cpp">
      <Filter>Source Files</Filter>
    </ClCompile>
    <ClCompile Include="source\mdichild.cpp">
      <Filter>Source Files</Filter>
    </ClCompile>
    <ClCompile Include="source\mdiclien.cpp">
      <Filter>Source Files</Filter>
    </ClCompile>
    <ClCompile Include="source\mdiframe.cpp">
      <Filter>Source Files</Filter>
    </ClCompile>
    <ClCompile Include="source\memcbox.cpp">
      <Filter>Source Files</Filter>
    </ClCompile>
    <ClCompile Include="source\memory.cpp">
      <Filter>Source Files</Filter>
    </ClCompile>
    <ClCompile Include="source\memorydc.cpp">
      <Filter>Source Files</Filter>
    </ClCompile>
    <ClCompile Include="source\menu.cpp">
      <Filter>Source Files</Filter>
    </ClCompile>
    <ClCompile Include="source\menudesc.cpp">
      <Filter>Source Files</Filter>
    </ClCompile>
    <ClCompile Include="source\menugadg.cpp">
      <Filter>Source Files</Filter>
    </ClCompile>
    <ClCompile Include="source\messageb.cpp">
      <Filter>Source Files</Filter>
    </ClCompile>
    <ClCompile Include="source\metafile.cpp">
      <Filter>Source Files</Filter>
    </ClCompile>
    <ClCompile Include="source\metafldc.cpp">
      <Filter>Source Files</Filter>
    </ClCompile>
    <ClCompile Include="source\modegad.cpp">
      <Filter>Source Files</Filter>
    </ClCompile>
    <ClCompile Include="source\module.cpp">
      <Filter>Source Files</Filter>
    </ClCompile>
    <ClCompile Include="source\modversi.cpp">
      <Filter>Source Files</Filter>
    </ClCompile>
    <ClCompile Include="source\monthcal.cpp">
      <Filter>Source Files</Filter>
    </ClCompile>
    <ClCompile Include="source\msgthred.cpp">
      <Filter>Source Files</Filter>
    </ClCompile>
    <ClCompile Include="source\notetab.cpp">
      <Filter>Source Files</Filter>
    </ClCompile>
    <ClCompile Include="source\objstrm.cpp">
      <Filter>Source Files</Filter>
    </ClCompile>
    <ClCompile Include="source\opensave.cpp">
      <Filter>Source Files</Filter>
    </ClCompile>
    <ClCompile Include="source\owl.cpp">
      <Filter>Source Files</Filter>
    </ClCompile>
    <ClCompile Include="source\owlmain.cpp">
      <Filter>Source Files</Filter>
    </ClCompile>
    <ClCompile Include="source\pager.cpp">
      <Filter>Source Files</Filter>
    </ClCompile>
    <ClCompile Include="source\paintdc.cpp">
      <Filter>Source Files</Filter>
    </ClCompile>
    <ClCompile Include="source\palette.cpp">
      <Filter>Source Files</Filter>
    </ClCompile>
    <ClCompile Include="source\panespli.cpp">
      <Filter>Source Files</Filter>
    </ClCompile>
    <ClCompile Include="source\pen.cpp">
      <Filter>Source Files</Filter>
    </ClCompile>
    <ClCompile Include="source\picker.cpp">
      <Filter>Source Files</Filter>
    </ClCompile>
    <ClCompile Include="source\picklist.cpp">
      <Filter>Source Files</Filter>
    </ClCompile>
    <ClCompile Include="source\pictval.cpp">
      <Filter>Source Files</Filter>
    </ClCompile>
    <ClCompile Include="source\pictwind.cpp">
      <Filter>Source Files</Filter>
    </ClCompile>
    <ClCompile Include="source\popupgad.cpp">
      <Filter>Source Files</Filter>
    </ClCompile>
    <ClCompile Include="source\preview.cpp">
      <Filter>Source Files</Filter>
    </ClCompile>
    <ClCompile Include="source\prevwin.cpp">
      <Filter>Source Files</Filter>
    </ClCompile>
    <ClCompile Include="source\printdc.cpp">
      <Filter>Source Files</Filter>
    </ClCompile>
    <ClCompile Include="source\printdia.cpp">
      <Filter>Source Files</Filter>
    </ClCompile>
    <ClCompile Include="source\printer.cpp">
      <Filter>Source Files</Filter>
    </ClCompile>
    <ClCompile Include="source\printout.cpp">
      <Filter>Source Files</Filter>
    </ClCompile>
    <ClCompile Include="source\profile.cpp">
      <Filter>Source Files</Filter>
    </ClCompile>
    <ClCompile Include="source\progressbar.cpp">
      <Filter>Source Files</Filter>
    </ClCompile>
    <ClCompile Include="source\propsht.cpp">
      <Filter>Source Files</Filter>
    </ClCompile>
    <ClCompile Include="source\psview.cpp">
      <Filter>Source Files</Filter>
    </ClCompile>
    <ClCompile Include="source\radiobut.cpp">
      <Filter>Source Files</Filter>
    </ClCompile>
    <ClCompile Include="source\rangeval.cpp">
      <Filter>Source Files</Filter>
    </ClCompile>
    <ClCompile Include="source\rcntfile.cpp">
      <Filter>Source Files</Filter>
    </ClCompile>
    <ClCompile Include="source\regexp.cpp">
      <Filter>Source Files</Filter>
    </ClCompile>
    <ClCompile Include="source\regheap.cpp">
      <Filter>Source Files</Filter>
    </ClCompile>
    <ClCompile Include="source\region.cpp">
      <Filter>Source Files</Filter>
    </ClCompile>
    <ClCompile Include="source\registry.cpp">
      <Filter>Source Files</Filter>
    </ClCompile>
    <ClCompile Include="source\reglink.cpp">
      <Filter>Source Files</Filter>
    </ClCompile>
    <ClCompile Include="source\resource.cpp">
      <Filter>Source Files</Filter>
    </ClCompile>
    <ClCompile Include="source\richedit.cpp">
      <Filter>Source Files</Filter>
    </ClCompile>
    <ClCompile Include="source\richedpr.cpp">
      <Filter>Source Files</Filter>
    </ClCompile>
    <ClCompile Include="source\richedv.cpp">
      <Filter>Source Files</Filter>
    </ClCompile>
    <ClCompile Include="source\rolldial.cpp">
      <Filter>Source Files</Filter>
    </ClCompile>
    <ClCompile Include="source\scrollba.cpp">
      <Filter>Source Files</Filter>
    </ClCompile>
    <ClCompile Include="source\scroller.cpp">
      <Filter>Source Files</Filter>
    </ClCompile>
    <ClCompile Include="source\serialze.cpp">
      <Filter>Source Files</Filter>
    </ClCompile>
    <ClCompile Include="source\shellitm.cpp">
      <Filter>Source Files</Filter>
    </ClCompile>
    <ClCompile Include="source\shelwapi.cpp">
      <Filter>Source Files</Filter>
    </ClCompile>
    <ClCompile Include="source\slider.cpp">
      <Filter>Source Files</Filter>
    </ClCompile>
    <ClCompile Include="source\splashwi.cpp">
      <Filter>Source Files</Filter>
    </ClCompile>
    <ClCompile Include="source\static.cpp">
      <Filter>Source Files</Filter>
    </ClCompile>
    <ClCompile Include="source\statusba.cpp">
      <Filter>Source Files</Filter>
    </ClCompile>
    <ClCompile Include="source\swindow.cpp">
      <Filter>Source Files</Filter>
    </ClCompile>
    <ClCompile Include="source\system.cpp">
      <Filter>Source Files</Filter>
    </ClCompile>
    <ClCompile Include="source\tabbed.cpp">
      <Filter>Source Files</Filter>
    </ClCompile>
    <ClCompile Include="source\tabctrl.cpp">
      <Filter>Source Files</Filter>
    </ClCompile>
    <ClCompile Include="source\textgadg.cpp">
      <Filter>Source Files</Filter>
    </ClCompile>
    <ClCompile Include="source\theme.cpp">
      <Filter>Source Files</Filter>
    </ClCompile>
    <ClCompile Include="source\thread.cpp">
      <Filter>Source Files</Filter>
    </ClCompile>
    <ClCompile Include="source\time.cpp">
      <Filter>Source Files</Filter>
    </ClCompile>
    <ClCompile Include="source\timegadg.cpp">
      <Filter>Source Files</Filter>
    </ClCompile>
    <ClCompile Include="source\timeio.cpp">
      <Filter>Source Files</Filter>
    </ClCompile>
    <ClCompile Include="source\timep.cpp">
      <Filter>Source Files</Filter>
    </ClCompile>
    <ClCompile Include="source\tinycapt.cpp">
      <Filter>Source Files</Filter>
    </ClCompile>
    <ClCompile Include="source\tmplinst.cpp">
      <Filter>Source Files</Filter>
    </ClCompile>
    <ClCompile Include="source\toolbox.cpp">
      <Filter>Source Files</Filter>
    </ClCompile>
    <ClCompile Include="source\tooltip.cpp">
      <Filter>Source Files</Filter>
    </ClCompile>
    <ClCompile Include="source\tracewnd.cpp">
      <Filter>Source Files</Filter>
    </ClCompile>
    <ClCompile Include="source\transfer.cpp">
      <Filter>Source Files</Filter>
    </ClCompile>
    <ClCompile Include="source\transferbuffer.cpp">
      <Filter>Source Files</Filter>
    </ClCompile>
    <ClCompile Include="source\trayicon.cpp">
      <Filter>Source Files</Filter>
    </ClCompile>
    <ClCompile Include="source\treeviewctrl.cpp">
      <Filter>Source Files</Filter>
    </ClCompile>
    <ClCompile Include="source\uiborder.cpp">
      <Filter>Source Files</Filter>
    </ClCompile>
    <ClCompile Include="source\uiface.cpp">
      <Filter>Source Files</Filter>
    </ClCompile>
    <ClCompile Include="source\uihandle.cpp">
      <Filter>Source Files</Filter>
    </ClCompile>
    <ClCompile Include="source\uimetric.cpp">
      <Filter>Source Files</Filter>
    </ClCompile>
    <ClCompile Include="source\uipart.cpp">
      <Filter>Source Files</Filter>
    </ClCompile>
    <ClCompile Include="source\updown.cpp">
      <Filter>Source Files</Filter>
    </ClCompile>
    <ClCompile Include="source\urllink.cpp">
      <Filter>Source Files</Filter>
    </ClCompile>
    <ClCompile Include="source\ustring.cpp">
      <Filter>Source Files</Filter>
    </ClCompile>
    <ClCompile Include="source\validate.cpp">
      <Filter>Source Files</Filter>
    </ClCompile>
    <ClCompile Include="source\version.cpp">
      <Filter>Source Files</Filter>
    </ClCompile>
    <ClCompile Include="source\view.cpp">
      <Filter>Source Files</Filter>
    </ClCompile>
    <ClCompile Include="source\vslider.cpp">
      <Filter>Source Files</Filter>
    </ClCompile>
    <ClCompile Include="source\window.cpp">
      <Filter>Source Files</Filter>
    </ClCompile>
    <ClCompile Include="source\windowdc.cpp">
      <Filter>Source Files</Filter>
    </ClCompile>
    <ClCompile Include="source\winmain.cpp">
      <Filter>Source Files</Filter>
    </ClCompile>
    <ClCompile Include="source\winsock.cpp">
      <Filter>Source Files</Filter>
    </ClCompile>
    <ClCompile Include="source\wskaddr.cpp">
      <Filter>Source Files</Filter>
    </ClCompile>
    <ClCompile Include="source\wskerr.cpp">
      <Filter>Source Files</Filter>
    </ClCompile>
    <ClCompile Include="source\wskhostm.cpp">
      <Filter>Source Files</Filter>
    </ClCompile>
    <ClCompile Include="source\wskservm.cpp">
      <Filter>Source Files</Filter>
    </ClCompile>
    <ClCompile Include="source\wsksock.cpp">
      <Filter>Source Files</Filter>
    </ClCompile>
    <ClCompile Include="source\wsksockd.cpp">
      <Filter>Source Files</Filter>
    </ClCompile>
    <ClCompile Include="source\wsksockm.cpp">
      <Filter>Source Files</Filter>
    </ClCompile>
    <ClCompile Include="source\wsyscls.cpp">
      <Filter>Source Files</Filter>
    </ClCompile>
    <ClCompile Include="source\owlpch.cpp">
      <Filter>Source Files</Filter>
    </ClCompile>
  </ItemGroup>
  <ItemGroup>
    <ClInclude Include="include\owl\gdiplus.h">
      <Filter>Header Files</Filter>
    </ClInclude>
    <ClInclude Include="include\owl\version.h">
      <Filter>Header Files</Filter>
    </ClInclude>
    <ClInclude Include="include\owl\animctrl.h">
      <Filter>Header Files</Filter>
    </ClInclude>
    <ClInclude Include="include\owl\appdict.h">
      <Filter>Header Files</Filter>
    </ClInclude>
    <ClInclude Include="include\owl\applicat.h">
      <Filter>Header Files</Filter>
    </ClInclude>
    <ClInclude Include="include\owl\bardescr.h">
      <Filter>Header Files</Filter>
    </ClInclude>
    <ClInclude Include="include\owl\bitmapga.h">
      <Filter>Header Files</Filter>
    </ClInclude>
    <ClInclude Include="include\owl\bitset.h">
      <Filter>Header Files</Filter>
    </ClInclude>
    <ClInclude Include="include\owl\btntextg.h">
      <Filter>Header Files</Filter>
    </ClInclude>
    <ClInclude Include="include\owl\button.h">
      <Filter>Header Files</Filter>
    </ClInclude>
    <ClInclude Include="include\owl\buttonga.h">
      <Filter>Header Files</Filter>
    </ClInclude>
    <ClInclude Include="include\owl\celarray.h">
      <Filter>Header Files</Filter>
    </ClInclude>
    <ClInclude Include="include\owl\checkbox.h">
      <Filter>Header Files</Filter>
    </ClInclude>
    <ClInclude Include="include\owl\checklst.h">
      <Filter>Header Files</Filter>
    </ClInclude>
    <ClInclude Include="include\owl\chooseco.h">
      <Filter>Header Files</Filter>
    </ClInclude>
    <ClInclude Include="include\owl\choosefo.h">
      <Filter>Header Files</Filter>
    </ClInclude>
    <ClInclude Include="include\owl\clipboar.h">
      <Filter>Header Files</Filter>
    </ClInclude>
    <ClInclude Include="include\owl\clipview.h">
      <Filter>Header Files</Filter>
    </ClInclude>
    <ClInclude Include="include\owl\cmdline.h">
      <Filter>Header Files</Filter>
    </ClInclude>
    <ClInclude Include="include\owl\colmnhdr.h">
      <Filter>Header Files</Filter>
    </ClInclude>
    <ClInclude Include="include\owl\color.h">
      <Filter>Header Files</Filter>
    </ClInclude>
    <ClInclude Include="include\owl\combobex.h">
      <Filter>Header Files</Filter>
    </ClInclude>
    <ClInclude Include="include\owl\combobox.h">
      <Filter>Header Files</Filter>
    </ClInclude>
    <ClInclude Include="include\owl\commctrl.h">
      <Filter>Header Files</Filter>
    </ClInclude>
    <ClInclude Include="include\owl\commdial.h">
      <Filter>Header Files</Filter>
    </ClInclude>
    <ClInclude Include="include\owl\commview.h">
      <Filter>Header Files</Filter>
    </ClInclude>
    <ClInclude Include="include\owl\configfl.h">
      <Filter>Header Files</Filter>
    </ClInclude>
    <ClInclude Include="include\owl\contain.h">
      <Filter>Header Files</Filter>
    </ClInclude>
    <ClInclude Include="include\owl\control.h">
      <Filter>Header Files</Filter>
    </ClInclude>
    <ClInclude Include="include\owl\controlb.h">
      <Filter>Header Files</Filter>
    </ClInclude>
    <ClInclude Include="include\owl\controlg.h">
      <Filter>Header Files</Filter>
    </ClInclude>
    <ClInclude Include="include\owl\coolbar.h">
      <Filter>Header Files</Filter>
    </ClInclude>
    <ClInclude Include="include\owl\date.h">
      <Filter>Header Files</Filter>
    </ClInclude>
    <ClInclude Include="include\owl\datetime.h">
      <Filter>Header Files</Filter>
    </ClInclude>
    <ClInclude Include="include\owl\dc.h">
      <Filter>Header Files</Filter>
    </ClInclude>
    <ClInclude Include="include\owl\decframe.h">
      <Filter>Header Files</Filter>
    </ClInclude>
    <ClInclude Include="include\owl\decmdifr.h">
      <Filter>Header Files</Filter>
    </ClInclude>
    <ClInclude Include="include\owl\defs.h">
      <Filter>Header Files</Filter>
    </ClInclude>
    <ClInclude Include="include\owl\dialog.h">
      <Filter>Header Files</Filter>
    </ClInclude>
    <ClInclude Include="include\owl\dibitmap.h">
      <Filter>Header Files</Filter>
    </ClInclude>
    <ClInclude Include="include\owl\dispatch.h">
      <Filter>Header Files</Filter>
    </ClInclude>
    <ClInclude Include="include\owl\docking.h">
      <Filter>Header Files</Filter>
    </ClInclude>
    <ClInclude Include="include\owl\docmanag.h">
      <Filter>Header Files</Filter>
    </ClInclude>
    <ClInclude Include="include\owl\doctpl.h">
      <Filter>Header Files</Filter>
    </ClInclude>
    <ClInclude Include="include\owl\docview.h">
      <Filter>Header Files</Filter>
    </ClInclude>
    <ClInclude Include="include\owl\doublescroller.h">
      <Filter>Header Files</Filter>
    </ClInclude>
    <ClInclude Include="include\owl\draglist.h">
      <Filter>Header Files</Filter>
    </ClInclude>
    <ClInclude Include="include\owl\drawitem.h">
      <Filter>Header Files</Filter>
    </ClInclude>
    <ClInclude Include="include\owl\edit.h">
      <Filter>Header Files</Filter>
    </ClInclude>
    <ClInclude Include="include\owl\editfile.h">
      <Filter>Header Files</Filter>
    </ClInclude>
    <ClInclude Include="include\owl\editsear.h">
      <Filter>Header Files</Filter>
    </ClInclude>
    <ClInclude Include="include\owl\editview.h">
      <Filter>Header Files</Filter>
    </ClInclude>
    <ClInclude Include="include\owl\eventhan.h">
      <Filter>Header Files</Filter>
    </ClInclude>
    <ClInclude Include="include\owl\exbase.h">
      <Filter>Header Files</Filter>
    </ClInclude>
    <ClInclude Include="include\owl\except.h">
      <Filter>Header Files</Filter>
    </ClInclude>
    <ClInclude Include="include\owl\file.h">
      <Filter>Header Files</Filter>
    </ClInclude>
    <ClInclude Include="include\owl\filedoc.h">
      <Filter>Header Files</Filter>
    </ClInclude>
    <ClInclude Include="include\owl\filename.h">
      <Filter>Header Files</Filter>
    </ClInclude>
    <ClInclude Include="include\owl\findrepl.h">
      <Filter>Header Files</Filter>
    </ClInclude>
    <ClInclude Include="include\owl\fixedpnt.h">
      <Filter>Header Files</Filter>
    </ClInclude>
    <ClInclude Include="include\owl\flatctrl.h">
      <Filter>Header Files</Filter>
    </ClInclude>
    <ClInclude Include="include\owl\floatfra.h">
      <Filter>Header Files</Filter>
    </ClInclude>
    <ClInclude Include="include\owl\framewin.h">
      <Filter>Header Files</Filter>
    </ClInclude>
    <ClInclude Include="include\owl\fscroll.h">
      <Filter>Header Files</Filter>
    </ClInclude>
    <ClInclude Include="include\owl\functor.h">
      <Filter>Header Files</Filter>
    </ClInclude>
    <ClInclude Include="include\owl\gadget.h">
      <Filter>Header Files</Filter>
    </ClInclude>
    <ClInclude Include="include\owl\gadgetwi.h">
      <Filter>Header Files</Filter>
    </ClInclude>
    <ClInclude Include="include\owl\gauge.h">
      <Filter>Header Files</Filter>
    </ClInclude>
    <ClInclude Include="include\owl\gdibase.h">
      <Filter>Header Files</Filter>
    </ClInclude>
    <ClInclude Include="include\owl\gdiobjec.h">
      <Filter>Header Files</Filter>
    </ClInclude>
    <ClInclude Include="include\owl\geometry.h">
      <Filter>Header Files</Filter>
    </ClInclude>
    <ClInclude Include="include\owl\glyphbtn.h">
      <Filter>Header Files</Filter>
    </ClInclude>
    <ClInclude Include="include\owl\groupbox.h">
      <Filter>Header Files</Filter>
    </ClInclude>
    <ClInclude Include="include\owl\hlpmanag.h">
      <Filter>Header Files</Filter>
    </ClInclude>
    <ClInclude Include="include\owl\hotkey.h">
      <Filter>Header Files</Filter>
    </ClInclude>
    <ClInclude Include="include\owl\imagelst.h">
      <Filter>Header Files</Filter>
    </ClInclude>
    <ClInclude Include="include\owl\inputdia.h">
      <Filter>Header Files</Filter>
    </ClInclude>
    <ClInclude Include="include\owl\ipaddres.h">
      <Filter>Header Files</Filter>
    </ClInclude>
    <ClInclude Include="include\owl\layoutco.h">
      <Filter>Header Files</Filter>
    </ClInclude>
    <ClInclude Include="include\owl\layoutwi.h">
      <Filter>Header Files</Filter>
    </ClInclude>
    <ClInclude Include="include\owl\lclstrng.h">
      <Filter>Header Files</Filter>
    </ClInclude>
    <ClInclude Include="include\owl\listbox.h">
      <Filter>Header Files</Filter>
    </ClInclude>
    <ClInclude Include="include\owl\listboxview.h">
      <Filter>Header Files</Filter>
    </ClInclude>
    <ClInclude Include="include\owl\listviewctrl.h">
      <Filter>Header Files</Filter>
    </ClInclude>
    <ClInclude Include="include\owl\mailer.h">
      <Filter>Header Files</Filter>
    </ClInclude>
    <ClInclude Include="include\owl\mci.h">
      <Filter>Header Files</Filter>
    </ClInclude>
    <ClInclude Include="include\owl\mdi.h">
      <Filter>Header Files</Filter>
    </ClInclude>
    <ClInclude Include="include\owl\mdichild.h">
      <Filter>Header Files</Filter>
    </ClInclude>
    <ClInclude Include="include\owl\memcbox.h">
      <Filter>Header Files</Filter>
    </ClInclude>
    <ClInclude Include="include\owl\menu.h">
      <Filter>Header Files</Filter>
    </ClInclude>
    <ClInclude Include="include\owl\menugadg.h">
      <Filter>Header Files</Filter>
    </ClInclude>
    <ClInclude Include="include\owl\messageb.h">
      <Filter>Header Files</Filter>
    </ClInclude>
    <ClInclude Include="include\owl\metafile.h">
      <Filter>Header Files</Filter>
    </ClInclude>
    <ClInclude Include="include\owl\modegad.h">
      <Filter>Header Files</Filter>
    </ClInclude>
    <ClInclude Include="include\owl\module.h">
      <Filter>Header Files</Filter>
    </ClInclude>
    <ClInclude Include="include\owl\monthcal.h">
      <Filter>Header Files</Filter>
    </ClInclude>
    <ClInclude Include="include\owl\msgthred.h">
      <Filter>Header Files</Filter>
    </ClInclude>
    <ClInclude Include="include\owl\notetab.h">
      <Filter>Header Files</Filter>
    </ClInclude>
    <ClInclude Include="include\owl\objstrm.h">
      <Filter>Header Files</Filter>
    </ClInclude>
    <ClInclude Include="include\owl\opensave.h">
      <Filter>Header Files</Filter>
    </ClInclude>
    <ClInclude Include="include\owl\owlall.h">
      <Filter>Header Files</Filter>
    </ClInclude>
    <ClInclude Include="include\owl\owlcore.h">
      <Filter>Header Files</Filter>
    </ClInclude>
    <ClInclude Include="include\owl\owlvcl.h">
      <Filter>Header Files</Filter>
    </ClInclude>
    <ClInclude Include="include\owl\pager.h">
      <Filter>Header Files</Filter>
    </ClInclude>
    <ClInclude Include="include\owl\panespli.h">
      <Filter>Header Files</Filter>
    </ClInclude>
    <ClInclude Include="include\owl\pch.h">
      <Filter>Header Files</Filter>
    </ClInclude>
    <ClInclude Include="include\owl\picker.h">
      <Filter>Header Files</Filter>
    </ClInclude>
    <ClInclude Include="include\owl\picklist.h">
      <Filter>Header Files</Filter>
    </ClInclude>
    <ClInclude Include="include\owl\pictwind.h">
      <Filter>Header Files</Filter>
    </ClInclude>
    <ClInclude Include="include\owl\pointer.h">
      <Filter>Header Files</Filter>
    </ClInclude>
    <ClInclude Include="include\owl\popupgad.h">
      <Filter>Header Files</Filter>
    </ClInclude>
    <ClInclude Include="include\owl\posclass.h">
      <Filter>Header Files</Filter>
    </ClInclude>
    <ClInclude Include="include\owl\preclass.h">
      <Filter>Header Files</Filter>
    </ClInclude>
    <ClInclude Include="include\owl\preview.h">
      <Filter>Header Files</Filter>
    </ClInclude>
    <ClInclude Include="include\owl\prevwin.h">
      <Filter>Header Files</Filter>
    </ClInclude>
    <ClInclude Include="include\owl\printdia.h">
      <Filter>Header Files</Filter>
    </ClInclude>
    <ClInclude Include="include\owl\printer.h">
      <Filter>Header Files</Filter>
    </ClInclude>
    <ClInclude Include="include\owl\profile.h">
      <Filter>Header Files</Filter>
    </ClInclude>
    <ClInclude Include="include\owl\progressbar.h">
      <Filter>Header Files</Filter>
    </ClInclude>
    <ClInclude Include="include\owl\property.h">
      <Filter>Header Files</Filter>
    </ClInclude>
    <ClInclude Include="include\owl\propsht.h">
      <Filter>Header Files</Filter>
    </ClInclude>
    <ClInclude Include="include\owl\psview.h">
      <Filter>Header Files</Filter>
    </ClInclude>
    <ClInclude Include="include\owl\radiobut.h">
      <Filter>Header Files</Filter>
    </ClInclude>
    <ClInclude Include="include\owl\rcntfile.h">
      <Filter>Header Files</Filter>
    </ClInclude>
    <ClInclude Include="include\owl\registry.h">
      <Filter>Header Files</Filter>
    </ClInclude>
    <ClInclude Include="include\owl\resource.h">
      <Filter>Header Files</Filter>
    </ClInclude>
    <ClInclude Include="include\owl\richedit.h">
      <Filter>Header Files</Filter>
    </ClInclude>
    <ClInclude Include="include\owl\richedpr.h">
      <Filter>Header Files</Filter>
    </ClInclude>
    <ClInclude Include="include\owl\richedv.h">
      <Filter>Header Files</Filter>
    </ClInclude>
    <ClInclude Include="include\owl\rolldial.h">
      <Filter>Header Files</Filter>
    </ClInclude>
    <ClInclude Include="include\owl\scrollba.h">
      <Filter>Header Files</Filter>
    </ClInclude>
    <ClInclude Include="include\owl\scroller.h">
      <Filter>Header Files</Filter>
    </ClInclude>
    <ClInclude Include="include\owl\serialze.h">
      <Filter>Header Files</Filter>
    </ClInclude>
    <ClInclude Include="include\owl\shddel.h">
      <Filter>Header Files</Filter>
    </ClInclude>
    <ClInclude Include="include\owl\shellitm.h">
      <Filter>Header Files</Filter>
    </ClInclude>
    <ClInclude Include="include\owl\shelwapi.h">
      <Filter>Header Files</Filter>
    </ClInclude>
    <ClInclude Include="include\owl\signatur.h">
      <Filter>Header Files</Filter>
    </ClInclude>
    <ClInclude Include="include\owl\slider.h">
      <Filter>Header Files</Filter>
    </ClInclude>
    <ClInclude Include="include\owl\splashwi.h">
      <Filter>Header Files</Filter>
    </ClInclude>
    <ClInclude Include="include\owl\splitter.h">
      <Filter>Header Files</Filter>
    </ClInclude>
    <ClInclude Include="include\owl\static.h">
      <Filter>Header Files</Filter>
    </ClInclude>
    <ClInclude Include="include\owl\statusba.h">
      <Filter>Header Files</Filter>
    </ClInclude>
    <ClInclude Include="include\owl\streambl.h">
      <Filter>Header Files</Filter>
    </ClInclude>
    <ClInclude Include="include\owl\string.h">
      <Filter>Header Files</Filter>
    </ClInclude>
    <ClInclude Include="include\owl\system.h">
      <Filter>Header Files</Filter>
    </ClInclude>
    <ClInclude Include="include\owl\tabbed.h">
      <Filter>Header Files</Filter>
    </ClInclude>
    <ClInclude Include="include\owl\tabctrl.h">
      <Filter>Header Files</Filter>
    </ClInclude>
    <ClInclude Include="include\owl\template.h">
      <Filter>Header Files</Filter>
    </ClInclude>
    <ClInclude Include="include\owl\textgadg.h">
      <Filter>Header Files</Filter>
    </ClInclude>
    <ClInclude Include="include\owl\theme.h">
      <Filter>Header Files</Filter>
    </ClInclude>
    <ClInclude Include="include\owl\thread.h">
      <Filter>Header Files</Filter>
    </ClInclude>
    <ClInclude Include="include\owl\time.h">
      <Filter>Header Files</Filter>
    </ClInclude>
    <ClInclude Include="include\owl\timegadg.h">
      <Filter>Header Files</Filter>
    </ClInclude>
    <ClInclude Include="include\owl\tinycapt.h">
      <Filter>Header Files</Filter>
    </ClInclude>
    <ClInclude Include="include\owl\toolbox.h">
      <Filter>Header Files</Filter>
    </ClInclude>
    <ClInclude Include="include\owl\tooltip.h">
      <Filter>Header Files</Filter>
    </ClInclude>
    <ClInclude Include="include\owl\tracewnd.h">
      <Filter>Header Files</Filter>
    </ClInclude>
    <ClInclude Include="include\owl\transfer.h">
      <Filter>Header Files</Filter>
    </ClInclude>
    <ClInclude Include="include\owl\transferbuffer.h">
      <Filter>Header Files</Filter>
    </ClInclude>
    <ClInclude Include="include\owl\trayicon.h">
      <Filter>Header Files</Filter>
    </ClInclude>
    <ClInclude Include="include\owl\treeviewctrl.h">
      <Filter>Header Files</Filter>
    </ClInclude>
    <ClInclude Include="include\owl\uihelper.h">
      <Filter>Header Files</Filter>
    </ClInclude>
    <ClInclude Include="include\owl\uimetric.h">
      <Filter>Header Files</Filter>
    </ClInclude>
    <ClInclude Include="include\owl\updown.h">
      <Filter>Header Files</Filter>
    </ClInclude>
    <ClInclude Include="include\owl\urllink.h">
      <Filter>Header Files</Filter>
    </ClInclude>
    <ClInclude Include="include\owl\validate.h">
      <Filter>Header Files</Filter>
    </ClInclude>
    <ClInclude Include="source\version.h">
      <Filter>Header Files</Filter>
    </ClInclude>
    <ClInclude Include="include\owl\window.h">
      <Filter>Header Files</Filter>
    </ClInclude>
    <ClInclude Include="include\owl\windowev.h">
      <Filter>Header Files</Filter>
    </ClInclude>
    <ClInclude Include="include\owl\winsock.h">
      <Filter>Header Files</Filter>
    </ClInclude>
    <ClInclude Include="include\owl\wskaddr.h">
      <Filter>Header Files</Filter>
    </ClInclude>
    <ClInclude Include="include\owl\wskerr.h">
      <Filter>Header Files</Filter>
    </ClInclude>
    <ClInclude Include="include\owl\wskhostm.h">
      <Filter>Header Files</Filter>
    </ClInclude>
    <ClInclude Include="include\owl\wskservm.h">
      <Filter>Header Files</Filter>
    </ClInclude>
    <ClInclude Include="include\owl\wsksock.h">
      <Filter>Header Files</Filter>
    </ClInclude>
    <ClInclude Include="include\owl\wsksockd.h">
      <Filter>Header Files</Filter>
    </ClInclude>
    <ClInclude Include="include\owl\wsksockm.h">
      <Filter>Header Files</Filter>
    </ClInclude>
    <ClInclude Include="include\owl\wsyscls.h">
      <Filter>Header Files</Filter>
    </ClInclude>
    <ClInclude Include="include\owl\wsysinc.h">
      <Filter>Header Files</Filter>
    </ClInclude>
    <ClInclude Include="include\owl\private\borlandc.h">
      <Filter>Header Files</Filter>
    </ClInclude>
    <ClInclude Include="include\owl\private\bwcc.h">
      <Filter>Header Files</Filter>
    </ClInclude>
    <ClInclude Include="include\owl\private\checks.h">
      <Filter>Header Files</Filter>
    </ClInclude>
    <ClInclude Include="include\owl\private\cygwin.h">
      <Filter>Header Files</Filter>
    </ClInclude>
    <ClInclude Include="include\owl\private\defs.h">
      <Filter>Header Files</Filter>
    </ClInclude>
    <ClInclude Include="include\owl\private\dir.h">
      <Filter>Header Files</Filter>
    </ClInclude>
    <ClInclude Include="include\owl\private\dumpstack.h">
      <Filter>Header Files</Filter>
    </ClInclude>
    <ClInclude Include="include\owl\private\except.h">
      <Filter>Header Files</Filter>
    </ClInclude>
    <ClInclude Include="include\owl\private\forte.h">
      <Filter>Header Files</Filter>
    </ClInclude>
    <ClInclude Include="include\owl\private\gmodule.h">
      <Filter>Header Files</Filter>
    </ClInclude>
    <ClInclude Include="include\owl\private\gnuc.h">
      <Filter>Header Files</Filter>
    </ClInclude>
    <ClInclude Include="include\owl\private\memory.h">
      <Filter>Header Files</Filter>
    </ClInclude>
    <ClInclude Include="include\owl\private\mingw32.h">
      <Filter>Header Files</Filter>
    </ClInclude>
    <ClInclude Include="include\owl\private\msc.h">
      <Filter>Header Files</Filter>
    </ClInclude>
    <ClInclude Include="include\owl\private\number.h">
      <Filter>Header Files</Filter>
    </ClInclude>
    <ClInclude Include="include\owl\private\ole2inc.h">
      <Filter>Header Files</Filter>
    </ClInclude>
    <ClInclude Include="include\owl\private\owllink.h">
      <Filter>Header Files</Filter>
    </ClInclude>
    <ClInclude Include="include\owl\private\regexp.h">
      <Filter>Header Files</Filter>
    </ClInclude>
    <ClInclude Include="include\owl\private\strmdefs.h">
      <Filter>Header Files</Filter>
    </ClInclude>
    <ClInclude Include="include\owl\private\watcom.h">
      <Filter>Header Files</Filter>
    </ClInclude>
    <ClInclude Include="include\owl\private\winelib.h">
      <Filter>Header Files</Filter>
    </ClInclude>
    <ClInclude Include="include\owl\private\wsysinc.h">
      <Filter>Header Files</Filter>
    </ClInclude>
  </ItemGroup>
  <ItemGroup>
    <None Include="include\owl\res\appldocv.ico">
      <Filter>Resource Files\Icons</Filter>
    </None>
    <None Include="include\owl\res\applmdi.ico">
      <Filter>Resource Files\Icons</Filter>
    </None>
    <None Include="include\owl\res\applsdi.ico">
      <Filter>Resource Files\Icons</Filter>
    </None>
    <None Include="include\owl\res\borabout.bmp">
      <Filter>Resource Files\Bitmaps</Filter>
    </None>
    <None Include="include\owl\res\btn_appl.bmp">
      <Filter>Resource Files\Bitmaps</Filter>
    </None>
    <None Include="include\owl\res\btn_brws.bmp">
      <Filter>Resource Files\Bitmaps</Filter>
    </None>
    <None Include="include\owl\res\btn_canc.bmp">
      <Filter>Resource Files\Bitmaps</Filter>
    </None>
    <None Include="include\owl\res\btn_edit.bmp">
      <Filter>Resource Files\Bitmaps</Filter>
    </None>
    <None Include="include\owl\res\btn_hlp.bmp">
      <Filter>Resource Files\Bitmaps</Filter>
    </None>
    <None Include="include\owl\res\btn_key.bmp">
      <Filter>Resource Files\Bitmaps</Filter>
    </None>
    <None Include="include\owl\res\btn_min.bmp">
      <Filter>Resource Files\Bitmaps</Filter>
    </None>
    <None Include="include\owl\res\btn_no.bmp">
      <Filter>Resource Files\Bitmaps</Filter>
    </None>
    <None Include="include\owl\res\btn_ok.bmp">
      <Filter>Resource Files\Bitmaps</Filter>
    </None>
    <None Include="include\owl\res\btn_plus.bmp">
      <Filter>Resource Files\Bitmaps</Filter>
    </None>
    <None Include="include\owl\res\btn_rev.bmp">
      <Filter>Resource Files\Bitmaps</Filter>
    </None>
    <None Include="include\owl\res\btn_setp.bmp">
      <Filter>Resource Files\Bitmaps</Filter>
    </None>
    <None Include="include\owl\res\copy.bmp">
      <Filter>Resource Files\Bitmaps</Filter>
    </None>
    <None Include="include\owl\res\cut.bmp">
      <Filter>Resource Files\Bitmaps</Filter>
    </None>
    <None Include="include\owl\res\find.bmp">
      <Filter>Resource Files\Bitmaps</Filter>
    </None>
    <None Include="include\owl\res\findnext.bmp">
      <Filter>Resource Files\Bitmaps</Filter>
    </None>
    <None Include="include\owl\res\font.bmp">
      <Filter>Resource Files\Bitmaps</Filter>
    </None>
    <None Include="include\owl\res\fontbld.bmp">
      <Filter>Resource Files\Bitmaps</Filter>
    </None>
    <None Include="include\owl\res\fontclr.bmp">
      <Filter>Resource Files\Bitmaps</Filter>
    </None>
    <None Include="include\owl\res\fontitl.bmp">
      <Filter>Resource Files\Bitmaps</Filter>
    </None>
    <None Include="include\owl\res\fontund.bmp">
      <Filter>Resource Files\Bitmaps</Filter>
    </None>
    <None Include="include\owl\res\mdichild.ico">
      <Filter>Resource Files\Icons</Filter>
    </None>
    <None Include="include\owl\res\owlappsm.ico">
      <Filter>Resource Files\Icons</Filter>
    </None>
    <None Include="include\owl\res\owlapp.ico">
      <Filter>Resource Files\Icons</Filter>
    </None>
    <None Include="include\owl\res\help.bmp">
      <Filter>Resource Files\Bitmaps</Filter>
    </None>
    <None Include="include\owl\res\helpicon.bmp">
      <Filter>Resource Files\Bitmaps</Filter>
    </None>
    <None Include="include\owl\res\hslider.bmp">
      <Filter>Resource Files\Bitmaps</Filter>
    </None>
    <None Include="include\owl\res\new.bmp">
      <Filter>Resource Files\Bitmaps</Filter>
    </None>
    <None Include="include\owl\res\parcentr.bmp">
      <Filter>Resource Files\Bitmaps</Filter>
    </None>
    <None Include="include\owl\res\parbullt.bmp">
      <Filter>Resource Files\Bitmaps</Filter>
    </None>
    <None Include="include\owl\res\open.bmp">
      <Filter>Resource Files\Bitmaps</Filter>
    </None>
    <None Include="include\owl\res\next.bmp">
      <Filter>Resource Files\Bitmaps</Filter>
    </None>
    <None Include="include\owl\res\parleft.bmp">
      <Filter>Resource Files\Bitmaps</Filter>
    </None>
    <None Include="include\owl\res\parright.bmp">
      <Filter>Resource Files\Bitmaps</Filter>
    </None>
    <None Include="include\owl\res\paste.bmp">
      <Filter>Resource Files\Bitmaps</Filter>
    </None>
    <None Include="include\owl\res\previous.bmp">
      <Filter>Resource Files\Bitmaps</Filter>
    </None>
    <None Include="include\owl\res\preview2.bmp">
      <Filter>Resource Files\Bitmaps</Filter>
    </None>
    <None Include="include\owl\res\preview1.bmp">
      <Filter>Resource Files\Bitmaps</Filter>
    </None>
    <None Include="include\owl\res\preview.bmp">
      <Filter>Resource Files\Bitmaps</Filter>
    </None>
    <None Include="include\owl\res\print.bmp">
      <Filter>Resource Files\Bitmaps</Filter>
    </None>
    <None Include="include\owl\res\prexitj.bmp">
      <Filter>Resource Files\Bitmaps</Filter>
    </None>
    <None Include="include\owl\res\prexit.bmp">
      <Filter>Resource Files\Bitmaps</Filter>
    </None>
    <None Include="include\owl\res\save.bmp">
      <Filter>Resource Files\Bitmaps</Filter>
    </None>
    <None Include="include\owl\res\saveas.bmp">
      <Filter>Resource Files\Bitmaps</Filter>
    </None>
    <None Include="include\owl\res\undo.bmp">
      <Filter>Resource Files\Bitmaps</Filter>
    </None>
    <None Include="include\owl\res\vslider.bmp">
      <Filter>Resource Files\Bitmaps</Filter>
    </None>
    <None Include="include\owl\res\hand.cur">
      <Filter>Resource Files\Cursors</Filter>
    </None>
    <None Include="include\owl\res\help.cur">
      <Filter>Resource Files\Cursors</Filter>
    </None>
    <None Include="include\owl\res\resiz_hv.cur">
      <Filter>Resource Files\Cursors</Filter>
    </None>
    <None Include="include\owl\res\resize_v.cur">
      <Filter>Resource Files\Cursors</Filter>
    </None>
    <None Include="include\owl\res\resize_h.cur">
      <Filter>Resource Files\Cursors</Filter>
    </None>
    <None Include="include\owl\res\sizebarv.cur">
      <Filter>Resource Files\Cursors</Filter>
    </None>
    <None Include="include\owl\res\sizebarh.cur">
      <Filter>Resource Files\Cursors</Filter>
    </None>
    <None Include="include\owl\res\splitv.cur">
      <Filter>Resource Files\Cursors</Filter>
    </None>
    <None Include="include\owl\res\splith.cur">
      <Filter>Resource Files\Cursors</Filter>
    </None>
    <None Include="include\owl\colmnhdr.rh">
      <Filter>Resource Files</Filter>
    </None>
    <None Include="include\owl\docview.rh">
      <Filter>Resource Files</Filter>
    </None>
    <None Include="include\owl\edit.rh">
      <Filter>Resource Files</Filter>
    </None>
    <None Include="include\owl\editfile.rh">
      <Filter>Resource Files</Filter>
    </None>
    <None Include="include\owl\editsear.rh">
      <Filter>Resource Files</Filter>
    </None>
    <None Include="include\owl\editview.rh">
      <Filter>Resource Files</Filter>
    </None>
    <None Include="include\owl\except.rh">
      <Filter>Resource Files</Filter>
    </None>
    <None Include="include\owl\glyphbtn.rh">
      <Filter>Resource Files</Filter>
    </None>
    <None Include="include\owl\hlpmanag.rh">
      <Filter>Resource Files</Filter>
    </None>
    <None Include="include\owl\inputdia.rh">
      <Filter>Resource Files</Filter>
    </None>
    <None Include="include\owl\lclstrng.rh">
      <Filter>Resource Files</Filter>
    </None>
    <None Include="include\owl\listboxview.rh">
      <Filter>Resource Files</Filter>
    </None>
    <None Include="include\owl\mdi.rh">
      <Filter>Resource Files</Filter>
    </None>
    <None Include="include\owl\panespli.rh">
      <Filter>Resource Files</Filter>
    </None>
    <None Include="include\owl\picklist.rh">
      <Filter>Resource Files</Filter>
    </None>
    <None Include="include\owl\prevwin.rh">
      <Filter>Resource Files</Filter>
    </None>
    <None Include="include\owl\printer.rh">
      <Filter>Resource Files</Filter>
    </None>
    <None Include="include\owl\propsht.rh">
      <Filter>Resource Files</Filter>
    </None>
    <None Include="include\owl\rcntfile.rh">
      <Filter>Resource Files</Filter>
    </None>
    <None Include="include\owl\richedv.rh">
      <Filter>Resource Files</Filter>
    </None>
    <None Include="include\owl\slider.rh">
      <Filter>Resource Files</Filter>
    </None>
    <None Include="include\owl\statusba.rh">
      <Filter>Resource Files</Filter>
    </None>
    <None Include="include\owl\urllink.rh">
      <Filter>Resource Files</Filter>
    </None>
    <None Include="include\owl\validate.rh">
      <Filter>Resource Files</Filter>
    </None>
    <None Include="include\owl\window.rh">
      <Filter>Resource Files</Filter>
    </None>
    <None Include="include\owl\winres.rh">
      <Filter>Resource Files</Filter>
    </None>
    <None Include="include\owl\winsock.rh">
      <Filter>Resource Files</Filter>
    </None>
  </ItemGroup>
  <ItemGroup>
    <ResourceCompile Include="include\owl\all.rc">
      <Filter>Source Files</Filter>
    </ResourceCompile>
    <ResourceCompile Include="include\owl\colmnhdr.rc">
      <Filter>Source Files</Filter>
    </ResourceCompile>
    <ResourceCompile Include="include\owl\docview.rc">
      <Filter>Source Files</Filter>
    </ResourceCompile>
    <ResourceCompile Include="include\owl\editfile.rc">
      <Filter>Source Files</Filter>
    </ResourceCompile>
    <ResourceCompile Include="include\owl\editsear.rc">
      <Filter>Source Files</Filter>
    </ResourceCompile>
    <ResourceCompile Include="include\owl\editview.rc">
      <Filter>Source Files</Filter>
    </ResourceCompile>
    <ResourceCompile Include="include\owl\except.rc">
      <Filter>Source Files</Filter>
    </ResourceCompile>
    <ResourceCompile Include="include\owl\glyphbtn.rc">
      <Filter>Source Files</Filter>
    </ResourceCompile>
    <ResourceCompile Include="include\owl\hlpmanag.rc">
      <Filter>Source Files</Filter>
    </ResourceCompile>
    <ResourceCompile Include="include\owl\inputdia.rc">
      <Filter>Source Files</Filter>
    </ResourceCompile>
    <ResourceCompile Include="include\owl\listboxview.rc">
      <Filter>Source Files</Filter>
    </ResourceCompile>
    <ResourceCompile Include="include\owl\mdi.rc">
      <Filter>Source Files</Filter>
    </ResourceCompile>
    <ResourceCompile Include="source\owl.rc">
      <Filter>Source Files</Filter>
    </ResourceCompile>
    <ResourceCompile Include="include\owl\owlapp.rc">
      <Filter>Source Files</Filter>
    </ResourceCompile>
    <ResourceCompile Include="include\owl\panespli.rc">
      <Filter>Source Files</Filter>
    </ResourceCompile>
    <ResourceCompile Include="include\owl\picklist.rc">
      <Filter>Source Files</Filter>
    </ResourceCompile>
    <ResourceCompile Include="include\owl\prevwin.rc">
      <Filter>Source Files</Filter>
    </ResourceCompile>
    <ResourceCompile Include="include\owl\printer.rc">
      <Filter>Source Files</Filter>
    </ResourceCompile>
    <ResourceCompile Include="include\owl\propsht.rc">
      <Filter>Source Files</Filter>
    </ResourceCompile>
    <ResourceCompile Include="include\owl\rcntfile.rc">
      <Filter>Source Files</Filter>
    </ResourceCompile>
    <ResourceCompile Include="include\owl\richedv.rc">
      <Filter>Source Files</Filter>
    </ResourceCompile>
    <ResourceCompile Include="include\owl\slider.rc">
      <Filter>Source Files</Filter>
    </ResourceCompile>
    <ResourceCompile Include="include\owl\statusba.rc">
      <Filter>Source Files</Filter>
    </ResourceCompile>
    <ResourceCompile Include="include\owl\urllink.rc">
      <Filter>Source Files</Filter>
    </ResourceCompile>
    <ResourceCompile Include="include\owl\validate.rc">
      <Filter>Source Files</Filter>
    </ResourceCompile>
    <ResourceCompile Include="source\version.rc">
      <Filter>Source Files</Filter>
    </ResourceCompile>
    <ResourceCompile Include="include\owl\winsock.rc">
      <Filter>Source Files</Filter>
    </ResourceCompile>
  </ItemGroup>
</Project>